// !$*UTF8*$!
{
	archiveVersion = 1;
	classes = {
	};
	objectVersion = 55;
	objects = {

/* Begin PBXBuildFile section */
		DD35E3EC27FBC03300181D20 /* Tests_iOS.swift in Sources */ = {isa = PBXBuildFile; fileRef = DD35E3EB27FBC03300181D20 /* Tests_iOS.swift */; };
		DD35E3EE27FBC03300181D20 /* Tests_iOSLaunchTests.swift in Sources */ = {isa = PBXBuildFile; fileRef = DD35E3ED27FBC03300181D20 /* Tests_iOSLaunchTests.swift */; };
		DD35E3F827FBC03300181D20 /* Tests_macOS.swift in Sources */ = {isa = PBXBuildFile; fileRef = DD35E3F727FBC03300181D20 /* Tests_macOS.swift */; };
		DD35E3FA27FBC03300181D20 /* Tests_macOSLaunchTests.swift in Sources */ = {isa = PBXBuildFile; fileRef = DD35E3F927FBC03300181D20 /* Tests_macOSLaunchTests.swift */; };
		DD35E3FB27FBC03300181D20 /* DigitalMarketApp.swift in Sources */ = {isa = PBXBuildFile; fileRef = DD35E3D327FBC03200181D20 /* DigitalMarketApp.swift */; };
		DD35E3FC27FBC03300181D20 /* DigitalMarketApp.swift in Sources */ = {isa = PBXBuildFile; fileRef = DD35E3D327FBC03200181D20 /* DigitalMarketApp.swift */; };
		DD35E3FD27FBC03300181D20 /* ContentView.swift in Sources */ = {isa = PBXBuildFile; fileRef = DD35E3D427FBC03200181D20 /* ContentView.swift */; };
		DD35E3FE27FBC03300181D20 /* ContentView.swift in Sources */ = {isa = PBXBuildFile; fileRef = DD35E3D427FBC03200181D20 /* ContentView.swift */; };
		DD35E3FF27FBC03300181D20 /* Assets.xcassets in Resources */ = {isa = PBXBuildFile; fileRef = DD35E3D527FBC03300181D20 /* Assets.xcassets */; };
		DD35E40027FBC03300181D20 /* Assets.xcassets in Resources */ = {isa = PBXBuildFile; fileRef = DD35E3D527FBC03300181D20 /* Assets.xcassets */; };
		DD6580C927FD110700AAE685 /* NFT.swift in Sources */ = {isa = PBXBuildFile; fileRef = DD6580C827FD110700AAE685 /* NFT.swift */; };
		DD6580CA27FD110700AAE685 /* NFT.swift in Sources */ = {isa = PBXBuildFile; fileRef = DD6580C827FD110700AAE685 /* NFT.swift */; };
		DD6580CC27FD112F00AAE685 /* Metadata.swift in Sources */ = {isa = PBXBuildFile; fileRef = DD6580CB27FD112F00AAE685 /* Metadata.swift */; };
		DD6580CD27FD112F00AAE685 /* Metadata.swift in Sources */ = {isa = PBXBuildFile; fileRef = DD6580CB27FD112F00AAE685 /* Metadata.swift */; };
		DD6580CF27FD113C00AAE685 /* MetadataAttribute.swift in Sources */ = {isa = PBXBuildFile; fileRef = DD6580CE27FD113C00AAE685 /* MetadataAttribute.swift */; };
		DD6580D027FD113C00AAE685 /* MetadataAttribute.swift in Sources */ = {isa = PBXBuildFile; fileRef = DD6580CE27FD113C00AAE685 /* MetadataAttribute.swift */; };
		DD6580D227FD114700AAE685 /* MintNFTRequest.swift in Sources */ = {isa = PBXBuildFile; fileRef = DD6580D127FD114700AAE685 /* MintNFTRequest.swift */; };
		DD6580D327FD114700AAE685 /* MintNFTRequest.swift in Sources */ = {isa = PBXBuildFile; fileRef = DD6580D127FD114700AAE685 /* MintNFTRequest.swift */; };
		DD6580D527FD115100AAE685 /* Royalties.swift in Sources */ = {isa = PBXBuildFile; fileRef = DD6580D427FD115100AAE685 /* Royalties.swift */; };
		DD6580D627FD115100AAE685 /* Royalties.swift in Sources */ = {isa = PBXBuildFile; fileRef = DD6580D427FD115100AAE685 /* Royalties.swift */; };
		DD6580D827FD115A00AAE685 /* User.swift in Sources */ = {isa = PBXBuildFile; fileRef = DD6580D727FD115A00AAE685 /* User.swift */; };
		DD6580D927FD115A00AAE685 /* User.swift in Sources */ = {isa = PBXBuildFile; fileRef = DD6580D727FD115A00AAE685 /* User.swift */; };
		DD6580DB27FD116000AAE685 /* Wallet.swift in Sources */ = {isa = PBXBuildFile; fileRef = DD6580DA27FD116000AAE685 /* Wallet.swift */; };
		DD6580DC27FD116000AAE685 /* Wallet.swift in Sources */ = {isa = PBXBuildFile; fileRef = DD6580DA27FD116000AAE685 /* Wallet.swift */; };
		DD6580E127FD124D00AAE685 /* Colors.swift in Sources */ = {isa = PBXBuildFile; fileRef = DD6580E027FD124D00AAE685 /* Colors.swift */; };
		DD6580E227FD124D00AAE685 /* Colors.swift in Sources */ = {isa = PBXBuildFile; fileRef = DD6580E027FD124D00AAE685 /* Colors.swift */; };
		DD6580E727FD12B600AAE685 /* PreviewContent.swift in Sources */ = {isa = PBXBuildFile; fileRef = DD6580E627FD12B600AAE685 /* PreviewContent.swift */; };
		DD6580E827FD12B600AAE685 /* PreviewContent.swift in Sources */ = {isa = PBXBuildFile; fileRef = DD6580E627FD12B600AAE685 /* PreviewContent.swift */; };
		DD6580EA27FD12CA00AAE685 /* PreviewAssets.xcassets in Resources */ = {isa = PBXBuildFile; fileRef = DD6580E927FD12CA00AAE685 /* PreviewAssets.xcassets */; };
		DD6580EB27FD12CA00AAE685 /* PreviewAssets.xcassets in Resources */ = {isa = PBXBuildFile; fileRef = DD6580E927FD12CA00AAE685 /* PreviewAssets.xcassets */; };
		DD6580ED27FD132700AAE685 /* ApiClient.swift in Sources */ = {isa = PBXBuildFile; fileRef = DD6580EC27FD132700AAE685 /* ApiClient.swift */; };
		DD6580EE27FD132700AAE685 /* ApiClient.swift in Sources */ = {isa = PBXBuildFile; fileRef = DD6580EC27FD132700AAE685 /* ApiClient.swift */; };
		DD6580F127FD133600AAE685 /* HttpApiClient.swift in Sources */ = {isa = PBXBuildFile; fileRef = DD6580F027FD133600AAE685 /* HttpApiClient.swift */; };
		DD6580F227FD133600AAE685 /* HttpApiClient.swift in Sources */ = {isa = PBXBuildFile; fileRef = DD6580F027FD133600AAE685 /* HttpApiClient.swift */; };
		DD6580F427FD133E00AAE685 /* MockApiClient.swift in Sources */ = {isa = PBXBuildFile; fileRef = DD6580F327FD133E00AAE685 /* MockApiClient.swift */; };
		DD6580F527FD133E00AAE685 /* MockApiClient.swift in Sources */ = {isa = PBXBuildFile; fileRef = DD6580F327FD133E00AAE685 /* MockApiClient.swift */; };
		DD658120280CF28200AAE685 /* TabBar.swift in Sources */ = {isa = PBXBuildFile; fileRef = DD65811F280CF28200AAE685 /* TabBar.swift */; };
		DD658121280CF28200AAE685 /* TabBar.swift in Sources */ = {isa = PBXBuildFile; fileRef = DD65811F280CF28200AAE685 /* TabBar.swift */; };
		DD658132280CF9E000AAE685 /* HomeViewModel.swift in Sources */ = {isa = PBXBuildFile; fileRef = DD658131280CF9E000AAE685 /* HomeViewModel.swift */; };
		DD658133280CF9E000AAE685 /* HomeViewModel.swift in Sources */ = {isa = PBXBuildFile; fileRef = DD658131280CF9E000AAE685 /* HomeViewModel.swift */; };
		DD658135280CF9EF00AAE685 /* SearchViewModel.swift in Sources */ = {isa = PBXBuildFile; fileRef = DD658134280CF9EF00AAE685 /* SearchViewModel.swift */; };
		DD658136280CF9EF00AAE685 /* SearchViewModel.swift in Sources */ = {isa = PBXBuildFile; fileRef = DD658134280CF9EF00AAE685 /* SearchViewModel.swift */; };
		DD658138280CF9FF00AAE685 /* HomeView.swift in Sources */ = {isa = PBXBuildFile; fileRef = DD658137280CF9FF00AAE685 /* HomeView.swift */; };
		DD658139280CF9FF00AAE685 /* HomeView.swift in Sources */ = {isa = PBXBuildFile; fileRef = DD658137280CF9FF00AAE685 /* HomeView.swift */; };
		DD65813B280CFA0C00AAE685 /* SearchView.swift in Sources */ = {isa = PBXBuildFile; fileRef = DD65813A280CFA0C00AAE685 /* SearchView.swift */; };
		DD65813C280CFA0C00AAE685 /* SearchView.swift in Sources */ = {isa = PBXBuildFile; fileRef = DD65813A280CFA0C00AAE685 /* SearchView.swift */; };
		DD65813E280CFA1300AAE685 /* AccountView.swift in Sources */ = {isa = PBXBuildFile; fileRef = DD65813D280CFA1300AAE685 /* AccountView.swift */; };
		DD65813F280CFA1300AAE685 /* AccountView.swift in Sources */ = {isa = PBXBuildFile; fileRef = DD65813D280CFA1300AAE685 /* AccountView.swift */; };
		DD658141280CFA2300AAE685 /* SettingsView.swift in Sources */ = {isa = PBXBuildFile; fileRef = DD658140280CFA2300AAE685 /* SettingsView.swift */; };
		DD658142280CFA2300AAE685 /* SettingsView.swift in Sources */ = {isa = PBXBuildFile; fileRef = DD658140280CFA2300AAE685 /* SettingsView.swift */; };
		DD658144280CFA3100AAE685 /* AccountViewModel.swift in Sources */ = {isa = PBXBuildFile; fileRef = DD658143280CFA3100AAE685 /* AccountViewModel.swift */; };
		DD658145280CFA3100AAE685 /* AccountViewModel.swift in Sources */ = {isa = PBXBuildFile; fileRef = DD658143280CFA3100AAE685 /* AccountViewModel.swift */; };
		DD658147280CFA4000AAE685 /* SettingsViewModel.swift in Sources */ = {isa = PBXBuildFile; fileRef = DD658146280CFA4000AAE685 /* SettingsViewModel.swift */; };
		DD658148280CFA4000AAE685 /* SettingsViewModel.swift in Sources */ = {isa = PBXBuildFile; fileRef = DD658146280CFA4000AAE685 /* SettingsViewModel.swift */; };
		DD65814F2813B2B200AAE685 /* NFTCard.swift in Sources */ = {isa = PBXBuildFile; fileRef = DD65814E2813B2B200AAE685 /* NFTCard.swift */; };
		DD6581502813B2B200AAE685 /* NFTCard.swift in Sources */ = {isa = PBXBuildFile; fileRef = DD65814E2813B2B200AAE685 /* NFTCard.swift */; };
/* End PBXBuildFile section */

/* Begin PBXContainerItemProxy section */
		DD35E3E827FBC03300181D20 /* PBXContainerItemProxy */ = {
			isa = PBXContainerItemProxy;
			containerPortal = DD35E3CE27FBC03200181D20 /* Project object */;
			proxyType = 1;
			remoteGlobalIDString = DD35E3D927FBC03300181D20;
			remoteInfo = "DigitalMarket (iOS)";
		};
		DD35E3F427FBC03300181D20 /* PBXContainerItemProxy */ = {
			isa = PBXContainerItemProxy;
			containerPortal = DD35E3CE27FBC03200181D20 /* Project object */;
			proxyType = 1;
			remoteGlobalIDString = DD35E3DF27FBC03300181D20;
			remoteInfo = "DigitalMarket (macOS)";
		};
/* End PBXContainerItemProxy section */

/* Begin PBXFileReference section */
		DD35E3D327FBC03200181D20 /* DigitalMarketApp.swift */ = {isa = PBXFileReference; lastKnownFileType = sourcecode.swift; path = DigitalMarketApp.swift; sourceTree = "<group>"; };
		DD35E3D427FBC03200181D20 /* ContentView.swift */ = {isa = PBXFileReference; lastKnownFileType = sourcecode.swift; path = ContentView.swift; sourceTree = "<group>"; };
		DD35E3D527FBC03300181D20 /* Assets.xcassets */ = {isa = PBXFileReference; lastKnownFileType = folder.assetcatalog; path = Assets.xcassets; sourceTree = "<group>"; };
		DD35E3DA27FBC03300181D20 /* DigitalMarket.app */ = {isa = PBXFileReference; explicitFileType = wrapper.application; includeInIndex = 0; path = DigitalMarket.app; sourceTree = BUILT_PRODUCTS_DIR; };
		DD35E3E027FBC03300181D20 /* DigitalMarket.app */ = {isa = PBXFileReference; explicitFileType = wrapper.application; includeInIndex = 0; path = DigitalMarket.app; sourceTree = BUILT_PRODUCTS_DIR; };
		DD35E3E227FBC03300181D20 /* macOS.entitlements */ = {isa = PBXFileReference; lastKnownFileType = text.plist.entitlements; path = macOS.entitlements; sourceTree = "<group>"; };
		DD35E3E727FBC03300181D20 /* Tests iOS.xctest */ = {isa = PBXFileReference; explicitFileType = wrapper.cfbundle; includeInIndex = 0; path = "Tests iOS.xctest"; sourceTree = BUILT_PRODUCTS_DIR; };
		DD35E3EB27FBC03300181D20 /* Tests_iOS.swift */ = {isa = PBXFileReference; lastKnownFileType = sourcecode.swift; path = Tests_iOS.swift; sourceTree = "<group>"; };
		DD35E3ED27FBC03300181D20 /* Tests_iOSLaunchTests.swift */ = {isa = PBXFileReference; lastKnownFileType = sourcecode.swift; path = Tests_iOSLaunchTests.swift; sourceTree = "<group>"; };
		DD35E3F327FBC03300181D20 /* Tests macOS.xctest */ = {isa = PBXFileReference; explicitFileType = wrapper.cfbundle; includeInIndex = 0; path = "Tests macOS.xctest"; sourceTree = BUILT_PRODUCTS_DIR; };
		DD35E3F727FBC03300181D20 /* Tests_macOS.swift */ = {isa = PBXFileReference; lastKnownFileType = sourcecode.swift; path = Tests_macOS.swift; sourceTree = "<group>"; };
		DD35E3F927FBC03300181D20 /* Tests_macOSLaunchTests.swift */ = {isa = PBXFileReference; lastKnownFileType = sourcecode.swift; path = Tests_macOSLaunchTests.swift; sourceTree = "<group>"; };
		DD35E42A27FBC16700181D20 /* README.md */ = {isa = PBXFileReference; lastKnownFileType = net.daringfireball.markdown; path = README.md; sourceTree = "<group>"; };
		DD6580C827FD110700AAE685 /* NFT.swift */ = {isa = PBXFileReference; lastKnownFileType = sourcecode.swift; path = NFT.swift; sourceTree = "<group>"; };
		DD6580CB27FD112F00AAE685 /* Metadata.swift */ = {isa = PBXFileReference; lastKnownFileType = sourcecode.swift; path = Metadata.swift; sourceTree = "<group>"; };
		DD6580CE27FD113C00AAE685 /* MetadataAttribute.swift */ = {isa = PBXFileReference; lastKnownFileType = sourcecode.swift; path = MetadataAttribute.swift; sourceTree = "<group>"; };
		DD6580D127FD114700AAE685 /* MintNFTRequest.swift */ = {isa = PBXFileReference; lastKnownFileType = sourcecode.swift; path = MintNFTRequest.swift; sourceTree = "<group>"; };
		DD6580D427FD115100AAE685 /* Royalties.swift */ = {isa = PBXFileReference; lastKnownFileType = sourcecode.swift; path = Royalties.swift; sourceTree = "<group>"; };
		DD6580D727FD115A00AAE685 /* User.swift */ = {isa = PBXFileReference; lastKnownFileType = sourcecode.swift; path = User.swift; sourceTree = "<group>"; };
		DD6580DA27FD116000AAE685 /* Wallet.swift */ = {isa = PBXFileReference; lastKnownFileType = sourcecode.swift; path = Wallet.swift; sourceTree = "<group>"; };
		DD6580E027FD124D00AAE685 /* Colors.swift */ = {isa = PBXFileReference; lastKnownFileType = sourcecode.swift; path = Colors.swift; sourceTree = "<group>"; };
		DD6580E627FD12B600AAE685 /* PreviewContent.swift */ = {isa = PBXFileReference; lastKnownFileType = sourcecode.swift; path = PreviewContent.swift; sourceTree = "<group>"; };
		DD6580E927FD12CA00AAE685 /* PreviewAssets.xcassets */ = {isa = PBXFileReference; lastKnownFileType = folder.assetcatalog; path = PreviewAssets.xcassets; sourceTree = "<group>"; };
		DD6580EC27FD132700AAE685 /* ApiClient.swift */ = {isa = PBXFileReference; lastKnownFileType = sourcecode.swift; path = ApiClient.swift; sourceTree = "<group>"; };
		DD6580F027FD133600AAE685 /* HttpApiClient.swift */ = {isa = PBXFileReference; lastKnownFileType = sourcecode.swift; path = HttpApiClient.swift; sourceTree = "<group>"; };
		DD6580F327FD133E00AAE685 /* MockApiClient.swift */ = {isa = PBXFileReference; lastKnownFileType = sourcecode.swift; path = MockApiClient.swift; sourceTree = "<group>"; };
		DD658107280B60E800AAE685 /* Production.xcconfig */ = {isa = PBXFileReference; lastKnownFileType = text.xcconfig; path = Production.xcconfig; sourceTree = "<group>"; };
		DD658108280B60F400AAE685 /* Development.xcconfig */ = {isa = PBXFileReference; lastKnownFileType = text.xcconfig; path = Development.xcconfig; sourceTree = "<group>"; };
		DD658109280B6F0B00AAE685 /* Base.xcconfig */ = {isa = PBXFileReference; lastKnownFileType = text.xcconfig; path = Base.xcconfig; sourceTree = "<group>"; };
		DD65811F280CF28200AAE685 /* TabBar.swift */ = {isa = PBXFileReference; lastKnownFileType = sourcecode.swift; path = TabBar.swift; sourceTree = "<group>"; };
		DD658131280CF9E000AAE685 /* HomeViewModel.swift */ = {isa = PBXFileReference; lastKnownFileType = sourcecode.swift; path = HomeViewModel.swift; sourceTree = "<group>"; };
		DD658134280CF9EF00AAE685 /* SearchViewModel.swift */ = {isa = PBXFileReference; lastKnownFileType = sourcecode.swift; path = SearchViewModel.swift; sourceTree = "<group>"; };
		DD658137280CF9FF00AAE685 /* HomeView.swift */ = {isa = PBXFileReference; lastKnownFileType = sourcecode.swift; path = HomeView.swift; sourceTree = "<group>"; };
		DD65813A280CFA0C00AAE685 /* SearchView.swift */ = {isa = PBXFileReference; lastKnownFileType = sourcecode.swift; path = SearchView.swift; sourceTree = "<group>"; };
		DD65813D280CFA1300AAE685 /* AccountView.swift */ = {isa = PBXFileReference; lastKnownFileType = sourcecode.swift; path = AccountView.swift; sourceTree = "<group>"; };
		DD658140280CFA2300AAE685 /* SettingsView.swift */ = {isa = PBXFileReference; lastKnownFileType = sourcecode.swift; path = SettingsView.swift; sourceTree = "<group>"; };
		DD658143280CFA3100AAE685 /* AccountViewModel.swift */ = {isa = PBXFileReference; lastKnownFileType = sourcecode.swift; path = AccountViewModel.swift; sourceTree = "<group>"; };
		DD658146280CFA4000AAE685 /* SettingsViewModel.swift */ = {isa = PBXFileReference; lastKnownFileType = sourcecode.swift; path = SettingsViewModel.swift; sourceTree = "<group>"; };
		DD65814E2813B2B200AAE685 /* NFTCard.swift */ = {isa = PBXFileReference; lastKnownFileType = sourcecode.swift; path = NFTCard.swift; sourceTree = "<group>"; };
/* End PBXFileReference section */

/* Begin PBXFrameworksBuildPhase section */
		DD35E3D727FBC03300181D20 /* Frameworks */ = {
			isa = PBXFrameworksBuildPhase;
			buildActionMask = 2147483647;
			files = (
			);
			runOnlyForDeploymentPostprocessing = 0;
		};
		DD35E3DD27FBC03300181D20 /* Frameworks */ = {
			isa = PBXFrameworksBuildPhase;
			buildActionMask = 2147483647;
			files = (
			);
			runOnlyForDeploymentPostprocessing = 0;
		};
		DD35E3E427FBC03300181D20 /* Frameworks */ = {
			isa = PBXFrameworksBuildPhase;
			buildActionMask = 2147483647;
			files = (
			);
			runOnlyForDeploymentPostprocessing = 0;
		};
		DD35E3F027FBC03300181D20 /* Frameworks */ = {
			isa = PBXFrameworksBuildPhase;
			buildActionMask = 2147483647;
			files = (
			);
			runOnlyForDeploymentPostprocessing = 0;
		};
/* End PBXFrameworksBuildPhase section */

/* Begin PBXGroup section */
		DD35E3CD27FBC03200181D20 = {
			isa = PBXGroup;
			children = (
				DD658109280B6F0B00AAE685 /* Base.xcconfig */,
				DD658108280B60F400AAE685 /* Development.xcconfig */,
				DD658107280B60E800AAE685 /* Production.xcconfig */,
				DD35E42A27FBC16700181D20 /* README.md */,
				DD35E3D227FBC03200181D20 /* Shared */,
				DD35E3E127FBC03300181D20 /* macOS */,
				DD35E3EA27FBC03300181D20 /* Tests iOS */,
				DD35E3F627FBC03300181D20 /* Tests macOS */,
				DD35E3DB27FBC03300181D20 /* Products */,
			);
			sourceTree = "<group>";
		};
		DD35E3D227FBC03200181D20 /* Shared */ = {
			isa = PBXGroup;
			children = (
				DD35E3D327FBC03200181D20 /* DigitalMarketApp.swift */,
				DD35E3D527FBC03300181D20 /* Assets.xcassets */,
				DD6580C727FD0F2D00AAE685 /* Models */,
				DD6580DD27FD120200AAE685 /* Views */,
				DDF7CFB227FC02CF007F8A82 /* ViewModels */,
				DD65811B280CEEEF00AAE685 /* Navigation */,
				DD6580DE27FD121F00AAE685 /* Components */,
				DD6580DF27FD123700AAE685 /* Styles */,
				DD6580E327FD126F00AAE685 /* Network */,
				DD6580E427FD128900AAE685 /* Utils */,
				DD6580E527FD12A200AAE685 /* PreviewContent */,
			);
			path = Shared;
			sourceTree = "<group>";
		};
		DD35E3DB27FBC03300181D20 /* Products */ = {
			isa = PBXGroup;
			children = (
				DD35E3DA27FBC03300181D20 /* DigitalMarket.app */,
				DD35E3E027FBC03300181D20 /* DigitalMarket.app */,
				DD35E3E727FBC03300181D20 /* Tests iOS.xctest */,
				DD35E3F327FBC03300181D20 /* Tests macOS.xctest */,
			);
			name = Products;
			sourceTree = "<group>";
		};
		DD35E3E127FBC03300181D20 /* macOS */ = {
			isa = PBXGroup;
			children = (
				DD35E3E227FBC03300181D20 /* macOS.entitlements */,
			);
			path = macOS;
			sourceTree = "<group>";
		};
		DD35E3EA27FBC03300181D20 /* Tests iOS */ = {
			isa = PBXGroup;
			children = (
				DD35E3EB27FBC03300181D20 /* Tests_iOS.swift */,
				DD35E3ED27FBC03300181D20 /* Tests_iOSLaunchTests.swift */,
			);
			path = "Tests iOS";
			sourceTree = "<group>";
		};
		DD35E3F627FBC03300181D20 /* Tests macOS */ = {
			isa = PBXGroup;
			children = (
				DD35E3F727FBC03300181D20 /* Tests_macOS.swift */,
				DD35E3F927FBC03300181D20 /* Tests_macOSLaunchTests.swift */,
			);
			path = "Tests macOS";
			sourceTree = "<group>";
		};
		DD6580C727FD0F2D00AAE685 /* Models */ = {
			isa = PBXGroup;
			children = (
				DD6580C827FD110700AAE685 /* NFT.swift */,
				DD6580CB27FD112F00AAE685 /* Metadata.swift */,
				DD6580CE27FD113C00AAE685 /* MetadataAttribute.swift */,
				DD6580D127FD114700AAE685 /* MintNFTRequest.swift */,
				DD6580D427FD115100AAE685 /* Royalties.swift */,
				DD6580D727FD115A00AAE685 /* User.swift */,
				DD6580DA27FD116000AAE685 /* Wallet.swift */,
			);
			path = Models;
			sourceTree = "<group>";
		};
		DD6580DD27FD120200AAE685 /* Views */ = {
			isa = PBXGroup;
			children = (
				DD658137280CF9FF00AAE685 /* HomeView.swift */,
				DD65813A280CFA0C00AAE685 /* SearchView.swift */,
				DD65813D280CFA1300AAE685 /* AccountView.swift */,
				DD658140280CFA2300AAE685 /* SettingsView.swift */,
			);
			path = Views;
			sourceTree = "<group>";
		};
		DD6580DE27FD121F00AAE685 /* Components */ = {
			isa = PBXGroup;
			children = (
				DD65814E2813B2B200AAE685 /* NFTCard.swift */,
			);
			path = Components;
			sourceTree = "<group>";
		};
		DD6580DF27FD123700AAE685 /* Styles */ = {
			isa = PBXGroup;
			children = (
				DD6580E027FD124D00AAE685 /* Colors.swift */,
			);
			path = Styles;
			sourceTree = "<group>";
		};
		DD6580E327FD126F00AAE685 /* Network */ = {
			isa = PBXGroup;
			children = (
				DD6580EC27FD132700AAE685 /* ApiClient.swift */,
				DD6580EF27FD132C00AAE685 /* Clients */,
			);
			path = Network;
			sourceTree = "<group>";
		};
		DD6580E427FD128900AAE685 /* Utils */ = {
			isa = PBXGroup;
			children = (
			);
			path = Utils;
			sourceTree = "<group>";
		};
		DD6580E527FD12A200AAE685 /* PreviewContent */ = {
			isa = PBXGroup;
			children = (
				DD6580E627FD12B600AAE685 /* PreviewContent.swift */,
				DD6580E927FD12CA00AAE685 /* PreviewAssets.xcassets */,
			);
			path = PreviewContent;
			sourceTree = "<group>";
		};
		DD6580EF27FD132C00AAE685 /* Clients */ = {
			isa = PBXGroup;
			children = (
				DD6580F027FD133600AAE685 /* HttpApiClient.swift */,
				DD6580F327FD133E00AAE685 /* MockApiClient.swift */,
			);
			path = Clients;
			sourceTree = "<group>";
		};
		DD65811B280CEEEF00AAE685 /* Navigation */ = {
			isa = PBXGroup;
			children = (
				DD35E3D427FBC03200181D20 /* ContentView.swift */,
				DD65811F280CF28200AAE685 /* TabBar.swift */,
			);
			path = Navigation;
			sourceTree = "<group>";
		};
		DDF7CFB227FC02CF007F8A82 /* ViewModels */ = {
			isa = PBXGroup;
			children = (
				DD658131280CF9E000AAE685 /* HomeViewModel.swift */,
				DD658134280CF9EF00AAE685 /* SearchViewModel.swift */,
				DD658143280CFA3100AAE685 /* AccountViewModel.swift */,
				DD658146280CFA4000AAE685 /* SettingsViewModel.swift */,
			);
			path = ViewModels;
			sourceTree = "<group>";
		};
/* End PBXGroup section */

/* Begin PBXNativeTarget section */
		DD35E3D927FBC03300181D20 /* DigitalMarket (iOS) */ = {
			isa = PBXNativeTarget;
			buildConfigurationList = DD35E40327FBC03300181D20 /* Build configuration list for PBXNativeTarget "DigitalMarket (iOS)" */;
			buildPhases = (
				DD35E3D627FBC03300181D20 /* Sources */,
				DD35E3D727FBC03300181D20 /* Frameworks */,
				DD35E3D827FBC03300181D20 /* Resources */,
			);
			buildRules = (
			);
			dependencies = (
			);
			name = "DigitalMarket (iOS)";
			productName = "DigitalMarket (iOS)";
			productReference = DD35E3DA27FBC03300181D20 /* DigitalMarket.app */;
			productType = "com.apple.product-type.application";
		};
		DD35E3DF27FBC03300181D20 /* DigitalMarket (macOS) */ = {
			isa = PBXNativeTarget;
			buildConfigurationList = DD35E40627FBC03300181D20 /* Build configuration list for PBXNativeTarget "DigitalMarket (macOS)" */;
			buildPhases = (
				DD35E3DC27FBC03300181D20 /* Sources */,
				DD35E3DD27FBC03300181D20 /* Frameworks */,
				DD35E3DE27FBC03300181D20 /* Resources */,
			);
			buildRules = (
			);
			dependencies = (
			);
			name = "DigitalMarket (macOS)";
			productName = "DigitalMarket (macOS)";
			productReference = DD35E3E027FBC03300181D20 /* DigitalMarket.app */;
			productType = "com.apple.product-type.application";
		};
		DD35E3E627FBC03300181D20 /* Tests iOS */ = {
			isa = PBXNativeTarget;
			buildConfigurationList = DD35E40927FBC03300181D20 /* Build configuration list for PBXNativeTarget "Tests iOS" */;
			buildPhases = (
				DD35E3E327FBC03300181D20 /* Sources */,
				DD35E3E427FBC03300181D20 /* Frameworks */,
				DD35E3E527FBC03300181D20 /* Resources */,
			);
			buildRules = (
			);
			dependencies = (
				DD35E3E927FBC03300181D20 /* PBXTargetDependency */,
			);
			name = "Tests iOS";
			productName = "Tests iOS";
			productReference = DD35E3E727FBC03300181D20 /* Tests iOS.xctest */;
			productType = "com.apple.product-type.bundle.ui-testing";
		};
		DD35E3F227FBC03300181D20 /* Tests macOS */ = {
			isa = PBXNativeTarget;
			buildConfigurationList = DD35E40C27FBC03300181D20 /* Build configuration list for PBXNativeTarget "Tests macOS" */;
			buildPhases = (
				DD35E3EF27FBC03300181D20 /* Sources */,
				DD35E3F027FBC03300181D20 /* Frameworks */,
				DD35E3F127FBC03300181D20 /* Resources */,
			);
			buildRules = (
			);
			dependencies = (
				DD35E3F527FBC03300181D20 /* PBXTargetDependency */,
			);
			name = "Tests macOS";
			productName = "Tests macOS";
			productReference = DD35E3F327FBC03300181D20 /* Tests macOS.xctest */;
			productType = "com.apple.product-type.bundle.ui-testing";
		};
/* End PBXNativeTarget section */

/* Begin PBXProject section */
		DD35E3CE27FBC03200181D20 /* Project object */ = {
			isa = PBXProject;
			attributes = {
				BuildIndependentTargetsInParallel = 1;
				LastSwiftUpdateCheck = 1310;
				LastUpgradeCheck = 1330;
				TargetAttributes = {
					DD35E3D927FBC03300181D20 = {
						CreatedOnToolsVersion = 13.1;
					};
					DD35E3DF27FBC03300181D20 = {
						CreatedOnToolsVersion = 13.1;
					};
					DD35E3E627FBC03300181D20 = {
						CreatedOnToolsVersion = 13.1;
						TestTargetID = DD35E3D927FBC03300181D20;
					};
					DD35E3F227FBC03300181D20 = {
						CreatedOnToolsVersion = 13.1;
						TestTargetID = DD35E3DF27FBC03300181D20;
					};
				};
			};
			buildConfigurationList = DD35E3D127FBC03200181D20 /* Build configuration list for PBXProject "DigitalMarket" */;
			compatibilityVersion = "Xcode 13.0";
			developmentRegion = en;
			hasScannedForEncodings = 0;
			knownRegions = (
				en,
				Base,
			);
			mainGroup = DD35E3CD27FBC03200181D20;
			productRefGroup = DD35E3DB27FBC03300181D20 /* Products */;
			projectDirPath = "";
			projectRoot = "";
			targets = (
				DD35E3D927FBC03300181D20 /* DigitalMarket (iOS) */,
				DD35E3DF27FBC03300181D20 /* DigitalMarket (macOS) */,
				DD35E3E627FBC03300181D20 /* Tests iOS */,
				DD35E3F227FBC03300181D20 /* Tests macOS */,
			);
		};
/* End PBXProject section */

/* Begin PBXResourcesBuildPhase section */
		DD35E3D827FBC03300181D20 /* Resources */ = {
			isa = PBXResourcesBuildPhase;
			buildActionMask = 2147483647;
			files = (
				DD35E3FF27FBC03300181D20 /* Assets.xcassets in Resources */,
				DD6580EA27FD12CA00AAE685 /* PreviewAssets.xcassets in Resources */,
			);
			runOnlyForDeploymentPostprocessing = 0;
		};
		DD35E3DE27FBC03300181D20 /* Resources */ = {
			isa = PBXResourcesBuildPhase;
			buildActionMask = 2147483647;
			files = (
				DD35E40027FBC03300181D20 /* Assets.xcassets in Resources */,
				DD6580EB27FD12CA00AAE685 /* PreviewAssets.xcassets in Resources */,
			);
			runOnlyForDeploymentPostprocessing = 0;
		};
		DD35E3E527FBC03300181D20 /* Resources */ = {
			isa = PBXResourcesBuildPhase;
			buildActionMask = 2147483647;
			files = (
			);
			runOnlyForDeploymentPostprocessing = 0;
		};
		DD35E3F127FBC03300181D20 /* Resources */ = {
			isa = PBXResourcesBuildPhase;
			buildActionMask = 2147483647;
			files = (
			);
			runOnlyForDeploymentPostprocessing = 0;
		};
/* End PBXResourcesBuildPhase section */

/* Begin PBXSourcesBuildPhase section */
		DD35E3D627FBC03300181D20 /* Sources */ = {
			isa = PBXSourcesBuildPhase;
			buildActionMask = 2147483647;
			files = (
				DD6580D227FD114700AAE685 /* MintNFTRequest.swift in Sources */,
				DD658141280CFA2300AAE685 /* SettingsView.swift in Sources */,
				DD65814F2813B2B200AAE685 /* NFTCard.swift in Sources */,
				DD658132280CF9E000AAE685 /* HomeViewModel.swift in Sources */,
				DD6580E127FD124D00AAE685 /* Colors.swift in Sources */,
				DD6580D527FD115100AAE685 /* Royalties.swift in Sources */,
				DD65813E280CFA1300AAE685 /* AccountView.swift in Sources */,
				DD6580E727FD12B600AAE685 /* PreviewContent.swift in Sources */,
				DD35E3FD27FBC03300181D20 /* ContentView.swift in Sources */,
				DD6580CF27FD113C00AAE685 /* MetadataAttribute.swift in Sources */,
				DD6580D827FD115A00AAE685 /* User.swift in Sources */,
				DD658147280CFA4000AAE685 /* SettingsViewModel.swift in Sources */,
				DD658144280CFA3100AAE685 /* AccountViewModel.swift in Sources */,
				DD35E3FB27FBC03300181D20 /* DigitalMarketApp.swift in Sources */,
				DD6580F127FD133600AAE685 /* HttpApiClient.swift in Sources */,
				DD65813B280CFA0C00AAE685 /* SearchView.swift in Sources */,
				DD6580DB27FD116000AAE685 /* Wallet.swift in Sources */,
				DD6580CC27FD112F00AAE685 /* Metadata.swift in Sources */,
				DD658135280CF9EF00AAE685 /* SearchViewModel.swift in Sources */,
				DD658138280CF9FF00AAE685 /* HomeView.swift in Sources */,
				DD6580C927FD110700AAE685 /* NFT.swift in Sources */,
				DD6580ED27FD132700AAE685 /* ApiClient.swift in Sources */,
				DD6580F427FD133E00AAE685 /* MockApiClient.swift in Sources */,
				DD658120280CF28200AAE685 /* TabBar.swift in Sources */,
			);
			runOnlyForDeploymentPostprocessing = 0;
		};
		DD35E3DC27FBC03300181D20 /* Sources */ = {
			isa = PBXSourcesBuildPhase;
			buildActionMask = 2147483647;
			files = (
				DD6580D327FD114700AAE685 /* MintNFTRequest.swift in Sources */,
				DD658142280CFA2300AAE685 /* SettingsView.swift in Sources */,
				DD6581502813B2B200AAE685 /* NFTCard.swift in Sources */,
				DD658133280CF9E000AAE685 /* HomeViewModel.swift in Sources */,
				DD6580E227FD124D00AAE685 /* Colors.swift in Sources */,
				DD6580D627FD115100AAE685 /* Royalties.swift in Sources */,
				DD65813F280CFA1300AAE685 /* AccountView.swift in Sources */,
				DD6580E827FD12B600AAE685 /* PreviewContent.swift in Sources */,
				DD35E3FE27FBC03300181D20 /* ContentView.swift in Sources */,
				DD6580D027FD113C00AAE685 /* MetadataAttribute.swift in Sources */,
				DD6580D927FD115A00AAE685 /* User.swift in Sources */,
				DD658148280CFA4000AAE685 /* SettingsViewModel.swift in Sources */,
				DD658145280CFA3100AAE685 /* AccountViewModel.swift in Sources */,
				DD35E3FC27FBC03300181D20 /* DigitalMarketApp.swift in Sources */,
				DD6580F227FD133600AAE685 /* HttpApiClient.swift in Sources */,
				DD65813C280CFA0C00AAE685 /* SearchView.swift in Sources */,
				DD6580DC27FD116000AAE685 /* Wallet.swift in Sources */,
				DD6580CD27FD112F00AAE685 /* Metadata.swift in Sources */,
				DD658136280CF9EF00AAE685 /* SearchViewModel.swift in Sources */,
				DD658139280CF9FF00AAE685 /* HomeView.swift in Sources */,
				DD6580CA27FD110700AAE685 /* NFT.swift in Sources */,
				DD6580EE27FD132700AAE685 /* ApiClient.swift in Sources */,
				DD6580F527FD133E00AAE685 /* MockApiClient.swift in Sources */,
				DD658121280CF28200AAE685 /* TabBar.swift in Sources */,
			);
			runOnlyForDeploymentPostprocessing = 0;
		};
		DD35E3E327FBC03300181D20 /* Sources */ = {
			isa = PBXSourcesBuildPhase;
			buildActionMask = 2147483647;
			files = (
				DD35E3EE27FBC03300181D20 /* Tests_iOSLaunchTests.swift in Sources */,
				DD35E3EC27FBC03300181D20 /* Tests_iOS.swift in Sources */,
			);
			runOnlyForDeploymentPostprocessing = 0;
		};
		DD35E3EF27FBC03300181D20 /* Sources */ = {
			isa = PBXSourcesBuildPhase;
			buildActionMask = 2147483647;
			files = (
				DD35E3FA27FBC03300181D20 /* Tests_macOSLaunchTests.swift in Sources */,
				DD35E3F827FBC03300181D20 /* Tests_macOS.swift in Sources */,
			);
			runOnlyForDeploymentPostprocessing = 0;
		};
/* End PBXSourcesBuildPhase section */

/* Begin PBXTargetDependency section */
		DD35E3E927FBC03300181D20 /* PBXTargetDependency */ = {
			isa = PBXTargetDependency;
			target = DD35E3D927FBC03300181D20 /* DigitalMarket (iOS) */;
			targetProxy = DD35E3E827FBC03300181D20 /* PBXContainerItemProxy */;
		};
		DD35E3F527FBC03300181D20 /* PBXTargetDependency */ = {
			isa = PBXTargetDependency;
			target = DD35E3DF27FBC03300181D20 /* DigitalMarket (macOS) */;
			targetProxy = DD35E3F427FBC03300181D20 /* PBXContainerItemProxy */;
		};
/* End PBXTargetDependency section */

/* Begin XCBuildConfiguration section */
		DD35E40127FBC03300181D20 /* Debug Development */ = {
			isa = XCBuildConfiguration;
			baseConfigurationReference = DD658109280B6F0B00AAE685 /* Base.xcconfig */;
			buildSettings = {
				ALWAYS_SEARCH_USER_PATHS = NO;
				CLANG_ANALYZER_NONNULL = YES;
				CLANG_ANALYZER_NUMBER_OBJECT_CONVERSION = YES_AGGRESSIVE;
				CLANG_CXX_LANGUAGE_STANDARD = "gnu++17";
				CLANG_CXX_LIBRARY = "libc++";
				CLANG_ENABLE_MODULES = YES;
				CLANG_ENABLE_OBJC_ARC = YES;
				CLANG_ENABLE_OBJC_WEAK = YES;
				CLANG_WARN_BLOCK_CAPTURE_AUTORELEASING = YES;
				CLANG_WARN_BOOL_CONVERSION = YES;
				CLANG_WARN_COMMA = YES;
				CLANG_WARN_CONSTANT_CONVERSION = YES;
				CLANG_WARN_DEPRECATED_OBJC_IMPLEMENTATIONS = YES;
				CLANG_WARN_DIRECT_OBJC_ISA_USAGE = YES_ERROR;
				CLANG_WARN_DOCUMENTATION_COMMENTS = YES;
				CLANG_WARN_EMPTY_BODY = YES;
				CLANG_WARN_ENUM_CONVERSION = YES;
				CLANG_WARN_INFINITE_RECURSION = YES;
				CLANG_WARN_INT_CONVERSION = YES;
				CLANG_WARN_NON_LITERAL_NULL_CONVERSION = YES;
				CLANG_WARN_OBJC_IMPLICIT_RETAIN_SELF = YES;
				CLANG_WARN_OBJC_LITERAL_CONVERSION = YES;
				CLANG_WARN_OBJC_ROOT_CLASS = YES_ERROR;
				CLANG_WARN_QUOTED_INCLUDE_IN_FRAMEWORK_HEADER = YES;
				CLANG_WARN_RANGE_LOOP_ANALYSIS = YES;
				CLANG_WARN_STRICT_PROTOTYPES = YES;
				CLANG_WARN_SUSPICIOUS_MOVE = YES;
				CLANG_WARN_UNGUARDED_AVAILABILITY = YES_AGGRESSIVE;
				CLANG_WARN_UNREACHABLE_CODE = YES;
				CLANG_WARN__DUPLICATE_METHOD_MATCH = YES;
				COPY_PHASE_STRIP = NO;
				DEBUG_INFORMATION_FORMAT = dwarf;
				ENABLE_STRICT_OBJC_MSGSEND = YES;
				ENABLE_TESTABILITY = YES;
				GCC_C_LANGUAGE_STANDARD = gnu11;
				GCC_DYNAMIC_NO_PIC = NO;
				GCC_NO_COMMON_BLOCKS = YES;
				GCC_OPTIMIZATION_LEVEL = 0;
				GCC_PREPROCESSOR_DEFINITIONS = (
					"DEBUG=1",
					"$(inherited)",
				);
				GCC_WARN_64_TO_32_BIT_CONVERSION = YES;
				GCC_WARN_ABOUT_RETURN_TYPE = YES_ERROR;
				GCC_WARN_UNDECLARED_SELECTOR = YES;
				GCC_WARN_UNINITIALIZED_AUTOS = YES_AGGRESSIVE;
				GCC_WARN_UNUSED_FUNCTION = YES;
				GCC_WARN_UNUSED_VARIABLE = YES;
				MTL_ENABLE_DEBUG_INFO = INCLUDE_SOURCE;
				MTL_FAST_MATH = YES;
				ONLY_ACTIVE_ARCH = YES;
				SWIFT_ACTIVE_COMPILATION_CONDITIONS = DEBUG;
				SWIFT_OPTIMIZATION_LEVEL = "-Onone";
			};
			name = "Debug Development";
		};
		DD35E40227FBC03300181D20 /* Release Development */ = {
			isa = XCBuildConfiguration;
			baseConfigurationReference = DD658109280B6F0B00AAE685 /* Base.xcconfig */;
			buildSettings = {
				ALWAYS_SEARCH_USER_PATHS = NO;
				CLANG_ANALYZER_NONNULL = YES;
				CLANG_ANALYZER_NUMBER_OBJECT_CONVERSION = YES_AGGRESSIVE;
				CLANG_CXX_LANGUAGE_STANDARD = "gnu++17";
				CLANG_CXX_LIBRARY = "libc++";
				CLANG_ENABLE_MODULES = YES;
				CLANG_ENABLE_OBJC_ARC = YES;
				CLANG_ENABLE_OBJC_WEAK = YES;
				CLANG_WARN_BLOCK_CAPTURE_AUTORELEASING = YES;
				CLANG_WARN_BOOL_CONVERSION = YES;
				CLANG_WARN_COMMA = YES;
				CLANG_WARN_CONSTANT_CONVERSION = YES;
				CLANG_WARN_DEPRECATED_OBJC_IMPLEMENTATIONS = YES;
				CLANG_WARN_DIRECT_OBJC_ISA_USAGE = YES_ERROR;
				CLANG_WARN_DOCUMENTATION_COMMENTS = YES;
				CLANG_WARN_EMPTY_BODY = YES;
				CLANG_WARN_ENUM_CONVERSION = YES;
				CLANG_WARN_INFINITE_RECURSION = YES;
				CLANG_WARN_INT_CONVERSION = YES;
				CLANG_WARN_NON_LITERAL_NULL_CONVERSION = YES;
				CLANG_WARN_OBJC_IMPLICIT_RETAIN_SELF = YES;
				CLANG_WARN_OBJC_LITERAL_CONVERSION = YES;
				CLANG_WARN_OBJC_ROOT_CLASS = YES_ERROR;
				CLANG_WARN_QUOTED_INCLUDE_IN_FRAMEWORK_HEADER = YES;
				CLANG_WARN_RANGE_LOOP_ANALYSIS = YES;
				CLANG_WARN_STRICT_PROTOTYPES = YES;
				CLANG_WARN_SUSPICIOUS_MOVE = YES;
				CLANG_WARN_UNGUARDED_AVAILABILITY = YES_AGGRESSIVE;
				CLANG_WARN_UNREACHABLE_CODE = YES;
				CLANG_WARN__DUPLICATE_METHOD_MATCH = YES;
				COPY_PHASE_STRIP = NO;
				DEBUG_INFORMATION_FORMAT = "dwarf-with-dsym";
				ENABLE_NS_ASSERTIONS = NO;
				ENABLE_STRICT_OBJC_MSGSEND = YES;
				GCC_C_LANGUAGE_STANDARD = gnu11;
				GCC_NO_COMMON_BLOCKS = YES;
				GCC_WARN_64_TO_32_BIT_CONVERSION = YES;
				GCC_WARN_ABOUT_RETURN_TYPE = YES_ERROR;
				GCC_WARN_UNDECLARED_SELECTOR = YES;
				GCC_WARN_UNINITIALIZED_AUTOS = YES_AGGRESSIVE;
				GCC_WARN_UNUSED_FUNCTION = YES;
				GCC_WARN_UNUSED_VARIABLE = YES;
				MTL_ENABLE_DEBUG_INFO = NO;
				MTL_FAST_MATH = YES;
				SWIFT_COMPILATION_MODE = wholemodule;
				SWIFT_OPTIMIZATION_LEVEL = "-O";
			};
			name = "Release Development";
		};
		DD35E40427FBC03300181D20 /* Debug Development */ = {
			isa = XCBuildConfiguration;
			baseConfigurationReference = DD658108280B60F400AAE685 /* Development.xcconfig */;
			buildSettings = {
				ASSETCATALOG_COMPILER_APPICON_NAME = AppIcon;
				ASSETCATALOG_COMPILER_GLOBAL_ACCENT_COLOR_NAME = AccentColor;
				CODE_SIGN_STYLE = Automatic;
				CURRENT_PROJECT_VERSION = 1;
				DEVELOPMENT_TEAM = WU2A259UNF;
				ENABLE_PREVIEWS = YES;
				GENERATE_INFOPLIST_FILE = YES;
				INFOPLIST_KEY_UIApplicationSceneManifest_Generation = YES;
				INFOPLIST_KEY_UIApplicationSupportsIndirectInputEvents = YES;
				INFOPLIST_KEY_UILaunchScreen_Generation = YES;
				INFOPLIST_KEY_UISupportedInterfaceOrientations_iPad = "UIInterfaceOrientationPortrait UIInterfaceOrientationPortraitUpsideDown UIInterfaceOrientationLandscapeLeft UIInterfaceOrientationLandscapeRight";
				INFOPLIST_KEY_UISupportedInterfaceOrientations_iPhone = "UIInterfaceOrientationPortrait UIInterfaceOrientationLandscapeLeft UIInterfaceOrientationLandscapeRight";
				IPHONEOS_DEPLOYMENT_TARGET = 15.0;
				LD_RUNPATH_SEARCH_PATHS = (
					"$(inherited)",
					"@executable_path/Frameworks",
				);
				MARKETING_VERSION = 1.0;
				PRODUCT_BUNDLE_IDENTIFIER = com.zoe.dam.debug.dev;
				PRODUCT_NAME = DigitalMarket;
				SDKROOT = iphoneos;
				SWIFT_EMIT_LOC_STRINGS = YES;
				SWIFT_VERSION = 5.0;
				TARGETED_DEVICE_FAMILY = "1,2";
			};
			name = "Debug Development";
		};
		DD35E40527FBC03300181D20 /* Release Development */ = {
			isa = XCBuildConfiguration;
			baseConfigurationReference = DD658108280B60F400AAE685 /* Development.xcconfig */;
			buildSettings = {
				ASSETCATALOG_COMPILER_APPICON_NAME = AppIcon;
				ASSETCATALOG_COMPILER_GLOBAL_ACCENT_COLOR_NAME = AccentColor;
				CODE_SIGN_STYLE = Automatic;
				CURRENT_PROJECT_VERSION = 1;
				DEVELOPMENT_TEAM = WU2A259UNF;
				ENABLE_PREVIEWS = YES;
				GENERATE_INFOPLIST_FILE = YES;
				INFOPLIST_KEY_UIApplicationSceneManifest_Generation = YES;
				INFOPLIST_KEY_UIApplicationSupportsIndirectInputEvents = YES;
				INFOPLIST_KEY_UILaunchScreen_Generation = YES;
				INFOPLIST_KEY_UISupportedInterfaceOrientations_iPad = "UIInterfaceOrientationPortrait UIInterfaceOrientationPortraitUpsideDown UIInterfaceOrientationLandscapeLeft UIInterfaceOrientationLandscapeRight";
				INFOPLIST_KEY_UISupportedInterfaceOrientations_iPhone = "UIInterfaceOrientationPortrait UIInterfaceOrientationLandscapeLeft UIInterfaceOrientationLandscapeRight";
				IPHONEOS_DEPLOYMENT_TARGET = 15.0;
				LD_RUNPATH_SEARCH_PATHS = (
					"$(inherited)",
					"@executable_path/Frameworks",
				);
				MARKETING_VERSION = 1.0;
				PRODUCT_BUNDLE_IDENTIFIER = com.zoe.dam.release.dev;
				PRODUCT_NAME = DigitalMarket;
				SDKROOT = iphoneos;
				SWIFT_EMIT_LOC_STRINGS = YES;
				SWIFT_VERSION = 5.0;
				TARGETED_DEVICE_FAMILY = "1,2";
				VALIDATE_PRODUCT = YES;
			};
			name = "Release Development";
		};
		DD35E40727FBC03300181D20 /* Debug Development */ = {
			isa = XCBuildConfiguration;
			baseConfigurationReference = DD658108280B60F400AAE685 /* Development.xcconfig */;
			buildSettings = {
				ASSETCATALOG_COMPILER_APPICON_NAME = AppIcon;
				ASSETCATALOG_COMPILER_GLOBAL_ACCENT_COLOR_NAME = AccentColor;
				CODE_SIGN_ENTITLEMENTS = macOS/macOS.entitlements;
				CODE_SIGN_IDENTITY = "-";
				CODE_SIGN_STYLE = Automatic;
				COMBINE_HIDPI_IMAGES = YES;
				CURRENT_PROJECT_VERSION = 1;
				DEVELOPMENT_TEAM = WU2A259UNF;
				ENABLE_HARDENED_RUNTIME = YES;
				ENABLE_PREVIEWS = YES;
				GENERATE_INFOPLIST_FILE = YES;
				INFOPLIST_KEY_NSHumanReadableCopyright = "";
				LD_RUNPATH_SEARCH_PATHS = (
					"$(inherited)",
					"@executable_path/../Frameworks",
				);
				MACOSX_DEPLOYMENT_TARGET = 12.0;
				MARKETING_VERSION = 1.0;
				PRODUCT_BUNDLE_IDENTIFIER = com.zoe.DigitalMarket;
				PRODUCT_NAME = DigitalMarket;
				SDKROOT = macosx;
				SWIFT_EMIT_LOC_STRINGS = YES;
				SWIFT_VERSION = 5.0;
			};
			name = "Debug Development";
		};
		DD35E40827FBC03300181D20 /* Release Development */ = {
			isa = XCBuildConfiguration;
			baseConfigurationReference = DD658108280B60F400AAE685 /* Development.xcconfig */;
			buildSettings = {
				ASSETCATALOG_COMPILER_APPICON_NAME = AppIcon;
				ASSETCATALOG_COMPILER_GLOBAL_ACCENT_COLOR_NAME = AccentColor;
				CODE_SIGN_ENTITLEMENTS = macOS/macOS.entitlements;
				CODE_SIGN_IDENTITY = "-";
				CODE_SIGN_STYLE = Automatic;
				COMBINE_HIDPI_IMAGES = YES;
				CURRENT_PROJECT_VERSION = 1;
				DEVELOPMENT_TEAM = WU2A259UNF;
				ENABLE_HARDENED_RUNTIME = YES;
				ENABLE_PREVIEWS = YES;
				GENERATE_INFOPLIST_FILE = YES;
				INFOPLIST_KEY_NSHumanReadableCopyright = "";
				LD_RUNPATH_SEARCH_PATHS = (
					"$(inherited)",
					"@executable_path/../Frameworks",
				);
				MACOSX_DEPLOYMENT_TARGET = 12.0;
				MARKETING_VERSION = 1.0;
				PRODUCT_BUNDLE_IDENTIFIER = com.zoe.DigitalMarket;
				PRODUCT_NAME = DigitalMarket;
				SDKROOT = macosx;
				SWIFT_EMIT_LOC_STRINGS = YES;
				SWIFT_VERSION = 5.0;
			};
			name = "Release Development";
		};
		DD35E40A27FBC03300181D20 /* Debug Development */ = {
			isa = XCBuildConfiguration;
			buildSettings = {
				ALWAYS_EMBED_SWIFT_STANDARD_LIBRARIES = YES;
				CODE_SIGN_STYLE = Automatic;
				CURRENT_PROJECT_VERSION = 1;
				DEVELOPMENT_TEAM = WU2A259UNF;
				GENERATE_INFOPLIST_FILE = YES;
				IPHONEOS_DEPLOYMENT_TARGET = 15.0;
				LD_RUNPATH_SEARCH_PATHS = (
					"$(inherited)",
					"@executable_path/Frameworks",
					"@loader_path/Frameworks",
				);
				MARKETING_VERSION = 1.0;
				PRODUCT_BUNDLE_IDENTIFIER = "com.zoe.Tests-iOS";
				PRODUCT_NAME = "$(TARGET_NAME)";
				SDKROOT = iphoneos;
				SWIFT_EMIT_LOC_STRINGS = NO;
				SWIFT_VERSION = 5.0;
				TARGETED_DEVICE_FAMILY = "1,2";
				TEST_TARGET_NAME = "DigitalMarket (iOS)";
			};
			name = "Debug Development";
		};
		DD35E40B27FBC03300181D20 /* Release Development */ = {
			isa = XCBuildConfiguration;
			buildSettings = {
				ALWAYS_EMBED_SWIFT_STANDARD_LIBRARIES = YES;
				CODE_SIGN_STYLE = Automatic;
				CURRENT_PROJECT_VERSION = 1;
				DEVELOPMENT_TEAM = WU2A259UNF;
				GENERATE_INFOPLIST_FILE = YES;
				IPHONEOS_DEPLOYMENT_TARGET = 15.0;
				LD_RUNPATH_SEARCH_PATHS = (
					"$(inherited)",
					"@executable_path/Frameworks",
					"@loader_path/Frameworks",
				);
				MARKETING_VERSION = 1.0;
				PRODUCT_BUNDLE_IDENTIFIER = "com.zoe.Tests-iOS";
				PRODUCT_NAME = "$(TARGET_NAME)";
				SDKROOT = iphoneos;
				SWIFT_EMIT_LOC_STRINGS = NO;
				SWIFT_VERSION = 5.0;
				TARGETED_DEVICE_FAMILY = "1,2";
				TEST_TARGET_NAME = "DigitalMarket (iOS)";
				VALIDATE_PRODUCT = YES;
			};
			name = "Release Development";
		};
		DD35E40D27FBC03300181D20 /* Debug Development */ = {
			isa = XCBuildConfiguration;
			buildSettings = {
				ALWAYS_EMBED_SWIFT_STANDARD_LIBRARIES = YES;
				CODE_SIGN_STYLE = Automatic;
				COMBINE_HIDPI_IMAGES = YES;
				CURRENT_PROJECT_VERSION = 1;
				DEVELOPMENT_TEAM = WU2A259UNF;
				GENERATE_INFOPLIST_FILE = YES;
				LD_RUNPATH_SEARCH_PATHS = (
					"$(inherited)",
					"@executable_path/../Frameworks",
					"@loader_path/../Frameworks",
				);
				MACOSX_DEPLOYMENT_TARGET = 12.0;
				MARKETING_VERSION = 1.0;
				PRODUCT_BUNDLE_IDENTIFIER = "com.zoe.Tests-macOS";
				PRODUCT_NAME = "$(TARGET_NAME)";
				SDKROOT = macosx;
				SWIFT_EMIT_LOC_STRINGS = NO;
				SWIFT_VERSION = 5.0;
				TEST_TARGET_NAME = "DigitalMarket (macOS)";
			};
			name = "Debug Development";
		};
		DD35E40E27FBC03300181D20 /* Release Development */ = {
			isa = XCBuildConfiguration;
			buildSettings = {
				ALWAYS_EMBED_SWIFT_STANDARD_LIBRARIES = YES;
				CODE_SIGN_STYLE = Automatic;
				COMBINE_HIDPI_IMAGES = YES;
				CURRENT_PROJECT_VERSION = 1;
				DEVELOPMENT_TEAM = WU2A259UNF;
				GENERATE_INFOPLIST_FILE = YES;
				LD_RUNPATH_SEARCH_PATHS = (
					"$(inherited)",
					"@executable_path/../Frameworks",
					"@loader_path/../Frameworks",
				);
				MACOSX_DEPLOYMENT_TARGET = 12.0;
				MARKETING_VERSION = 1.0;
				PRODUCT_BUNDLE_IDENTIFIER = "com.zoe.Tests-macOS";
				PRODUCT_NAME = "$(TARGET_NAME)";
				SDKROOT = macosx;
				SWIFT_EMIT_LOC_STRINGS = NO;
				SWIFT_VERSION = 5.0;
				TEST_TARGET_NAME = "DigitalMarket (macOS)";
			};
			name = "Release Development";
		};
		DD6580FD280B552400AAE685 /* Debug Production */ = {
			isa = XCBuildConfiguration;
			baseConfigurationReference = DD658109280B6F0B00AAE685 /* Base.xcconfig */;
			buildSettings = {
				ALWAYS_SEARCH_USER_PATHS = NO;
				CLANG_ANALYZER_NONNULL = YES;
				CLANG_ANALYZER_NUMBER_OBJECT_CONVERSION = YES_AGGRESSIVE;
				CLANG_CXX_LANGUAGE_STANDARD = "gnu++17";
				CLANG_CXX_LIBRARY = "libc++";
				CLANG_ENABLE_MODULES = YES;
				CLANG_ENABLE_OBJC_ARC = YES;
				CLANG_ENABLE_OBJC_WEAK = YES;
				CLANG_WARN_BLOCK_CAPTURE_AUTORELEASING = YES;
				CLANG_WARN_BOOL_CONVERSION = YES;
				CLANG_WARN_COMMA = YES;
				CLANG_WARN_CONSTANT_CONVERSION = YES;
				CLANG_WARN_DEPRECATED_OBJC_IMPLEMENTATIONS = YES;
				CLANG_WARN_DIRECT_OBJC_ISA_USAGE = YES_ERROR;
				CLANG_WARN_DOCUMENTATION_COMMENTS = YES;
				CLANG_WARN_EMPTY_BODY = YES;
				CLANG_WARN_ENUM_CONVERSION = YES;
				CLANG_WARN_INFINITE_RECURSION = YES;
				CLANG_WARN_INT_CONVERSION = YES;
				CLANG_WARN_NON_LITERAL_NULL_CONVERSION = YES;
				CLANG_WARN_OBJC_IMPLICIT_RETAIN_SELF = YES;
				CLANG_WARN_OBJC_LITERAL_CONVERSION = YES;
				CLANG_WARN_OBJC_ROOT_CLASS = YES_ERROR;
				CLANG_WARN_QUOTED_INCLUDE_IN_FRAMEWORK_HEADER = YES;
				CLANG_WARN_RANGE_LOOP_ANALYSIS = YES;
				CLANG_WARN_STRICT_PROTOTYPES = YES;
				CLANG_WARN_SUSPICIOUS_MOVE = YES;
				CLANG_WARN_UNGUARDED_AVAILABILITY = YES_AGGRESSIVE;
				CLANG_WARN_UNREACHABLE_CODE = YES;
				CLANG_WARN__DUPLICATE_METHOD_MATCH = YES;
				COPY_PHASE_STRIP = NO;
				DEBUG_INFORMATION_FORMAT = dwarf;
				ENABLE_STRICT_OBJC_MSGSEND = YES;
				ENABLE_TESTABILITY = YES;
				GCC_C_LANGUAGE_STANDARD = gnu11;
				GCC_DYNAMIC_NO_PIC = NO;
				GCC_NO_COMMON_BLOCKS = YES;
				GCC_OPTIMIZATION_LEVEL = 0;
				GCC_PREPROCESSOR_DEFINITIONS = (
					"DEBUG=1",
					"$(inherited)",
				);
				GCC_WARN_64_TO_32_BIT_CONVERSION = YES;
				GCC_WARN_ABOUT_RETURN_TYPE = YES_ERROR;
				GCC_WARN_UNDECLARED_SELECTOR = YES;
				GCC_WARN_UNINITIALIZED_AUTOS = YES_AGGRESSIVE;
				GCC_WARN_UNUSED_FUNCTION = YES;
				GCC_WARN_UNUSED_VARIABLE = YES;
				MTL_ENABLE_DEBUG_INFO = INCLUDE_SOURCE;
				MTL_FAST_MATH = YES;
				ONLY_ACTIVE_ARCH = YES;
				SWIFT_ACTIVE_COMPILATION_CONDITIONS = DEBUG;
				SWIFT_OPTIMIZATION_LEVEL = "-Onone";
			};
			name = "Debug Production";
		};
		DD6580FE280B552400AAE685 /* Debug Production */ = {
			isa = XCBuildConfiguration;
			baseConfigurationReference = DD658107280B60E800AAE685 /* Production.xcconfig */;
			buildSettings = {
				ASSETCATALOG_COMPILER_APPICON_NAME = AppIcon;
				ASSETCATALOG_COMPILER_GLOBAL_ACCENT_COLOR_NAME = AccentColor;
				CODE_SIGN_STYLE = Automatic;
				CURRENT_PROJECT_VERSION = 1;
				DEVELOPMENT_TEAM = WU2A259UNF;
				ENABLE_PREVIEWS = YES;
				GENERATE_INFOPLIST_FILE = YES;
				INFOPLIST_KEY_UIApplicationSceneManifest_Generation = YES;
				INFOPLIST_KEY_UIApplicationSupportsIndirectInputEvents = YES;
				INFOPLIST_KEY_UILaunchScreen_Generation = YES;
				INFOPLIST_KEY_UISupportedInterfaceOrientations_iPad = "UIInterfaceOrientationPortrait UIInterfaceOrientationPortraitUpsideDown UIInterfaceOrientationLandscapeLeft UIInterfaceOrientationLandscapeRight";
				INFOPLIST_KEY_UISupportedInterfaceOrientations_iPhone = "UIInterfaceOrientationPortrait UIInterfaceOrientationLandscapeLeft UIInterfaceOrientationLandscapeRight";
				IPHONEOS_DEPLOYMENT_TARGET = 15.0;
				LD_RUNPATH_SEARCH_PATHS = (
					"$(inherited)",
					"@executable_path/Frameworks",
				);
				MARKETING_VERSION = 1.0;
				PRODUCT_BUNDLE_IDENTIFIER = com.zoe.dam.debug.prod;
				PRODUCT_NAME = DigitalMarket;
				SDKROOT = iphoneos;
				SWIFT_EMIT_LOC_STRINGS = YES;
				SWIFT_VERSION = 5.0;
				TARGETED_DEVICE_FAMILY = "1,2";
			};
			name = "Debug Production";
		};
		DD6580FF280B552400AAE685 /* Debug Production */ = {
			isa = XCBuildConfiguration;
			baseConfigurationReference = DD658107280B60E800AAE685 /* Production.xcconfig */;
			buildSettings = {
				ASSETCATALOG_COMPILER_APPICON_NAME = AppIcon;
				ASSETCATALOG_COMPILER_GLOBAL_ACCENT_COLOR_NAME = AccentColor;
				CODE_SIGN_ENTITLEMENTS = macOS/macOS.entitlements;
				CODE_SIGN_IDENTITY = "-";
				CODE_SIGN_STYLE = Automatic;
				COMBINE_HIDPI_IMAGES = YES;
				CURRENT_PROJECT_VERSION = 1;
				DEVELOPMENT_TEAM = WU2A259UNF;
				ENABLE_HARDENED_RUNTIME = YES;
				ENABLE_PREVIEWS = YES;
				GENERATE_INFOPLIST_FILE = YES;
				INFOPLIST_KEY_NSHumanReadableCopyright = "";
				LD_RUNPATH_SEARCH_PATHS = (
					"$(inherited)",
					"@executable_path/../Frameworks",
				);
				MACOSX_DEPLOYMENT_TARGET = 12.0;
				MARKETING_VERSION = 1.0;
				PRODUCT_BUNDLE_IDENTIFIER = com.zoe.DigitalMarket;
				PRODUCT_NAME = DigitalMarket;
				SDKROOT = macosx;
				SWIFT_EMIT_LOC_STRINGS = YES;
				SWIFT_VERSION = 5.0;
			};
			name = "Debug Production";
		};
		DD658100280B552400AAE685 /* Debug Production */ = {
			isa = XCBuildConfiguration;
			buildSettings = {
				ALWAYS_EMBED_SWIFT_STANDARD_LIBRARIES = YES;
				CODE_SIGN_STYLE = Automatic;
				CURRENT_PROJECT_VERSION = 1;
				DEVELOPMENT_TEAM = WU2A259UNF;
				GENERATE_INFOPLIST_FILE = YES;
				IPHONEOS_DEPLOYMENT_TARGET = 15.0;
				LD_RUNPATH_SEARCH_PATHS = (
					"$(inherited)",
					"@executable_path/Frameworks",
					"@loader_path/Frameworks",
				);
				MARKETING_VERSION = 1.0;
				PRODUCT_BUNDLE_IDENTIFIER = "com.zoe.Tests-iOS";
				PRODUCT_NAME = "$(TARGET_NAME)";
				SDKROOT = iphoneos;
				SWIFT_EMIT_LOC_STRINGS = NO;
				SWIFT_VERSION = 5.0;
				TARGETED_DEVICE_FAMILY = "1,2";
				TEST_TARGET_NAME = "DigitalMarket (iOS)";
			};
			name = "Debug Production";
		};
		DD658101280B552400AAE685 /* Debug Production */ = {
			isa = XCBuildConfiguration;
			buildSettings = {
				ALWAYS_EMBED_SWIFT_STANDARD_LIBRARIES = YES;
				CODE_SIGN_STYLE = Automatic;
				COMBINE_HIDPI_IMAGES = YES;
				CURRENT_PROJECT_VERSION = 1;
				DEVELOPMENT_TEAM = WU2A259UNF;
				GENERATE_INFOPLIST_FILE = YES;
				LD_RUNPATH_SEARCH_PATHS = (
					"$(inherited)",
					"@executable_path/../Frameworks",
					"@loader_path/../Frameworks",
				);
				MACOSX_DEPLOYMENT_TARGET = 12.0;
				MARKETING_VERSION = 1.0;
				PRODUCT_BUNDLE_IDENTIFIER = "com.zoe.Tests-macOS";
				PRODUCT_NAME = "$(TARGET_NAME)";
				SDKROOT = macosx;
				SWIFT_EMIT_LOC_STRINGS = NO;
				SWIFT_VERSION = 5.0;
				TEST_TARGET_NAME = "DigitalMarket (macOS)";
			};
			name = "Debug Production";
		};
		DD658102280B552900AAE685 /* Release Production */ = {
			isa = XCBuildConfiguration;
			baseConfigurationReference = DD658109280B6F0B00AAE685 /* Base.xcconfig */;
			buildSettings = {
				ALWAYS_SEARCH_USER_PATHS = NO;
				CLANG_ANALYZER_NONNULL = YES;
				CLANG_ANALYZER_NUMBER_OBJECT_CONVERSION = YES_AGGRESSIVE;
				CLANG_CXX_LANGUAGE_STANDARD = "gnu++17";
				CLANG_CXX_LIBRARY = "libc++";
				CLANG_ENABLE_MODULES = YES;
				CLANG_ENABLE_OBJC_ARC = YES;
				CLANG_ENABLE_OBJC_WEAK = YES;
				CLANG_WARN_BLOCK_CAPTURE_AUTORELEASING = YES;
				CLANG_WARN_BOOL_CONVERSION = YES;
				CLANG_WARN_COMMA = YES;
				CLANG_WARN_CONSTANT_CONVERSION = YES;
				CLANG_WARN_DEPRECATED_OBJC_IMPLEMENTATIONS = YES;
				CLANG_WARN_DIRECT_OBJC_ISA_USAGE = YES_ERROR;
				CLANG_WARN_DOCUMENTATION_COMMENTS = YES;
				CLANG_WARN_EMPTY_BODY = YES;
				CLANG_WARN_ENUM_CONVERSION = YES;
				CLANG_WARN_INFINITE_RECURSION = YES;
				CLANG_WARN_INT_CONVERSION = YES;
				CLANG_WARN_NON_LITERAL_NULL_CONVERSION = YES;
				CLANG_WARN_OBJC_IMPLICIT_RETAIN_SELF = YES;
				CLANG_WARN_OBJC_LITERAL_CONVERSION = YES;
				CLANG_WARN_OBJC_ROOT_CLASS = YES_ERROR;
				CLANG_WARN_QUOTED_INCLUDE_IN_FRAMEWORK_HEADER = YES;
				CLANG_WARN_RANGE_LOOP_ANALYSIS = YES;
				CLANG_WARN_STRICT_PROTOTYPES = YES;
				CLANG_WARN_SUSPICIOUS_MOVE = YES;
				CLANG_WARN_UNGUARDED_AVAILABILITY = YES_AGGRESSIVE;
				CLANG_WARN_UNREACHABLE_CODE = YES;
				CLANG_WARN__DUPLICATE_METHOD_MATCH = YES;
				COPY_PHASE_STRIP = NO;
				DEBUG_INFORMATION_FORMAT = "dwarf-with-dsym";
				ENABLE_NS_ASSERTIONS = NO;
				ENABLE_STRICT_OBJC_MSGSEND = YES;
				GCC_C_LANGUAGE_STANDARD = gnu11;
				GCC_NO_COMMON_BLOCKS = YES;
				GCC_WARN_64_TO_32_BIT_CONVERSION = YES;
				GCC_WARN_ABOUT_RETURN_TYPE = YES_ERROR;
				GCC_WARN_UNDECLARED_SELECTOR = YES;
				GCC_WARN_UNINITIALIZED_AUTOS = YES_AGGRESSIVE;
				GCC_WARN_UNUSED_FUNCTION = YES;
				GCC_WARN_UNUSED_VARIABLE = YES;
				MTL_ENABLE_DEBUG_INFO = NO;
				MTL_FAST_MATH = YES;
				SWIFT_COMPILATION_MODE = wholemodule;
				SWIFT_OPTIMIZATION_LEVEL = "-O";
			};
			name = "Release Production";
		};
		DD658103280B552900AAE685 /* Release Production */ = {
			isa = XCBuildConfiguration;
			baseConfigurationReference = DD658107280B60E800AAE685 /* Production.xcconfig */;
			buildSettings = {
				ASSETCATALOG_COMPILER_APPICON_NAME = AppIcon;
				ASSETCATALOG_COMPILER_GLOBAL_ACCENT_COLOR_NAME = AccentColor;
				CODE_SIGN_STYLE = Automatic;
				CURRENT_PROJECT_VERSION = 1;
				DEVELOPMENT_TEAM = WU2A259UNF;
				ENABLE_PREVIEWS = YES;
				GENERATE_INFOPLIST_FILE = YES;
				INFOPLIST_KEY_UIApplicationSceneManifest_Generation = YES;
				INFOPLIST_KEY_UIApplicationSupportsIndirectInputEvents = YES;
				INFOPLIST_KEY_UILaunchScreen_Generation = YES;
				INFOPLIST_KEY_UISupportedInterfaceOrientations_iPad = "UIInterfaceOrientationPortrait UIInterfaceOrientationPortraitUpsideDown UIInterfaceOrientationLandscapeLeft UIInterfaceOrientationLandscapeRight";
				INFOPLIST_KEY_UISupportedInterfaceOrientations_iPhone = "UIInterfaceOrientationPortrait UIInterfaceOrientationLandscapeLeft UIInterfaceOrientationLandscapeRight";
				IPHONEOS_DEPLOYMENT_TARGET = 15.0;
				LD_RUNPATH_SEARCH_PATHS = (
					"$(inherited)",
					"@executable_path/Frameworks",
				);
				MARKETING_VERSION = 1.0;
				PRODUCT_BUNDLE_IDENTIFIER = com.zoe.dam.release.prod;
				PRODUCT_NAME = DigitalMarket;
				SDKROOT = iphoneos;
				SWIFT_EMIT_LOC_STRINGS = YES;
				SWIFT_VERSION = 5.0;
				TARGETED_DEVICE_FAMILY = "1,2";
				VALIDATE_PRODUCT = YES;
			};
			name = "Release Production";
		};
		DD658104280B552900AAE685 /* Release Production */ = {
			isa = XCBuildConfiguration;
			baseConfigurationReference = DD658107280B60E800AAE685 /* Production.xcconfig */;
			buildSettings = {
				ASSETCATALOG_COMPILER_APPICON_NAME = AppIcon;
				ASSETCATALOG_COMPILER_GLOBAL_ACCENT_COLOR_NAME = AccentColor;
				CODE_SIGN_ENTITLEMENTS = macOS/macOS.entitlements;
				CODE_SIGN_IDENTITY = "-";
				CODE_SIGN_STYLE = Automatic;
				COMBINE_HIDPI_IMAGES = YES;
				CURRENT_PROJECT_VERSION = 1;
				DEVELOPMENT_TEAM = WU2A259UNF;
				ENABLE_HARDENED_RUNTIME = YES;
				ENABLE_PREVIEWS = YES;
				GENERATE_INFOPLIST_FILE = YES;
				INFOPLIST_KEY_NSHumanReadableCopyright = "";
				LD_RUNPATH_SEARCH_PATHS = (
					"$(inherited)",
					"@executable_path/../Frameworks",
				);
				MACOSX_DEPLOYMENT_TARGET = 12.0;
				MARKETING_VERSION = 1.0;
				PRODUCT_BUNDLE_IDENTIFIER = com.zoe.DigitalMarket;
				PRODUCT_NAME = DigitalMarket;
				SDKROOT = macosx;
				SWIFT_EMIT_LOC_STRINGS = YES;
				SWIFT_VERSION = 5.0;
			};
			name = "Release Production";
		};
		DD658105280B552900AAE685 /* Release Production */ = {
			isa = XCBuildConfiguration;
			buildSettings = {
				ALWAYS_EMBED_SWIFT_STANDARD_LIBRARIES = YES;
				CODE_SIGN_STYLE = Automatic;
				CURRENT_PROJECT_VERSION = 1;
				DEVELOPMENT_TEAM = WU2A259UNF;
				GENERATE_INFOPLIST_FILE = YES;
				IPHONEOS_DEPLOYMENT_TARGET = 15.0;
				LD_RUNPATH_SEARCH_PATHS = (
					"$(inherited)",
					"@executable_path/Frameworks",
					"@loader_path/Frameworks",
				);
				MARKETING_VERSION = 1.0;
				PRODUCT_BUNDLE_IDENTIFIER = "com.zoe.Tests-iOS";
				PRODUCT_NAME = "$(TARGET_NAME)";
				SDKROOT = iphoneos;
				SWIFT_EMIT_LOC_STRINGS = NO;
				SWIFT_VERSION = 5.0;
				TARGETED_DEVICE_FAMILY = "1,2";
				TEST_TARGET_NAME = "DigitalMarket (iOS)";
				VALIDATE_PRODUCT = YES;
			};
			name = "Release Production";
		};
		DD658106280B552900AAE685 /* Release Production */ = {
			isa = XCBuildConfiguration;
			buildSettings = {
				ALWAYS_EMBED_SWIFT_STANDARD_LIBRARIES = YES;
				CODE_SIGN_STYLE = Automatic;
				COMBINE_HIDPI_IMAGES = YES;
				CURRENT_PROJECT_VERSION = 1;
				DEVELOPMENT_TEAM = WU2A259UNF;
				GENERATE_INFOPLIST_FILE = YES;
				LD_RUNPATH_SEARCH_PATHS = (
					"$(inherited)",
					"@executable_path/../Frameworks",
					"@loader_path/../Frameworks",
				);
				MACOSX_DEPLOYMENT_TARGET = 12.0;
				MARKETING_VERSION = 1.0;
				PRODUCT_BUNDLE_IDENTIFIER = "com.zoe.Tests-macOS";
				PRODUCT_NAME = "$(TARGET_NAME)";
				SDKROOT = macosx;
				SWIFT_EMIT_LOC_STRINGS = NO;
				SWIFT_VERSION = 5.0;
				TEST_TARGET_NAME = "DigitalMarket (macOS)";
			};
			name = "Release Production";
		};
/* End XCBuildConfiguration section */

/* Begin XCConfigurationList section */
		DD35E3D127FBC03200181D20 /* Build configuration list for PBXProject "DigitalMarket" */ = {
			isa = XCConfigurationList;
			buildConfigurations = (
				DD35E40127FBC03300181D20 /* Debug Development */,
				DD6580FD280B552400AAE685 /* Debug Production */,
				DD35E40227FBC03300181D20 /* Release Development */,
				DD658102280B552900AAE685 /* Release Production */,
			);
			defaultConfigurationIsVisible = 0;
			defaultConfigurationName = "Release Development";
		};
		DD35E40327FBC03300181D20 /* Build configuration list for PBXNativeTarget "DigitalMarket (iOS)" */ = {
			isa = XCConfigurationList;
			buildConfigurations = (
				DD35E40427FBC03300181D20 /* Debug Development */,
				DD6580FE280B552400AAE685 /* Debug Production */,
				DD35E40527FBC03300181D20 /* Release Development */,
				DD658103280B552900AAE685 /* Release Production */,
			);
			defaultConfigurationIsVisible = 0;
			defaultConfigurationName = "Release Development";
		};
		DD35E40627FBC03300181D20 /* Build configuration list for PBXNativeTarget "DigitalMarket (macOS)" */ = {
			isa = XCConfigurationList;
			buildConfigurations = (
				DD35E40727FBC03300181D20 /* Debug Development */,
				DD6580FF280B552400AAE685 /* Debug Production */,
				DD35E40827FBC03300181D20 /* Release Development */,
				DD658104280B552900AAE685 /* Release Production */,
			);
			defaultConfigurationIsVisible = 0;
			defaultConfigurationName = "Release Development";
		};
		DD35E40927FBC03300181D20 /* Build configuration list for PBXNativeTarget "Tests iOS" */ = {
			isa = XCConfigurationList;
			buildConfigurations = (
				DD35E40A27FBC03300181D20 /* Debug Development */,
				DD658100280B552400AAE685 /* Debug Production */,
				DD35E40B27FBC03300181D20 /* Release Development */,
				DD658105280B552900AAE685 /* Release Production */,
			);
			defaultConfigurationIsVisible = 0;
			defaultConfigurationName = "Release Development";
		};
		DD35E40C27FBC03300181D20 /* Build configuration list for PBXNativeTarget "Tests macOS" */ = {
			isa = XCConfigurationList;
			buildConfigurations = (
				DD35E40D27FBC03300181D20 /* Debug Development */,
				DD658101280B552400AAE685 /* Debug Production */,
				DD35E40E27FBC03300181D20 /* Release Development */,
				DD658106280B552900AAE685 /* Release Production */,
			);
			defaultConfigurationIsVisible = 0;
			defaultConfigurationName = "Release Development";
		};
/* End XCConfigurationList section */
	};
	rootObject = DD35E3CE27FBC03200181D20 /* Project object */;
}
