// !$*UTF8*$!
{
	archiveVersion = 1;
	classes = {
	};
	objectVersion = 55;
	objects = {

/* Begin PBXBuildFile section */
		DD2CAAFC281DB32D00C6FAB3 /* ErrorView.swift in Sources */ = {isa = PBXBuildFile; fileRef = DD2CAAFB281DB32D00C6FAB3 /* ErrorView.swift */; };
		DD2CAAFD281DB32D00C6FAB3 /* ErrorView.swift in Sources */ = {isa = PBXBuildFile; fileRef = DD2CAAFB281DB32D00C6FAB3 /* ErrorView.swift */; };
		DD2CAB03281DCFEB00C6FAB3 /* Fonts.swift in Sources */ = {isa = PBXBuildFile; fileRef = DD2CAB02281DCFEB00C6FAB3 /* Fonts.swift */; };
		DD2CAB04281DCFEB00C6FAB3 /* Fonts.swift in Sources */ = {isa = PBXBuildFile; fileRef = DD2CAB02281DCFEB00C6FAB3 /* Fonts.swift */; };
		DD2CAB0B281DD13D00C6FAB3 /* OpenSans-Bold.ttf in Resources */ = {isa = PBXBuildFile; fileRef = DD2CAB09281DD13600C6FAB3 /* OpenSans-Bold.ttf */; };
		DD2CAB0C281DD13D00C6FAB3 /* OpenSans-Bold.ttf in Resources */ = {isa = PBXBuildFile; fileRef = DD2CAB09281DD13600C6FAB3 /* OpenSans-Bold.ttf */; };
		DD2CAB0D281DD13F00C6FAB3 /* OpenSans-ExtraBold.ttf in Resources */ = {isa = PBXBuildFile; fileRef = DD2CAB07281DD13500C6FAB3 /* OpenSans-ExtraBold.ttf */; };
		DD2CAB0E281DD13F00C6FAB3 /* OpenSans-ExtraBold.ttf in Resources */ = {isa = PBXBuildFile; fileRef = DD2CAB07281DD13500C6FAB3 /* OpenSans-ExtraBold.ttf */; };
		DD2CAB0F281DD14300C6FAB3 /* OpenSans-SemiBold.ttf in Resources */ = {isa = PBXBuildFile; fileRef = DD2CAB0A281DD13600C6FAB3 /* OpenSans-SemiBold.ttf */; };
		DD2CAB10281DD14300C6FAB3 /* OpenSans-Light.ttf in Resources */ = {isa = PBXBuildFile; fileRef = DD2CAB06281DD13500C6FAB3 /* OpenSans-Light.ttf */; };
		DD2CAB11281DD14300C6FAB3 /* OpenSans-Medium.ttf in Resources */ = {isa = PBXBuildFile; fileRef = DD2CAB05281DD13500C6FAB3 /* OpenSans-Medium.ttf */; };
		DD2CAB12281DD14300C6FAB3 /* OpenSans-Regular.ttf in Resources */ = {isa = PBXBuildFile; fileRef = DD2CAB08281DD13600C6FAB3 /* OpenSans-Regular.ttf */; };
		DD2CAB13281DD14300C6FAB3 /* OpenSans-SemiBold.ttf in Resources */ = {isa = PBXBuildFile; fileRef = DD2CAB0A281DD13600C6FAB3 /* OpenSans-SemiBold.ttf */; };
		DD2CAB14281DD14300C6FAB3 /* OpenSans-Light.ttf in Resources */ = {isa = PBXBuildFile; fileRef = DD2CAB06281DD13500C6FAB3 /* OpenSans-Light.ttf */; };
		DD2CAB15281DD14300C6FAB3 /* OpenSans-Medium.ttf in Resources */ = {isa = PBXBuildFile; fileRef = DD2CAB05281DD13500C6FAB3 /* OpenSans-Medium.ttf */; };
		DD2CAB16281DD14300C6FAB3 /* OpenSans-Regular.ttf in Resources */ = {isa = PBXBuildFile; fileRef = DD2CAB08281DD13600C6FAB3 /* OpenSans-Regular.ttf */; };
		DD2CAB27281F55FB00C6FAB3 /* IconButton.swift in Sources */ = {isa = PBXBuildFile; fileRef = DD2CAB26281F55FB00C6FAB3 /* IconButton.swift */; };
		DD2CAB28281F55FB00C6FAB3 /* IconButton.swift in Sources */ = {isa = PBXBuildFile; fileRef = DD2CAB26281F55FB00C6FAB3 /* IconButton.swift */; };
		DD2CAB2A281F568C00C6FAB3 /* Logo.swift in Sources */ = {isa = PBXBuildFile; fileRef = DD2CAB29281F568C00C6FAB3 /* Logo.swift */; };
		DD2CAB2B281F568C00C6FAB3 /* Logo.swift in Sources */ = {isa = PBXBuildFile; fileRef = DD2CAB29281F568C00C6FAB3 /* Logo.swift */; };
		DD2CAB2D281F750E00C6FAB3 /* RootView.swift in Sources */ = {isa = PBXBuildFile; fileRef = DD2CAB2C281F750E00C6FAB3 /* RootView.swift */; };
		DD2CAB2E281F750E00C6FAB3 /* RootView.swift in Sources */ = {isa = PBXBuildFile; fileRef = DD2CAB2C281F750E00C6FAB3 /* RootView.swift */; };
		DD2CAB3928209A8400C6FAB3 /* ImageCache.swift in Sources */ = {isa = PBXBuildFile; fileRef = DD2CAB3828209A8400C6FAB3 /* ImageCache.swift */; };
		DD2CAB3A28209A8400C6FAB3 /* ImageCache.swift in Sources */ = {isa = PBXBuildFile; fileRef = DD2CAB3828209A8400C6FAB3 /* ImageCache.swift */; };
		DD35E3FB27FBC03300181D20 /* DigitalMarketApp.swift in Sources */ = {isa = PBXBuildFile; fileRef = DD35E3D327FBC03200181D20 /* DigitalMarketApp.swift */; };
		DD35E3FC27FBC03300181D20 /* DigitalMarketApp.swift in Sources */ = {isa = PBXBuildFile; fileRef = DD35E3D327FBC03200181D20 /* DigitalMarketApp.swift */; };
		DD35E3FF27FBC03300181D20 /* Assets.xcassets in Resources */ = {isa = PBXBuildFile; fileRef = DD35E3D527FBC03300181D20 /* Assets.xcassets */; };
		DD35E40027FBC03300181D20 /* Assets.xcassets in Resources */ = {isa = PBXBuildFile; fileRef = DD35E3D527FBC03300181D20 /* Assets.xcassets */; };
		DD3B3928282F3EAF00142C09 /* ObfuscatedField.swift in Sources */ = {isa = PBXBuildFile; fileRef = DD3B3927282F3EAF00142C09 /* ObfuscatedField.swift */; };
		DD3B3929282F3EAF00142C09 /* ObfuscatedField.swift in Sources */ = {isa = PBXBuildFile; fileRef = DD3B3927282F3EAF00142C09 /* ObfuscatedField.swift */; };
		DD4C8D7B2821F01500D0AB69 /* MintView.swift in Sources */ = {isa = PBXBuildFile; fileRef = DD4C8D7A2821F01500D0AB69 /* MintView.swift */; };
		DD4C8D7C2821F01500D0AB69 /* MintView.swift in Sources */ = {isa = PBXBuildFile; fileRef = DD4C8D7A2821F01500D0AB69 /* MintView.swift */; };
		DD4C8D7E282358ED00D0AB69 /* ImagePicker.swift in Sources */ = {isa = PBXBuildFile; fileRef = DD4C8D7D282358ED00D0AB69 /* ImagePicker.swift */; };
		DD4C8D7F282358ED00D0AB69 /* ImagePicker.swift in Sources */ = {isa = PBXBuildFile; fileRef = DD4C8D7D282358ED00D0AB69 /* ImagePicker.swift */; };
		DD4C8D812823593A00D0AB69 /* RemoteImageStore.swift in Sources */ = {isa = PBXBuildFile; fileRef = DD4C8D802823593A00D0AB69 /* RemoteImageStore.swift */; };
		DD4C8D822823593A00D0AB69 /* RemoteImageStore.swift in Sources */ = {isa = PBXBuildFile; fileRef = DD4C8D802823593A00D0AB69 /* RemoteImageStore.swift */; };
		DD4C8D8C28243E3900D0AB69 /* Globals.swift in Sources */ = {isa = PBXBuildFile; fileRef = DD4C8D8B28243E3900D0AB69 /* Globals.swift */; };
		DD4C8D8D28243E3900D0AB69 /* Globals.swift in Sources */ = {isa = PBXBuildFile; fileRef = DD4C8D8B28243E3900D0AB69 /* Globals.swift */; };
		DD4C8D8F28243EB200D0AB69 /* SearchBar.swift in Sources */ = {isa = PBXBuildFile; fileRef = DD4C8D8E28243EB200D0AB69 /* SearchBar.swift */; };
		DD4C8D9028243EB200D0AB69 /* SearchBar.swift in Sources */ = {isa = PBXBuildFile; fileRef = DD4C8D8E28243EB200D0AB69 /* SearchBar.swift */; };
		DD4DB62D282862F5007A2EF0 /* NFTDetails.swift in Sources */ = {isa = PBXBuildFile; fileRef = DD4DB62C282862F5007A2EF0 /* NFTDetails.swift */; };
		DD4DB62E282862F5007A2EF0 /* NFTDetails.swift in Sources */ = {isa = PBXBuildFile; fileRef = DD4DB62C282862F5007A2EF0 /* NFTDetails.swift */; };
		DD4DB63028286351007A2EF0 /* StyledLink.swift in Sources */ = {isa = PBXBuildFile; fileRef = DD4DB62F28286351007A2EF0 /* StyledLink.swift */; };
		DD4DB63128286351007A2EF0 /* StyledLink.swift in Sources */ = {isa = PBXBuildFile; fileRef = DD4DB62F28286351007A2EF0 /* StyledLink.swift */; };
		DD4DB63328287A2C007A2EF0 /* InfoRow.swift in Sources */ = {isa = PBXBuildFile; fileRef = DD4DB63228287A2C007A2EF0 /* InfoRow.swift */; };
		DD4DB63428287A2C007A2EF0 /* InfoRow.swift in Sources */ = {isa = PBXBuildFile; fileRef = DD4DB63228287A2C007A2EF0 /* InfoRow.swift */; };
		DD6580C927FD110700AAE685 /* NFT.swift in Sources */ = {isa = PBXBuildFile; fileRef = DD6580C827FD110700AAE685 /* NFT.swift */; };
		DD6580CA27FD110700AAE685 /* NFT.swift in Sources */ = {isa = PBXBuildFile; fileRef = DD6580C827FD110700AAE685 /* NFT.swift */; };
		DD6580DB27FD116000AAE685 /* Wallet.swift in Sources */ = {isa = PBXBuildFile; fileRef = DD6580DA27FD116000AAE685 /* Wallet.swift */; };
		DD6580DC27FD116000AAE685 /* Wallet.swift in Sources */ = {isa = PBXBuildFile; fileRef = DD6580DA27FD116000AAE685 /* Wallet.swift */; };
		DD6580E127FD124D00AAE685 /* Colors.swift in Sources */ = {isa = PBXBuildFile; fileRef = DD6580E027FD124D00AAE685 /* Colors.swift */; };
		DD6580E227FD124D00AAE685 /* Colors.swift in Sources */ = {isa = PBXBuildFile; fileRef = DD6580E027FD124D00AAE685 /* Colors.swift */; };
		DD6580E727FD12B600AAE685 /* PreviewContent.swift in Sources */ = {isa = PBXBuildFile; fileRef = DD6580E627FD12B600AAE685 /* PreviewContent.swift */; };
		DD6580E827FD12B600AAE685 /* PreviewContent.swift in Sources */ = {isa = PBXBuildFile; fileRef = DD6580E627FD12B600AAE685 /* PreviewContent.swift */; };
		DD6580EA27FD12CA00AAE685 /* PreviewAssets.xcassets in Resources */ = {isa = PBXBuildFile; fileRef = DD6580E927FD12CA00AAE685 /* PreviewAssets.xcassets */; };
		DD6580EB27FD12CA00AAE685 /* PreviewAssets.xcassets in Resources */ = {isa = PBXBuildFile; fileRef = DD6580E927FD12CA00AAE685 /* PreviewAssets.xcassets */; };
		DD6580ED27FD132700AAE685 /* ApiClient.swift in Sources */ = {isa = PBXBuildFile; fileRef = DD6580EC27FD132700AAE685 /* ApiClient.swift */; };
		DD6580EE27FD132700AAE685 /* ApiClient.swift in Sources */ = {isa = PBXBuildFile; fileRef = DD6580EC27FD132700AAE685 /* ApiClient.swift */; };
		DD6580F127FD133600AAE685 /* HttpApiClient.swift in Sources */ = {isa = PBXBuildFile; fileRef = DD6580F027FD133600AAE685 /* HttpApiClient.swift */; };
		DD6580F227FD133600AAE685 /* HttpApiClient.swift in Sources */ = {isa = PBXBuildFile; fileRef = DD6580F027FD133600AAE685 /* HttpApiClient.swift */; };
		DD6580F427FD133E00AAE685 /* MockApiClient.swift in Sources */ = {isa = PBXBuildFile; fileRef = DD6580F327FD133E00AAE685 /* MockApiClient.swift */; };
		DD6580F527FD133E00AAE685 /* MockApiClient.swift in Sources */ = {isa = PBXBuildFile; fileRef = DD6580F327FD133E00AAE685 /* MockApiClient.swift */; };
		DD658138280CF9FF00AAE685 /* HomeView.swift in Sources */ = {isa = PBXBuildFile; fileRef = DD658137280CF9FF00AAE685 /* HomeView.swift */; };
		DD658139280CF9FF00AAE685 /* HomeView.swift in Sources */ = {isa = PBXBuildFile; fileRef = DD658137280CF9FF00AAE685 /* HomeView.swift */; };
		DD65813E280CFA1300AAE685 /* AccountView.swift in Sources */ = {isa = PBXBuildFile; fileRef = DD65813D280CFA1300AAE685 /* AccountView.swift */; };
		DD65813F280CFA1300AAE685 /* AccountView.swift in Sources */ = {isa = PBXBuildFile; fileRef = DD65813D280CFA1300AAE685 /* AccountView.swift */; };
		DD65814F2813B2B200AAE685 /* NFTCard.swift in Sources */ = {isa = PBXBuildFile; fileRef = DD65814E2813B2B200AAE685 /* NFTCard.swift */; };
		DD6581502813B2B200AAE685 /* NFTCard.swift in Sources */ = {isa = PBXBuildFile; fileRef = DD65814E2813B2B200AAE685 /* NFTCard.swift */; };
		DD658152281466CD00AAE685 /* Configuration.swift in Sources */ = {isa = PBXBuildFile; fileRef = DD658151281466CD00AAE685 /* Configuration.swift */; };
		DD658153281466CD00AAE685 /* Configuration.swift in Sources */ = {isa = PBXBuildFile; fileRef = DD658151281466CD00AAE685 /* Configuration.swift */; };
		DD789EAE28263E850035306A /* NFTView.swift in Sources */ = {isa = PBXBuildFile; fileRef = DD789EAD28263E850035306A /* NFTView.swift */; };
		DD789EAF28263E850035306A /* NFTView.swift in Sources */ = {isa = PBXBuildFile; fileRef = DD789EAD28263E850035306A /* NFTView.swift */; };
		DDA228A9281CA071000B0278 /* ErrorWrapper.swift in Sources */ = {isa = PBXBuildFile; fileRef = DDA228A8281CA071000B0278 /* ErrorWrapper.swift */; };
		DDA228AA281CA071000B0278 /* ErrorWrapper.swift in Sources */ = {isa = PBXBuildFile; fileRef = DDA228A8281CA071000B0278 /* ErrorWrapper.swift */; };
		DDA228B1281D91D4000B0278 /* NFTStore.swift in Sources */ = {isa = PBXBuildFile; fileRef = DDA228B0281D91D4000B0278 /* NFTStore.swift */; };
		DDA228B2281D91D4000B0278 /* NFTStore.swift in Sources */ = {isa = PBXBuildFile; fileRef = DDA228B0281D91D4000B0278 /* NFTStore.swift */; };
		DDA228B4281D91E0000B0278 /* UserStore.swift in Sources */ = {isa = PBXBuildFile; fileRef = DDA228B3281D91E0000B0278 /* UserStore.swift */; };
		DDA228B5281D91E0000B0278 /* UserStore.swift in Sources */ = {isa = PBXBuildFile; fileRef = DDA228B3281D91E0000B0278 /* UserStore.swift */; };
		DDEFCCF1282A02B400023791 /* UIImage+Base64.swift in Sources */ = {isa = PBXBuildFile; fileRef = DDEFCCF0282A02B400023791 /* UIImage+Base64.swift */; };
		DDEFCCF2282A02B400023791 /* UIImage+Base64.swift in Sources */ = {isa = PBXBuildFile; fileRef = DDEFCCF0282A02B400023791 /* UIImage+Base64.swift */; };
		DDEFCCF5282B430E00023791 /* MintNFTRequest.swift in Sources */ = {isa = PBXBuildFile; fileRef = DDEFCCF4282B430E00023791 /* MintNFTRequest.swift */; };
		DDEFCCF6282B430E00023791 /* MintNFTRequest.swift in Sources */ = {isa = PBXBuildFile; fileRef = DDEFCCF4282B430E00023791 /* MintNFTRequest.swift */; };
		DDEFCCF8282F0F8C00023791 /* ListNFTView.swift in Sources */ = {isa = PBXBuildFile; fileRef = DDEFCCF7282F0F8C00023791 /* ListNFTView.swift */; };
		DDEFCCF9282F0F8C00023791 /* ListNFTView.swift in Sources */ = {isa = PBXBuildFile; fileRef = DDEFCCF7282F0F8C00023791 /* ListNFTView.swift */; };
		DDF0243B28347EF800C4F49D /* HomeViewTests.swift in Sources */ = {isa = PBXBuildFile; fileRef = DDF0243A28347EF800C4F49D /* HomeViewTests.swift */; };
		DDF0243D28347F3000C4F49D /* AccountViewTests.swift in Sources */ = {isa = PBXBuildFile; fileRef = DDF0243C28347F3000C4F49D /* AccountViewTests.swift */; };
		DDF0243F28347F8B00C4F49D /* MintViewTests.swift in Sources */ = {isa = PBXBuildFile; fileRef = DDF0243E28347F8B00C4F49D /* MintViewTests.swift */; };
		DDF02442283480CD00C4F49D /* PrimaryButtonStyle.swift in Sources */ = {isa = PBXBuildFile; fileRef = DDF02441283480CD00C4F49D /* PrimaryButtonStyle.swift */; };
		DDF0244428349AAB00C4F49D /* NFTViewTests.swift in Sources */ = {isa = PBXBuildFile; fileRef = DDF0244328349AAB00C4F49D /* NFTViewTests.swift */; };
/* End PBXBuildFile section */

/* Begin PBXContainerItemProxy section */
		DD3B393728318F3600142C09 /* PBXContainerItemProxy */ = {
			isa = PBXContainerItemProxy;
			containerPortal = DD35E3CE27FBC03200181D20 /* Project object */;
			proxyType = 1;
			remoteGlobalIDString = DD35E3D927FBC03300181D20;
			remoteInfo = "DigitalMarket (iOS)";
		};
		DDF0243128347EBF00C4F49D /* PBXContainerItemProxy */ = {
			isa = PBXContainerItemProxy;
			containerPortal = DD35E3CE27FBC03200181D20 /* Project object */;
			proxyType = 1;
			remoteGlobalIDString = DD35E3D927FBC03300181D20;
			remoteInfo = "DigitalMarket (iOS)";
		};
/* End PBXContainerItemProxy section */

/* Begin PBXFileReference section */
		DD2CAAFB281DB32D00C6FAB3 /* ErrorView.swift */ = {isa = PBXFileReference; lastKnownFileType = sourcecode.swift; path = ErrorView.swift; sourceTree = "<group>"; };
		DD2CAB02281DCFEB00C6FAB3 /* Fonts.swift */ = {isa = PBXFileReference; lastKnownFileType = sourcecode.swift; path = Fonts.swift; sourceTree = "<group>"; };
		DD2CAB05281DD13500C6FAB3 /* OpenSans-Medium.ttf */ = {isa = PBXFileReference; lastKnownFileType = file; path = "OpenSans-Medium.ttf"; sourceTree = "<group>"; };
		DD2CAB06281DD13500C6FAB3 /* OpenSans-Light.ttf */ = {isa = PBXFileReference; lastKnownFileType = file; path = "OpenSans-Light.ttf"; sourceTree = "<group>"; };
		DD2CAB07281DD13500C6FAB3 /* OpenSans-ExtraBold.ttf */ = {isa = PBXFileReference; lastKnownFileType = file; path = "OpenSans-ExtraBold.ttf"; sourceTree = "<group>"; };
		DD2CAB08281DD13600C6FAB3 /* OpenSans-Regular.ttf */ = {isa = PBXFileReference; lastKnownFileType = file; path = "OpenSans-Regular.ttf"; sourceTree = "<group>"; };
		DD2CAB09281DD13600C6FAB3 /* OpenSans-Bold.ttf */ = {isa = PBXFileReference; lastKnownFileType = file; path = "OpenSans-Bold.ttf"; sourceTree = "<group>"; };
		DD2CAB0A281DD13600C6FAB3 /* OpenSans-SemiBold.ttf */ = {isa = PBXFileReference; lastKnownFileType = file; path = "OpenSans-SemiBold.ttf"; sourceTree = "<group>"; };
		DD2CAB26281F55FB00C6FAB3 /* IconButton.swift */ = {isa = PBXFileReference; lastKnownFileType = sourcecode.swift; path = IconButton.swift; sourceTree = "<group>"; };
		DD2CAB29281F568C00C6FAB3 /* Logo.swift */ = {isa = PBXFileReference; lastKnownFileType = sourcecode.swift; path = Logo.swift; sourceTree = "<group>"; };
		DD2CAB2C281F750E00C6FAB3 /* RootView.swift */ = {isa = PBXFileReference; lastKnownFileType = sourcecode.swift; path = RootView.swift; sourceTree = "<group>"; };
		DD2CAB3828209A8400C6FAB3 /* ImageCache.swift */ = {isa = PBXFileReference; lastKnownFileType = sourcecode.swift; path = ImageCache.swift; sourceTree = "<group>"; };
		DD35E3D327FBC03200181D20 /* DigitalMarketApp.swift */ = {isa = PBXFileReference; lastKnownFileType = sourcecode.swift; path = DigitalMarketApp.swift; sourceTree = "<group>"; };
		DD35E3D527FBC03300181D20 /* Assets.xcassets */ = {isa = PBXFileReference; lastKnownFileType = folder.assetcatalog; path = Assets.xcassets; sourceTree = "<group>"; };
		DD35E3DA27FBC03300181D20 /* DigitalMarket.app */ = {isa = PBXFileReference; explicitFileType = wrapper.application; includeInIndex = 0; path = DigitalMarket.app; sourceTree = BUILT_PRODUCTS_DIR; };
		DD35E3E027FBC03300181D20 /* DigitalMarket.app */ = {isa = PBXFileReference; explicitFileType = wrapper.application; includeInIndex = 0; path = DigitalMarket.app; sourceTree = BUILT_PRODUCTS_DIR; };
		DD35E3E227FBC03300181D20 /* macOS.entitlements */ = {isa = PBXFileReference; lastKnownFileType = text.plist.entitlements; path = macOS.entitlements; sourceTree = "<group>"; };
		DD35E42A27FBC16700181D20 /* README.md */ = {isa = PBXFileReference; lastKnownFileType = net.daringfireball.markdown; path = README.md; sourceTree = "<group>"; };
		DD3B3927282F3EAF00142C09 /* ObfuscatedField.swift */ = {isa = PBXFileReference; lastKnownFileType = sourcecode.swift; path = ObfuscatedField.swift; sourceTree = "<group>"; };
		DD3B393328318F3600142C09 /* UnitTests.xctest */ = {isa = PBXFileReference; explicitFileType = wrapper.cfbundle; includeInIndex = 0; path = UnitTests.xctest; sourceTree = BUILT_PRODUCTS_DIR; };
		DD4C8D7A2821F01500D0AB69 /* MintView.swift */ = {isa = PBXFileReference; lastKnownFileType = sourcecode.swift; path = MintView.swift; sourceTree = "<group>"; };
		DD4C8D7D282358ED00D0AB69 /* ImagePicker.swift */ = {isa = PBXFileReference; lastKnownFileType = sourcecode.swift; path = ImagePicker.swift; sourceTree = "<group>"; };
		DD4C8D802823593A00D0AB69 /* RemoteImageStore.swift */ = {isa = PBXFileReference; lastKnownFileType = sourcecode.swift; path = RemoteImageStore.swift; sourceTree = "<group>"; };
		DD4C8D8B28243E3900D0AB69 /* Globals.swift */ = {isa = PBXFileReference; lastKnownFileType = sourcecode.swift; path = Globals.swift; sourceTree = "<group>"; };
		DD4C8D8E28243EB200D0AB69 /* SearchBar.swift */ = {isa = PBXFileReference; lastKnownFileType = sourcecode.swift; path = SearchBar.swift; sourceTree = "<group>"; };
		DD4DB62C282862F5007A2EF0 /* NFTDetails.swift */ = {isa = PBXFileReference; lastKnownFileType = sourcecode.swift; path = NFTDetails.swift; sourceTree = "<group>"; };
		DD4DB62F28286351007A2EF0 /* StyledLink.swift */ = {isa = PBXFileReference; lastKnownFileType = sourcecode.swift; path = StyledLink.swift; sourceTree = "<group>"; };
		DD4DB63228287A2C007A2EF0 /* InfoRow.swift */ = {isa = PBXFileReference; lastKnownFileType = sourcecode.swift; path = InfoRow.swift; sourceTree = "<group>"; };
		DD6580C827FD110700AAE685 /* NFT.swift */ = {isa = PBXFileReference; lastKnownFileType = sourcecode.swift; path = NFT.swift; sourceTree = "<group>"; };
		DD6580DA27FD116000AAE685 /* Wallet.swift */ = {isa = PBXFileReference; lastKnownFileType = sourcecode.swift; path = Wallet.swift; sourceTree = "<group>"; };
		DD6580E027FD124D00AAE685 /* Colors.swift */ = {isa = PBXFileReference; lastKnownFileType = sourcecode.swift; path = Colors.swift; sourceTree = "<group>"; };
		DD6580E627FD12B600AAE685 /* PreviewContent.swift */ = {isa = PBXFileReference; lastKnownFileType = sourcecode.swift; path = PreviewContent.swift; sourceTree = "<group>"; };
		DD6580E927FD12CA00AAE685 /* PreviewAssets.xcassets */ = {isa = PBXFileReference; lastKnownFileType = folder.assetcatalog; path = PreviewAssets.xcassets; sourceTree = "<group>"; };
		DD6580EC27FD132700AAE685 /* ApiClient.swift */ = {isa = PBXFileReference; lastKnownFileType = sourcecode.swift; path = ApiClient.swift; sourceTree = "<group>"; };
		DD6580F027FD133600AAE685 /* HttpApiClient.swift */ = {isa = PBXFileReference; lastKnownFileType = sourcecode.swift; path = HttpApiClient.swift; sourceTree = "<group>"; };
		DD6580F327FD133E00AAE685 /* MockApiClient.swift */ = {isa = PBXFileReference; lastKnownFileType = sourcecode.swift; path = MockApiClient.swift; sourceTree = "<group>"; };
		DD658107280B60E800AAE685 /* Production.xcconfig */ = {isa = PBXFileReference; lastKnownFileType = text.xcconfig; path = Production.xcconfig; sourceTree = "<group>"; };
		DD658108280B60F400AAE685 /* Development.xcconfig */ = {isa = PBXFileReference; lastKnownFileType = text.xcconfig; path = Development.xcconfig; sourceTree = "<group>"; };
		DD658109280B6F0B00AAE685 /* Base.xcconfig */ = {isa = PBXFileReference; lastKnownFileType = text.xcconfig; path = Base.xcconfig; sourceTree = "<group>"; };
		DD658137280CF9FF00AAE685 /* HomeView.swift */ = {isa = PBXFileReference; lastKnownFileType = sourcecode.swift; path = HomeView.swift; sourceTree = "<group>"; };
		DD65813D280CFA1300AAE685 /* AccountView.swift */ = {isa = PBXFileReference; lastKnownFileType = sourcecode.swift; path = AccountView.swift; sourceTree = "<group>"; };
		DD65814E2813B2B200AAE685 /* NFTCard.swift */ = {isa = PBXFileReference; lastKnownFileType = sourcecode.swift; path = NFTCard.swift; sourceTree = "<group>"; };
		DD658151281466CD00AAE685 /* Configuration.swift */ = {isa = PBXFileReference; lastKnownFileType = sourcecode.swift; path = Configuration.swift; sourceTree = "<group>"; };
		DD6581582815C9B400AAE685 /* DigitalMarket--iOS--Info.plist */ = {isa = PBXFileReference; lastKnownFileType = text.plist; path = "DigitalMarket--iOS--Info.plist"; sourceTree = "<group>"; };
		DD789EAD28263E850035306A /* NFTView.swift */ = {isa = PBXFileReference; lastKnownFileType = sourcecode.swift; path = NFTView.swift; sourceTree = "<group>"; };
		DDA228A8281CA071000B0278 /* ErrorWrapper.swift */ = {isa = PBXFileReference; lastKnownFileType = sourcecode.swift; path = ErrorWrapper.swift; sourceTree = "<group>"; };
		DDA228B0281D91D4000B0278 /* NFTStore.swift */ = {isa = PBXFileReference; lastKnownFileType = sourcecode.swift; path = NFTStore.swift; sourceTree = "<group>"; };
		DDA228B3281D91E0000B0278 /* UserStore.swift */ = {isa = PBXFileReference; lastKnownFileType = sourcecode.swift; path = UserStore.swift; sourceTree = "<group>"; };
		DDEFCCF0282A02B400023791 /* UIImage+Base64.swift */ = {isa = PBXFileReference; lastKnownFileType = sourcecode.swift; path = "UIImage+Base64.swift"; sourceTree = "<group>"; };
		DDEFCCF4282B430E00023791 /* MintNFTRequest.swift */ = {isa = PBXFileReference; lastKnownFileType = sourcecode.swift; path = MintNFTRequest.swift; sourceTree = "<group>"; };
		DDEFCCF7282F0F8C00023791 /* ListNFTView.swift */ = {isa = PBXFileReference; lastKnownFileType = sourcecode.swift; path = ListNFTView.swift; sourceTree = "<group>"; };
		DDF0242B28347EBF00C4F49D /* DigitalMarketUITests.xctest */ = {isa = PBXFileReference; explicitFileType = wrapper.cfbundle; includeInIndex = 0; path = DigitalMarketUITests.xctest; sourceTree = BUILT_PRODUCTS_DIR; };
		DDF0243A28347EF800C4F49D /* HomeViewTests.swift */ = {isa = PBXFileReference; lastKnownFileType = sourcecode.swift; path = HomeViewTests.swift; sourceTree = "<group>"; };
		DDF0243C28347F3000C4F49D /* AccountViewTests.swift */ = {isa = PBXFileReference; lastKnownFileType = sourcecode.swift; path = AccountViewTests.swift; sourceTree = "<group>"; };
		DDF0243E28347F8B00C4F49D /* MintViewTests.swift */ = {isa = PBXFileReference; lastKnownFileType = sourcecode.swift; path = MintViewTests.swift; sourceTree = "<group>"; };
		DDF02441283480CD00C4F49D /* PrimaryButtonStyle.swift */ = {isa = PBXFileReference; lastKnownFileType = sourcecode.swift; path = PrimaryButtonStyle.swift; sourceTree = "<group>"; };
		DDF0244328349AAB00C4F49D /* NFTViewTests.swift */ = {isa = PBXFileReference; lastKnownFileType = sourcecode.swift; path = NFTViewTests.swift; sourceTree = "<group>"; };
/* End PBXFileReference section */

/* Begin PBXFrameworksBuildPhase section */
		DD35E3D727FBC03300181D20 /* Frameworks */ = {
			isa = PBXFrameworksBuildPhase;
			buildActionMask = 2147483647;
			files = (
			);
			runOnlyForDeploymentPostprocessing = 0;
		};
		DD35E3DD27FBC03300181D20 /* Frameworks */ = {
			isa = PBXFrameworksBuildPhase;
			buildActionMask = 2147483647;
			files = (
			);
			runOnlyForDeploymentPostprocessing = 0;
		};
		DD3B393028318F3600142C09 /* Frameworks */ = {
			isa = PBXFrameworksBuildPhase;
			buildActionMask = 2147483647;
			files = (
			);
			runOnlyForDeploymentPostprocessing = 0;
		};
		DDF0242828347EBF00C4F49D /* Frameworks */ = {
			isa = PBXFrameworksBuildPhase;
			buildActionMask = 2147483647;
			files = (
			);
			runOnlyForDeploymentPostprocessing = 0;
		};
/* End PBXFrameworksBuildPhase section */

/* Begin PBXGroup section */
		DD2CAB01281DCE9B00C6FAB3 /* Fonts */ = {
			isa = PBXGroup;
			children = (
				DD2CAB09281DD13600C6FAB3 /* OpenSans-Bold.ttf */,
				DD2CAB07281DD13500C6FAB3 /* OpenSans-ExtraBold.ttf */,
				DD2CAB06281DD13500C6FAB3 /* OpenSans-Light.ttf */,
				DD2CAB05281DD13500C6FAB3 /* OpenSans-Medium.ttf */,
				DD2CAB08281DD13600C6FAB3 /* OpenSans-Regular.ttf */,
				DD2CAB0A281DD13600C6FAB3 /* OpenSans-SemiBold.ttf */,
			);
			path = Fonts;
			sourceTree = "<group>";
		};
		DD35E3CD27FBC03200181D20 = {
			isa = PBXGroup;
			children = (
				DD6581582815C9B400AAE685 /* DigitalMarket--iOS--Info.plist */,
				DD658109280B6F0B00AAE685 /* Base.xcconfig */,
				DD658108280B60F400AAE685 /* Development.xcconfig */,
				DD658107280B60E800AAE685 /* Production.xcconfig */,
				DD35E42A27FBC16700181D20 /* README.md */,
				DD35E3D227FBC03200181D20 /* Shared */,
				DD35E3E127FBC03300181D20 /* macOS */,
				DDF0242C28347EBF00C4F49D /* DigitalMarketUITests */,
				DD35E3DB27FBC03300181D20 /* Products */,
			);
			sourceTree = "<group>";
		};
		DD35E3D227FBC03200181D20 /* Shared */ = {
			isa = PBXGroup;
			children = (
				DD35E3D327FBC03200181D20 /* DigitalMarketApp.swift */,
				DD35E3D527FBC03300181D20 /* Assets.xcassets */,
				DD6580C727FD0F2D00AAE685 /* Models */,
				DD6580DD27FD120200AAE685 /* Views */,
				DDA228AF281D91C6000B0278 /* Stores */,
				DD6580DE27FD121F00AAE685 /* Components */,
				DDF024402834809C00C4F49D /* Modifiers */,
				DD6580E327FD126F00AAE685 /* Network */,
				DD6580DF27FD123700AAE685 /* Styles */,
				DD6580E427FD128900AAE685 /* Utils */,
				DD6580E527FD12A200AAE685 /* PreviewContent */,
				DD658151281466CD00AAE685 /* Configuration.swift */,
			);
			path = Shared;
			sourceTree = "<group>";
		};
		DD35E3DB27FBC03300181D20 /* Products */ = {
			isa = PBXGroup;
			children = (
				DD35E3DA27FBC03300181D20 /* DigitalMarket.app */,
				DD35E3E027FBC03300181D20 /* DigitalMarket.app */,
				DD3B393328318F3600142C09 /* UnitTests.xctest */,
				DDF0242B28347EBF00C4F49D /* DigitalMarketUITests.xctest */,
			);
			name = Products;
			sourceTree = "<group>";
		};
		DD35E3E127FBC03300181D20 /* macOS */ = {
			isa = PBXGroup;
			children = (
				DD35E3E227FBC03300181D20 /* macOS.entitlements */,
			);
			path = macOS;
			sourceTree = "<group>";
		};
		DD6580C727FD0F2D00AAE685 /* Models */ = {
			isa = PBXGroup;
			children = (
				DDEFCCF3282B430200023791 /* Requests */,
				DD6580C827FD110700AAE685 /* NFT.swift */,
				DD6580DA27FD116000AAE685 /* Wallet.swift */,
				DDA228A8281CA071000B0278 /* ErrorWrapper.swift */,
			);
			path = Models;
			sourceTree = "<group>";
		};
		DD6580DD27FD120200AAE685 /* Views */ = {
			isa = PBXGroup;
			children = (
				DDA228AB281D9031000B0278 /* SubViews */,
				DD658137280CF9FF00AAE685 /* HomeView.swift */,
				DD65813D280CFA1300AAE685 /* AccountView.swift */,
				DD2CAB2C281F750E00C6FAB3 /* RootView.swift */,
				DD4C8D7A2821F01500D0AB69 /* MintView.swift */,
			);
			path = Views;
			sourceTree = "<group>";
		};
		DD6580DE27FD121F00AAE685 /* Components */ = {
			isa = PBXGroup;
			children = (
				DD65814E2813B2B200AAE685 /* NFTCard.swift */,
				DD2CAB26281F55FB00C6FAB3 /* IconButton.swift */,
				DD2CAB29281F568C00C6FAB3 /* Logo.swift */,
				DD4C8D7D282358ED00D0AB69 /* ImagePicker.swift */,
				DD4C8D8E28243EB200D0AB69 /* SearchBar.swift */,
				DD4DB62C282862F5007A2EF0 /* NFTDetails.swift */,
				DD4DB62F28286351007A2EF0 /* StyledLink.swift */,
				DD4DB63228287A2C007A2EF0 /* InfoRow.swift */,
				DD3B3927282F3EAF00142C09 /* ObfuscatedField.swift */,
			);
			path = Components;
			sourceTree = "<group>";
		};
		DD6580DF27FD123700AAE685 /* Styles */ = {
			isa = PBXGroup;
			children = (
				DD2CAB01281DCE9B00C6FAB3 /* Fonts */,
				DD6580E027FD124D00AAE685 /* Colors.swift */,
				DD2CAB02281DCFEB00C6FAB3 /* Fonts.swift */,
			);
			path = Styles;
			sourceTree = "<group>";
		};
		DD6580E327FD126F00AAE685 /* Network */ = {
			isa = PBXGroup;
			children = (
				DD6580EC27FD132700AAE685 /* ApiClient.swift */,
				DD6580EF27FD132C00AAE685 /* Clients */,
			);
			path = Network;
			sourceTree = "<group>";
		};
		DD6580E427FD128900AAE685 /* Utils */ = {
			isa = PBXGroup;
			children = (
				DD2CAB3828209A8400C6FAB3 /* ImageCache.swift */,
				DD4C8D8B28243E3900D0AB69 /* Globals.swift */,
				DDEFCCF0282A02B400023791 /* UIImage+Base64.swift */,
			);
			path = Utils;
			sourceTree = "<group>";
		};
		DD6580E527FD12A200AAE685 /* PreviewContent */ = {
			isa = PBXGroup;
			children = (
				DD6580E627FD12B600AAE685 /* PreviewContent.swift */,
				DD6580E927FD12CA00AAE685 /* PreviewAssets.xcassets */,
			);
			path = PreviewContent;
			sourceTree = "<group>";
		};
		DD6580EF27FD132C00AAE685 /* Clients */ = {
			isa = PBXGroup;
			children = (
				DD6580F027FD133600AAE685 /* HttpApiClient.swift */,
				DD6580F327FD133E00AAE685 /* MockApiClient.swift */,
			);
			path = Clients;
			sourceTree = "<group>";
		};
		DDA228AB281D9031000B0278 /* SubViews */ = {
			isa = PBXGroup;
			children = (
				DD2CAAFB281DB32D00C6FAB3 /* ErrorView.swift */,
				DD789EAD28263E850035306A /* NFTView.swift */,
				DDEFCCF7282F0F8C00023791 /* ListNFTView.swift */,
			);
			path = SubViews;
			sourceTree = "<group>";
		};
		DDA228AF281D91C6000B0278 /* Stores */ = {
			isa = PBXGroup;
			children = (
				DDA228B0281D91D4000B0278 /* NFTStore.swift */,
				DDA228B3281D91E0000B0278 /* UserStore.swift */,
				DD4C8D802823593A00D0AB69 /* RemoteImageStore.swift */,
			);
			path = Stores;
			sourceTree = "<group>";
		};
		DDEFCCF3282B430200023791 /* Requests */ = {
			isa = PBXGroup;
			children = (
				DDEFCCF4282B430E00023791 /* MintNFTRequest.swift */,
			);
			path = Requests;
			sourceTree = "<group>";
		};
		DDF0242C28347EBF00C4F49D /* DigitalMarketUITests */ = {
			isa = PBXGroup;
			children = (
				DDF0243A28347EF800C4F49D /* HomeViewTests.swift */,
				DDF0243C28347F3000C4F49D /* AccountViewTests.swift */,
				DDF0243E28347F8B00C4F49D /* MintViewTests.swift */,
				DDF0244328349AAB00C4F49D /* NFTViewTests.swift */,
			);
			path = DigitalMarketUITests;
			sourceTree = "<group>";
		};
		DDF024402834809C00C4F49D /* Modifiers */ = {
			isa = PBXGroup;
			children = (
				DDF02441283480CD00C4F49D /* PrimaryButtonStyle.swift */,
			);
			path = Modifiers;
			sourceTree = "<group>";
		};
/* End PBXGroup section */

/* Begin PBXNativeTarget section */
		DD35E3D927FBC03300181D20 /* DigitalMarket (iOS) */ = {
			isa = PBXNativeTarget;
			buildConfigurationList = DD35E40327FBC03300181D20 /* Build configuration list for PBXNativeTarget "DigitalMarket (iOS)" */;
			buildPhases = (
				DD35E3D627FBC03300181D20 /* Sources */,
				DD35E3D727FBC03300181D20 /* Frameworks */,
				DD35E3D827FBC03300181D20 /* Resources */,
			);
			buildRules = (
			);
			dependencies = (
			);
			name = "DigitalMarket (iOS)";
			packageProductDependencies = (
			);
			productName = "DigitalMarket (iOS)";
			productReference = DD35E3DA27FBC03300181D20 /* DigitalMarket.app */;
			productType = "com.apple.product-type.application";
		};
		DD35E3DF27FBC03300181D20 /* DigitalMarket (macOS) */ = {
			isa = PBXNativeTarget;
			buildConfigurationList = DD35E40627FBC03300181D20 /* Build configuration list for PBXNativeTarget "DigitalMarket (macOS)" */;
			buildPhases = (
				DD35E3DC27FBC03300181D20 /* Sources */,
				DD35E3DD27FBC03300181D20 /* Frameworks */,
				DD35E3DE27FBC03300181D20 /* Resources */,
			);
			buildRules = (
			);
			dependencies = (
			);
			name = "DigitalMarket (macOS)";
			productName = "DigitalMarket (macOS)";
			productReference = DD35E3E027FBC03300181D20 /* DigitalMarket.app */;
			productType = "com.apple.product-type.application";
		};
		DD3B393228318F3600142C09 /* UnitTests */ = {
			isa = PBXNativeTarget;
			buildConfigurationList = DD3B393928318F3600142C09 /* Build configuration list for PBXNativeTarget "UnitTests" */;
			buildPhases = (
				DD3B392F28318F3600142C09 /* Sources */,
				DD3B393028318F3600142C09 /* Frameworks */,
				DD3B393128318F3600142C09 /* Resources */,
			);
			buildRules = (
			);
			dependencies = (
				DD3B393828318F3600142C09 /* PBXTargetDependency */,
			);
			name = UnitTests;
			productName = UnitTests;
			productReference = DD3B393328318F3600142C09 /* UnitTests.xctest */;
			productType = "com.apple.product-type.bundle.unit-test";
		};
		DDF0242A28347EBF00C4F49D /* DigitalMarketUITests */ = {
			isa = PBXNativeTarget;
			buildConfigurationList = DDF0243328347EBF00C4F49D /* Build configuration list for PBXNativeTarget "DigitalMarketUITests" */;
			buildPhases = (
				DDF0242728347EBF00C4F49D /* Sources */,
				DDF0242828347EBF00C4F49D /* Frameworks */,
				DDF0242928347EBF00C4F49D /* Resources */,
			);
			buildRules = (
			);
			dependencies = (
				DDF0243228347EBF00C4F49D /* PBXTargetDependency */,
			);
			name = DigitalMarketUITests;
			productName = DigitalMarketUITests;
			productReference = DDF0242B28347EBF00C4F49D /* DigitalMarketUITests.xctest */;
			productType = "com.apple.product-type.bundle.ui-testing";
		};
/* End PBXNativeTarget section */

/* Begin PBXProject section */
		DD35E3CE27FBC03200181D20 /* Project object */ = {
			isa = PBXProject;
			attributes = {
				BuildIndependentTargetsInParallel = 1;
				LastSwiftUpdateCheck = 1330;
				LastUpgradeCheck = 1330;
				TargetAttributes = {
					DD35E3D927FBC03300181D20 = {
						CreatedOnToolsVersion = 13.1;
					};
					DD35E3DF27FBC03300181D20 = {
						CreatedOnToolsVersion = 13.1;
					};
					DD3B393228318F3600142C09 = {
						CreatedOnToolsVersion = 13.3;
						TestTargetID = DD35E3D927FBC03300181D20;
					};
					DDF0242A28347EBF00C4F49D = {
						CreatedOnToolsVersion = 13.3;
						TestTargetID = DD35E3D927FBC03300181D20;
					};
				};
			};
			buildConfigurationList = DD35E3D127FBC03200181D20 /* Build configuration list for PBXProject "DigitalMarket" */;
			compatibilityVersion = "Xcode 13.0";
			developmentRegion = en;
			hasScannedForEncodings = 0;
			knownRegions = (
				en,
				Base,
			);
			mainGroup = DD35E3CD27FBC03200181D20;
			packageReferences = (
			);
			productRefGroup = DD35E3DB27FBC03300181D20 /* Products */;
			projectDirPath = "";
			projectRoot = "";
			targets = (
				DD35E3D927FBC03300181D20 /* DigitalMarket (iOS) */,
				DD35E3DF27FBC03300181D20 /* DigitalMarket (macOS) */,
				DD3B393228318F3600142C09 /* UnitTests */,
				DDF0242A28347EBF00C4F49D /* DigitalMarketUITests */,
			);
		};
/* End PBXProject section */

/* Begin PBXResourcesBuildPhase section */
		DD35E3D827FBC03300181D20 /* Resources */ = {
			isa = PBXResourcesBuildPhase;
			buildActionMask = 2147483647;
			files = (
				DD2CAB11281DD14300C6FAB3 /* OpenSans-Medium.ttf in Resources */,
				DD2CAB10281DD14300C6FAB3 /* OpenSans-Light.ttf in Resources */,
				DD35E3FF27FBC03300181D20 /* Assets.xcassets in Resources */,
				DD6580EA27FD12CA00AAE685 /* PreviewAssets.xcassets in Resources */,
				DD2CAB0F281DD14300C6FAB3 /* OpenSans-SemiBold.ttf in Resources */,
				DD2CAB0B281DD13D00C6FAB3 /* OpenSans-Bold.ttf in Resources */,
				DD2CAB12281DD14300C6FAB3 /* OpenSans-Regular.ttf in Resources */,
				DD2CAB0D281DD13F00C6FAB3 /* OpenSans-ExtraBold.ttf in Resources */,
			);
			runOnlyForDeploymentPostprocessing = 0;
		};
		DD35E3DE27FBC03300181D20 /* Resources */ = {
			isa = PBXResourcesBuildPhase;
			buildActionMask = 2147483647;
			files = (
				DD2CAB15281DD14300C6FAB3 /* OpenSans-Medium.ttf in Resources */,
				DD2CAB14281DD14300C6FAB3 /* OpenSans-Light.ttf in Resources */,
				DD35E40027FBC03300181D20 /* Assets.xcassets in Resources */,
				DD6580EB27FD12CA00AAE685 /* PreviewAssets.xcassets in Resources */,
				DD2CAB13281DD14300C6FAB3 /* OpenSans-SemiBold.ttf in Resources */,
				DD2CAB0C281DD13D00C6FAB3 /* OpenSans-Bold.ttf in Resources */,
				DD2CAB16281DD14300C6FAB3 /* OpenSans-Regular.ttf in Resources */,
				DD2CAB0E281DD13F00C6FAB3 /* OpenSans-ExtraBold.ttf in Resources */,
			);
			runOnlyForDeploymentPostprocessing = 0;
		};
		DD3B393128318F3600142C09 /* Resources */ = {
			isa = PBXResourcesBuildPhase;
			buildActionMask = 2147483647;
			files = (
			);
			runOnlyForDeploymentPostprocessing = 0;
		};
		DDF0242928347EBF00C4F49D /* Resources */ = {
			isa = PBXResourcesBuildPhase;
			buildActionMask = 2147483647;
			files = (
			);
			runOnlyForDeploymentPostprocessing = 0;
		};
/* End PBXResourcesBuildPhase section */

/* Begin PBXSourcesBuildPhase section */
		DD35E3D627FBC03300181D20 /* Sources */ = {
			isa = PBXSourcesBuildPhase;
			buildActionMask = 2147483647;
			files = (
				DDF02442283480CD00C4F49D /* PrimaryButtonStyle.swift in Sources */,
				DD2CAAFC281DB32D00C6FAB3 /* ErrorView.swift in Sources */,
				DD2CAB03281DCFEB00C6FAB3 /* Fonts.swift in Sources */,
				DD65814F2813B2B200AAE685 /* NFTCard.swift in Sources */,
				DD6580E127FD124D00AAE685 /* Colors.swift in Sources */,
				DD65813E280CFA1300AAE685 /* AccountView.swift in Sources */,
				DD3B3928282F3EAF00142C09 /* ObfuscatedField.swift in Sources */,
				DD6580E727FD12B600AAE685 /* PreviewContent.swift in Sources */,
				DD789EAE28263E850035306A /* NFTView.swift in Sources */,
				DD2CAB27281F55FB00C6FAB3 /* IconButton.swift in Sources */,
				DD4DB62D282862F5007A2EF0 /* NFTDetails.swift in Sources */,
				DD4C8D812823593A00D0AB69 /* RemoteImageStore.swift in Sources */,
				DDEFCCF1282A02B400023791 /* UIImage+Base64.swift in Sources */,
				DD2CAB2D281F750E00C6FAB3 /* RootView.swift in Sources */,
				DDA228B1281D91D4000B0278 /* NFTStore.swift in Sources */,
				DD658152281466CD00AAE685 /* Configuration.swift in Sources */,
				DD4DB63028286351007A2EF0 /* StyledLink.swift in Sources */,
				DD4C8D8C28243E3900D0AB69 /* Globals.swift in Sources */,
				DD4DB63328287A2C007A2EF0 /* InfoRow.swift in Sources */,
				DD35E3FB27FBC03300181D20 /* DigitalMarketApp.swift in Sources */,
				DD4C8D7E282358ED00D0AB69 /* ImagePicker.swift in Sources */,
				DDEFCCF8282F0F8C00023791 /* ListNFTView.swift in Sources */,
				DD2CAB2A281F568C00C6FAB3 /* Logo.swift in Sources */,
				DD6580F127FD133600AAE685 /* HttpApiClient.swift in Sources */,
				DD4C8D8F28243EB200D0AB69 /* SearchBar.swift in Sources */,
				DDA228A9281CA071000B0278 /* ErrorWrapper.swift in Sources */,
				DDEFCCF5282B430E00023791 /* MintNFTRequest.swift in Sources */,
				DD6580DB27FD116000AAE685 /* Wallet.swift in Sources */,
				DDA228B4281D91E0000B0278 /* UserStore.swift in Sources */,
				DD658138280CF9FF00AAE685 /* HomeView.swift in Sources */,
				DD6580C927FD110700AAE685 /* NFT.swift in Sources */,
				DD2CAB3928209A8400C6FAB3 /* ImageCache.swift in Sources */,
				DD6580ED27FD132700AAE685 /* ApiClient.swift in Sources */,
				DD6580F427FD133E00AAE685 /* MockApiClient.swift in Sources */,
				DD4C8D7B2821F01500D0AB69 /* MintView.swift in Sources */,
			);
			runOnlyForDeploymentPostprocessing = 0;
		};
		DD35E3DC27FBC03300181D20 /* Sources */ = {
			isa = PBXSourcesBuildPhase;
			buildActionMask = 2147483647;
			files = (
				DD2CAAFD281DB32D00C6FAB3 /* ErrorView.swift in Sources */,
				DD2CAB04281DCFEB00C6FAB3 /* Fonts.swift in Sources */,
				DD6581502813B2B200AAE685 /* NFTCard.swift in Sources */,
				DD6580E227FD124D00AAE685 /* Colors.swift in Sources */,
				DD65813F280CFA1300AAE685 /* AccountView.swift in Sources */,
				DD3B3929282F3EAF00142C09 /* ObfuscatedField.swift in Sources */,
				DD6580E827FD12B600AAE685 /* PreviewContent.swift in Sources */,
				DD789EAF28263E850035306A /* NFTView.swift in Sources */,
				DD2CAB28281F55FB00C6FAB3 /* IconButton.swift in Sources */,
				DD4DB62E282862F5007A2EF0 /* NFTDetails.swift in Sources */,
				DD4C8D822823593A00D0AB69 /* RemoteImageStore.swift in Sources */,
				DDEFCCF2282A02B400023791 /* UIImage+Base64.swift in Sources */,
				DD2CAB2E281F750E00C6FAB3 /* RootView.swift in Sources */,
				DDA228B2281D91D4000B0278 /* NFTStore.swift in Sources */,
				DD658153281466CD00AAE685 /* Configuration.swift in Sources */,
				DD4DB63128286351007A2EF0 /* StyledLink.swift in Sources */,
				DD4C8D8D28243E3900D0AB69 /* Globals.swift in Sources */,
				DD4DB63428287A2C007A2EF0 /* InfoRow.swift in Sources */,
				DD35E3FC27FBC03300181D20 /* DigitalMarketApp.swift in Sources */,
				DD4C8D7F282358ED00D0AB69 /* ImagePicker.swift in Sources */,
				DDEFCCF9282F0F8C00023791 /* ListNFTView.swift in Sources */,
				DD2CAB2B281F568C00C6FAB3 /* Logo.swift in Sources */,
				DD6580F227FD133600AAE685 /* HttpApiClient.swift in Sources */,
				DD4C8D9028243EB200D0AB69 /* SearchBar.swift in Sources */,
				DDA228AA281CA071000B0278 /* ErrorWrapper.swift in Sources */,
				DDEFCCF6282B430E00023791 /* MintNFTRequest.swift in Sources */,
				DD6580DC27FD116000AAE685 /* Wallet.swift in Sources */,
				DDA228B5281D91E0000B0278 /* UserStore.swift in Sources */,
				DD658139280CF9FF00AAE685 /* HomeView.swift in Sources */,
				DD6580CA27FD110700AAE685 /* NFT.swift in Sources */,
				DD2CAB3A28209A8400C6FAB3 /* ImageCache.swift in Sources */,
				DD6580EE27FD132700AAE685 /* ApiClient.swift in Sources */,
				DD6580F527FD133E00AAE685 /* MockApiClient.swift in Sources */,
				DD4C8D7C2821F01500D0AB69 /* MintView.swift in Sources */,
			);
			runOnlyForDeploymentPostprocessing = 0;
		};
		DD3B392F28318F3600142C09 /* Sources */ = {
			isa = PBXSourcesBuildPhase;
			buildActionMask = 2147483647;
			files = (
			);
			runOnlyForDeploymentPostprocessing = 0;
		};
		DDF0242728347EBF00C4F49D /* Sources */ = {
			isa = PBXSourcesBuildPhase;
			buildActionMask = 2147483647;
			files = (
				DDF0243D28347F3000C4F49D /* AccountViewTests.swift in Sources */,
				DDF0243B28347EF800C4F49D /* HomeViewTests.swift in Sources */,
				DDF0243F28347F8B00C4F49D /* MintViewTests.swift in Sources */,
				DDF0244428349AAB00C4F49D /* NFTViewTests.swift in Sources */,
			);
			runOnlyForDeploymentPostprocessing = 0;
		};
/* End PBXSourcesBuildPhase section */

/* Begin PBXTargetDependency section */
		DD3B393828318F3600142C09 /* PBXTargetDependency */ = {
			isa = PBXTargetDependency;
			target = DD35E3D927FBC03300181D20 /* DigitalMarket (iOS) */;
			targetProxy = DD3B393728318F3600142C09 /* PBXContainerItemProxy */;
		};
		DDF0243228347EBF00C4F49D /* PBXTargetDependency */ = {
			isa = PBXTargetDependency;
			target = DD35E3D927FBC03300181D20 /* DigitalMarket (iOS) */;
			targetProxy = DDF0243128347EBF00C4F49D /* PBXContainerItemProxy */;
		};
/* End PBXTargetDependency section */

/* Begin XCBuildConfiguration section */
		DD35E40127FBC03300181D20 /* Debug Development */ = {
			isa = XCBuildConfiguration;
			baseConfigurationReference = DD658109280B6F0B00AAE685 /* Base.xcconfig */;
			buildSettings = {
				ALWAYS_SEARCH_USER_PATHS = NO;
				CLANG_ANALYZER_NONNULL = YES;
				CLANG_ANALYZER_NUMBER_OBJECT_CONVERSION = YES_AGGRESSIVE;
				CLANG_CXX_LANGUAGE_STANDARD = "gnu++17";
				CLANG_CXX_LIBRARY = "libc++";
				CLANG_ENABLE_MODULES = YES;
				CLANG_ENABLE_OBJC_ARC = YES;
				CLANG_ENABLE_OBJC_WEAK = YES;
				CLANG_WARN_BLOCK_CAPTURE_AUTORELEASING = YES;
				CLANG_WARN_BOOL_CONVERSION = YES;
				CLANG_WARN_COMMA = YES;
				CLANG_WARN_CONSTANT_CONVERSION = YES;
				CLANG_WARN_DEPRECATED_OBJC_IMPLEMENTATIONS = YES;
				CLANG_WARN_DIRECT_OBJC_ISA_USAGE = YES_ERROR;
				CLANG_WARN_DOCUMENTATION_COMMENTS = YES;
				CLANG_WARN_EMPTY_BODY = YES;
				CLANG_WARN_ENUM_CONVERSION = YES;
				CLANG_WARN_INFINITE_RECURSION = YES;
				CLANG_WARN_INT_CONVERSION = YES;
				CLANG_WARN_NON_LITERAL_NULL_CONVERSION = YES;
				CLANG_WARN_OBJC_IMPLICIT_RETAIN_SELF = YES;
				CLANG_WARN_OBJC_LITERAL_CONVERSION = YES;
				CLANG_WARN_OBJC_ROOT_CLASS = YES_ERROR;
				CLANG_WARN_QUOTED_INCLUDE_IN_FRAMEWORK_HEADER = YES;
				CLANG_WARN_RANGE_LOOP_ANALYSIS = YES;
				CLANG_WARN_STRICT_PROTOTYPES = YES;
				CLANG_WARN_SUSPICIOUS_MOVE = YES;
				CLANG_WARN_UNGUARDED_AVAILABILITY = YES_AGGRESSIVE;
				CLANG_WARN_UNREACHABLE_CODE = YES;
				CLANG_WARN__DUPLICATE_METHOD_MATCH = YES;
				COPY_PHASE_STRIP = NO;
				DEBUG_INFORMATION_FORMAT = dwarf;
				ENABLE_STRICT_OBJC_MSGSEND = YES;
				ENABLE_TESTABILITY = YES;
				GCC_C_LANGUAGE_STANDARD = gnu11;
				GCC_DYNAMIC_NO_PIC = NO;
				GCC_NO_COMMON_BLOCKS = YES;
				GCC_OPTIMIZATION_LEVEL = 0;
				GCC_PREPROCESSOR_DEFINITIONS = (
					"DEBUG=1",
					"$(inherited)",
				);
				GCC_WARN_64_TO_32_BIT_CONVERSION = YES;
				GCC_WARN_ABOUT_RETURN_TYPE = YES_ERROR;
				GCC_WARN_UNDECLARED_SELECTOR = YES;
				GCC_WARN_UNINITIALIZED_AUTOS = YES_AGGRESSIVE;
				GCC_WARN_UNUSED_FUNCTION = YES;
				GCC_WARN_UNUSED_VARIABLE = YES;
				MTL_ENABLE_DEBUG_INFO = INCLUDE_SOURCE;
				MTL_FAST_MATH = YES;
				ONLY_ACTIVE_ARCH = YES;
				SWIFT_ACTIVE_COMPILATION_CONDITIONS = DEBUG;
				SWIFT_OPTIMIZATION_LEVEL = "-Onone";
			};
			name = "Debug Development";
		};
		DD35E40227FBC03300181D20 /* Release Development */ = {
			isa = XCBuildConfiguration;
			baseConfigurationReference = DD658109280B6F0B00AAE685 /* Base.xcconfig */;
			buildSettings = {
				ALWAYS_SEARCH_USER_PATHS = NO;
				CLANG_ANALYZER_NONNULL = YES;
				CLANG_ANALYZER_NUMBER_OBJECT_CONVERSION = YES_AGGRESSIVE;
				CLANG_CXX_LANGUAGE_STANDARD = "gnu++17";
				CLANG_CXX_LIBRARY = "libc++";
				CLANG_ENABLE_MODULES = YES;
				CLANG_ENABLE_OBJC_ARC = YES;
				CLANG_ENABLE_OBJC_WEAK = YES;
				CLANG_WARN_BLOCK_CAPTURE_AUTORELEASING = YES;
				CLANG_WARN_BOOL_CONVERSION = YES;
				CLANG_WARN_COMMA = YES;
				CLANG_WARN_CONSTANT_CONVERSION = YES;
				CLANG_WARN_DEPRECATED_OBJC_IMPLEMENTATIONS = YES;
				CLANG_WARN_DIRECT_OBJC_ISA_USAGE = YES_ERROR;
				CLANG_WARN_DOCUMENTATION_COMMENTS = YES;
				CLANG_WARN_EMPTY_BODY = YES;
				CLANG_WARN_ENUM_CONVERSION = YES;
				CLANG_WARN_INFINITE_RECURSION = YES;
				CLANG_WARN_INT_CONVERSION = YES;
				CLANG_WARN_NON_LITERAL_NULL_CONVERSION = YES;
				CLANG_WARN_OBJC_IMPLICIT_RETAIN_SELF = YES;
				CLANG_WARN_OBJC_LITERAL_CONVERSION = YES;
				CLANG_WARN_OBJC_ROOT_CLASS = YES_ERROR;
				CLANG_WARN_QUOTED_INCLUDE_IN_FRAMEWORK_HEADER = YES;
				CLANG_WARN_RANGE_LOOP_ANALYSIS = YES;
				CLANG_WARN_STRICT_PROTOTYPES = YES;
				CLANG_WARN_SUSPICIOUS_MOVE = YES;
				CLANG_WARN_UNGUARDED_AVAILABILITY = YES_AGGRESSIVE;
				CLANG_WARN_UNREACHABLE_CODE = YES;
				CLANG_WARN__DUPLICATE_METHOD_MATCH = YES;
				COPY_PHASE_STRIP = NO;
				DEBUG_INFORMATION_FORMAT = "dwarf-with-dsym";
				ENABLE_NS_ASSERTIONS = NO;
				ENABLE_STRICT_OBJC_MSGSEND = YES;
				GCC_C_LANGUAGE_STANDARD = gnu11;
				GCC_NO_COMMON_BLOCKS = YES;
				GCC_WARN_64_TO_32_BIT_CONVERSION = YES;
				GCC_WARN_ABOUT_RETURN_TYPE = YES_ERROR;
				GCC_WARN_UNDECLARED_SELECTOR = YES;
				GCC_WARN_UNINITIALIZED_AUTOS = YES_AGGRESSIVE;
				GCC_WARN_UNUSED_FUNCTION = YES;
				GCC_WARN_UNUSED_VARIABLE = YES;
				MTL_ENABLE_DEBUG_INFO = NO;
				MTL_FAST_MATH = YES;
				SWIFT_COMPILATION_MODE = wholemodule;
				SWIFT_OPTIMIZATION_LEVEL = "-O";
			};
			name = "Release Development";
		};
		DD35E40427FBC03300181D20 /* Debug Development */ = {
			isa = XCBuildConfiguration;
			baseConfigurationReference = DD658108280B60F400AAE685 /* Development.xcconfig */;
			buildSettings = {
				ASSETCATALOG_COMPILER_APPICON_NAME = AppIcon;
				ASSETCATALOG_COMPILER_GLOBAL_ACCENT_COLOR_NAME = AccentColor;
				CODE_SIGN_STYLE = Automatic;
				CURRENT_PROJECT_VERSION = 1;
				DEVELOPMENT_TEAM = WU2A259UNF;
				ENABLE_PREVIEWS = YES;
				GENERATE_INFOPLIST_FILE = YES;
				INFOPLIST_FILE = "DigitalMarket--iOS--Info.plist";
				INFOPLIST_KEY_UIApplicationSceneManifest_Generation = YES;
				INFOPLIST_KEY_UIApplicationSupportsIndirectInputEvents = YES;
				INFOPLIST_KEY_UILaunchScreen_Generation = YES;
				INFOPLIST_KEY_UISupportedInterfaceOrientations = UIInterfaceOrientationPortrait;
				INFOPLIST_KEY_UISupportedInterfaceOrientations_iPad = "UIInterfaceOrientationPortrait UIInterfaceOrientationPortraitUpsideDown UIInterfaceOrientationLandscapeLeft UIInterfaceOrientationLandscapeRight";
				INFOPLIST_KEY_UISupportedInterfaceOrientations_iPhone = "UIInterfaceOrientationPortrait UIInterfaceOrientationLandscapeLeft UIInterfaceOrientationLandscapeRight";
				INFOPLIST_KEY_UIUserInterfaceStyle = Light;
				IPHONEOS_DEPLOYMENT_TARGET = 15.0;
				LD_RUNPATH_SEARCH_PATHS = (
					"$(inherited)",
					"@executable_path/Frameworks",
				);
				MARKETING_VERSION = 1.0;
				PRODUCT_BUNDLE_IDENTIFIER = com.zoe.dam.debug.dev;
				PRODUCT_NAME = DigitalMarket;
				SDKROOT = iphoneos;
				SWIFT_EMIT_LOC_STRINGS = YES;
				SWIFT_VERSION = 5.0;
				TARGETED_DEVICE_FAMILY = "1,2";
			};
			name = "Debug Development";
		};
		DD35E40527FBC03300181D20 /* Release Development */ = {
			isa = XCBuildConfiguration;
			baseConfigurationReference = DD658108280B60F400AAE685 /* Development.xcconfig */;
			buildSettings = {
				ASSETCATALOG_COMPILER_APPICON_NAME = AppIcon;
				ASSETCATALOG_COMPILER_GLOBAL_ACCENT_COLOR_NAME = AccentColor;
				CODE_SIGN_STYLE = Automatic;
				CURRENT_PROJECT_VERSION = 1;
				DEVELOPMENT_TEAM = WU2A259UNF;
				ENABLE_PREVIEWS = YES;
				GENERATE_INFOPLIST_FILE = YES;
				INFOPLIST_FILE = "DigitalMarket--iOS--Info.plist";
				INFOPLIST_KEY_UIApplicationSceneManifest_Generation = YES;
				INFOPLIST_KEY_UIApplicationSupportsIndirectInputEvents = YES;
				INFOPLIST_KEY_UILaunchScreen_Generation = YES;
				INFOPLIST_KEY_UISupportedInterfaceOrientations = UIInterfaceOrientationPortrait;
				INFOPLIST_KEY_UISupportedInterfaceOrientations_iPad = "UIInterfaceOrientationPortrait UIInterfaceOrientationPortraitUpsideDown UIInterfaceOrientationLandscapeLeft UIInterfaceOrientationLandscapeRight";
				INFOPLIST_KEY_UISupportedInterfaceOrientations_iPhone = "UIInterfaceOrientationPortrait UIInterfaceOrientationLandscapeLeft UIInterfaceOrientationLandscapeRight";
				INFOPLIST_KEY_UIUserInterfaceStyle = Light;
				IPHONEOS_DEPLOYMENT_TARGET = 15.0;
				LD_RUNPATH_SEARCH_PATHS = (
					"$(inherited)",
					"@executable_path/Frameworks",
				);
				MARKETING_VERSION = 1.0;
				PRODUCT_BUNDLE_IDENTIFIER = com.zoe.dam.release.dev;
				PRODUCT_NAME = DigitalMarket;
				SDKROOT = iphoneos;
				SWIFT_EMIT_LOC_STRINGS = YES;
				SWIFT_VERSION = 5.0;
				TARGETED_DEVICE_FAMILY = "1,2";
				VALIDATE_PRODUCT = YES;
			};
			name = "Release Development";
		};
		DD35E40727FBC03300181D20 /* Debug Development */ = {
			isa = XCBuildConfiguration;
			baseConfigurationReference = DD658108280B60F400AAE685 /* Development.xcconfig */;
			buildSettings = {
				ASSETCATALOG_COMPILER_APPICON_NAME = AppIcon;
				ASSETCATALOG_COMPILER_GLOBAL_ACCENT_COLOR_NAME = AccentColor;
				CODE_SIGN_ENTITLEMENTS = macOS/macOS.entitlements;
				CODE_SIGN_IDENTITY = "-";
				CODE_SIGN_STYLE = Automatic;
				COMBINE_HIDPI_IMAGES = YES;
				CURRENT_PROJECT_VERSION = 1;
				DEVELOPMENT_TEAM = WU2A259UNF;
				ENABLE_HARDENED_RUNTIME = YES;
				ENABLE_PREVIEWS = YES;
				GENERATE_INFOPLIST_FILE = YES;
				INFOPLIST_KEY_NSHumanReadableCopyright = "";
				LD_RUNPATH_SEARCH_PATHS = (
					"$(inherited)",
					"@executable_path/../Frameworks",
				);
				MACOSX_DEPLOYMENT_TARGET = 12.0;
				MARKETING_VERSION = 1.0;
				PRODUCT_BUNDLE_IDENTIFIER = com.zoe.DigitalMarket;
				PRODUCT_NAME = DigitalMarket;
				SDKROOT = macosx;
				SWIFT_EMIT_LOC_STRINGS = YES;
				SWIFT_VERSION = 5.0;
			};
			name = "Debug Development";
		};
		DD35E40827FBC03300181D20 /* Release Development */ = {
			isa = XCBuildConfiguration;
			baseConfigurationReference = DD658108280B60F400AAE685 /* Development.xcconfig */;
			buildSettings = {
				ASSETCATALOG_COMPILER_APPICON_NAME = AppIcon;
				ASSETCATALOG_COMPILER_GLOBAL_ACCENT_COLOR_NAME = AccentColor;
				CODE_SIGN_ENTITLEMENTS = macOS/macOS.entitlements;
				CODE_SIGN_IDENTITY = "-";
				CODE_SIGN_STYLE = Automatic;
				COMBINE_HIDPI_IMAGES = YES;
				CURRENT_PROJECT_VERSION = 1;
				DEVELOPMENT_TEAM = WU2A259UNF;
				ENABLE_HARDENED_RUNTIME = YES;
				ENABLE_PREVIEWS = YES;
				GENERATE_INFOPLIST_FILE = YES;
				INFOPLIST_KEY_NSHumanReadableCopyright = "";
				LD_RUNPATH_SEARCH_PATHS = (
					"$(inherited)",
					"@executable_path/../Frameworks",
				);
				MACOSX_DEPLOYMENT_TARGET = 12.0;
				MARKETING_VERSION = 1.0;
				PRODUCT_BUNDLE_IDENTIFIER = com.zoe.DigitalMarket;
				PRODUCT_NAME = DigitalMarket;
				SDKROOT = macosx;
				SWIFT_EMIT_LOC_STRINGS = YES;
				SWIFT_VERSION = 5.0;
			};
			name = "Release Development";
		};
		DD3B393A28318F3600142C09 /* Debug Development */ = {
			isa = XCBuildConfiguration;
			buildSettings = {
				ALWAYS_SEARCH_USER_PATHS = NO;
				BUNDLE_LOADER = "$(TEST_HOST)";
				CLANG_ANALYZER_NONNULL = YES;
				CLANG_ANALYZER_NUMBER_OBJECT_CONVERSION = YES_AGGRESSIVE;
				CLANG_CXX_LANGUAGE_STANDARD = "gnu++17";
				CLANG_ENABLE_MODULES = YES;
				CLANG_ENABLE_OBJC_ARC = YES;
				CLANG_ENABLE_OBJC_WEAK = YES;
				CLANG_WARN_BLOCK_CAPTURE_AUTORELEASING = YES;
				CLANG_WARN_BOOL_CONVERSION = YES;
				CLANG_WARN_COMMA = YES;
				CLANG_WARN_CONSTANT_CONVERSION = YES;
				CLANG_WARN_DEPRECATED_OBJC_IMPLEMENTATIONS = YES;
				CLANG_WARN_DIRECT_OBJC_ISA_USAGE = YES_ERROR;
				CLANG_WARN_DOCUMENTATION_COMMENTS = YES;
				CLANG_WARN_EMPTY_BODY = YES;
				CLANG_WARN_ENUM_CONVERSION = YES;
				CLANG_WARN_INFINITE_RECURSION = YES;
				CLANG_WARN_INT_CONVERSION = YES;
				CLANG_WARN_NON_LITERAL_NULL_CONVERSION = YES;
				CLANG_WARN_OBJC_IMPLICIT_RETAIN_SELF = YES;
				CLANG_WARN_OBJC_LITERAL_CONVERSION = YES;
				CLANG_WARN_OBJC_ROOT_CLASS = YES_ERROR;
				CLANG_WARN_QUOTED_INCLUDE_IN_FRAMEWORK_HEADER = YES;
				CLANG_WARN_RANGE_LOOP_ANALYSIS = YES;
				CLANG_WARN_STRICT_PROTOTYPES = YES;
				CLANG_WARN_SUSPICIOUS_MOVE = YES;
				CLANG_WARN_UNGUARDED_AVAILABILITY = YES_AGGRESSIVE;
				CLANG_WARN_UNREACHABLE_CODE = YES;
				CLANG_WARN__DUPLICATE_METHOD_MATCH = YES;
				CODE_SIGN_STYLE = Automatic;
				COPY_PHASE_STRIP = NO;
				CURRENT_PROJECT_VERSION = 1;
				DEBUG_INFORMATION_FORMAT = dwarf;
				DEVELOPMENT_TEAM = WU2A259UNF;
				ENABLE_STRICT_OBJC_MSGSEND = YES;
				ENABLE_TESTABILITY = YES;
				GCC_C_LANGUAGE_STANDARD = gnu11;
				GCC_DYNAMIC_NO_PIC = NO;
				GCC_NO_COMMON_BLOCKS = YES;
				GCC_OPTIMIZATION_LEVEL = 0;
				GCC_PREPROCESSOR_DEFINITIONS = (
					"DEBUG=1",
					"$(inherited)",
				);
				GCC_WARN_64_TO_32_BIT_CONVERSION = YES;
				GCC_WARN_ABOUT_RETURN_TYPE = YES_ERROR;
				GCC_WARN_UNDECLARED_SELECTOR = YES;
				GCC_WARN_UNINITIALIZED_AUTOS = YES_AGGRESSIVE;
				GCC_WARN_UNUSED_FUNCTION = YES;
				GCC_WARN_UNUSED_VARIABLE = YES;
				GENERATE_INFOPLIST_FILE = YES;
				IPHONEOS_DEPLOYMENT_TARGET = 15.4;
				MARKETING_VERSION = 1.0;
				MTL_ENABLE_DEBUG_INFO = INCLUDE_SOURCE;
				MTL_FAST_MATH = YES;
				ONLY_ACTIVE_ARCH = YES;
				PRODUCT_BUNDLE_IDENTIFIER = com.zoe.UnitTests;
				PRODUCT_NAME = "$(TARGET_NAME)";
				SDKROOT = iphoneos;
				SWIFT_ACTIVE_COMPILATION_CONDITIONS = DEBUG;
				SWIFT_EMIT_LOC_STRINGS = NO;
				SWIFT_OPTIMIZATION_LEVEL = "-Onone";
				SWIFT_VERSION = 5.0;
				TARGETED_DEVICE_FAMILY = "1,2";
				TEST_HOST = "$(BUILT_PRODUCTS_DIR)/DigitalMarket.app/DigitalMarket";
			};
			name = "Debug Development";
		};
		DD3B393B28318F3600142C09 /* Debug Production */ = {
			isa = XCBuildConfiguration;
			buildSettings = {
				ALWAYS_SEARCH_USER_PATHS = NO;
				BUNDLE_LOADER = "$(TEST_HOST)";
				CLANG_ANALYZER_NONNULL = YES;
				CLANG_ANALYZER_NUMBER_OBJECT_CONVERSION = YES_AGGRESSIVE;
				CLANG_CXX_LANGUAGE_STANDARD = "gnu++17";
				CLANG_ENABLE_MODULES = YES;
				CLANG_ENABLE_OBJC_ARC = YES;
				CLANG_ENABLE_OBJC_WEAK = YES;
				CLANG_WARN_BLOCK_CAPTURE_AUTORELEASING = YES;
				CLANG_WARN_BOOL_CONVERSION = YES;
				CLANG_WARN_COMMA = YES;
				CLANG_WARN_CONSTANT_CONVERSION = YES;
				CLANG_WARN_DEPRECATED_OBJC_IMPLEMENTATIONS = YES;
				CLANG_WARN_DIRECT_OBJC_ISA_USAGE = YES_ERROR;
				CLANG_WARN_DOCUMENTATION_COMMENTS = YES;
				CLANG_WARN_EMPTY_BODY = YES;
				CLANG_WARN_ENUM_CONVERSION = YES;
				CLANG_WARN_INFINITE_RECURSION = YES;
				CLANG_WARN_INT_CONVERSION = YES;
				CLANG_WARN_NON_LITERAL_NULL_CONVERSION = YES;
				CLANG_WARN_OBJC_IMPLICIT_RETAIN_SELF = YES;
				CLANG_WARN_OBJC_LITERAL_CONVERSION = YES;
				CLANG_WARN_OBJC_ROOT_CLASS = YES_ERROR;
				CLANG_WARN_QUOTED_INCLUDE_IN_FRAMEWORK_HEADER = YES;
				CLANG_WARN_RANGE_LOOP_ANALYSIS = YES;
				CLANG_WARN_STRICT_PROTOTYPES = YES;
				CLANG_WARN_SUSPICIOUS_MOVE = YES;
				CLANG_WARN_UNGUARDED_AVAILABILITY = YES_AGGRESSIVE;
				CLANG_WARN_UNREACHABLE_CODE = YES;
				CLANG_WARN__DUPLICATE_METHOD_MATCH = YES;
				CODE_SIGN_STYLE = Automatic;
				COPY_PHASE_STRIP = NO;
				CURRENT_PROJECT_VERSION = 1;
				DEBUG_INFORMATION_FORMAT = dwarf;
				DEVELOPMENT_TEAM = WU2A259UNF;
				ENABLE_STRICT_OBJC_MSGSEND = YES;
				ENABLE_TESTABILITY = YES;
				GCC_C_LANGUAGE_STANDARD = gnu11;
				GCC_DYNAMIC_NO_PIC = NO;
				GCC_NO_COMMON_BLOCKS = YES;
				GCC_OPTIMIZATION_LEVEL = 0;
				GCC_PREPROCESSOR_DEFINITIONS = (
					"DEBUG=1",
					"$(inherited)",
				);
				GCC_WARN_64_TO_32_BIT_CONVERSION = YES;
				GCC_WARN_ABOUT_RETURN_TYPE = YES_ERROR;
				GCC_WARN_UNDECLARED_SELECTOR = YES;
				GCC_WARN_UNINITIALIZED_AUTOS = YES_AGGRESSIVE;
				GCC_WARN_UNUSED_FUNCTION = YES;
				GCC_WARN_UNUSED_VARIABLE = YES;
				GENERATE_INFOPLIST_FILE = YES;
				IPHONEOS_DEPLOYMENT_TARGET = 15.4;
				MARKETING_VERSION = 1.0;
				MTL_ENABLE_DEBUG_INFO = INCLUDE_SOURCE;
				MTL_FAST_MATH = YES;
				ONLY_ACTIVE_ARCH = YES;
				PRODUCT_BUNDLE_IDENTIFIER = com.zoe.UnitTests;
				PRODUCT_NAME = "$(TARGET_NAME)";
				SDKROOT = iphoneos;
				SWIFT_ACTIVE_COMPILATION_CONDITIONS = DEBUG;
				SWIFT_EMIT_LOC_STRINGS = NO;
				SWIFT_OPTIMIZATION_LEVEL = "-Onone";
				SWIFT_VERSION = 5.0;
				TARGETED_DEVICE_FAMILY = "1,2";
				TEST_HOST = "$(BUILT_PRODUCTS_DIR)/DigitalMarket.app/DigitalMarket";
			};
			name = "Debug Production";
		};
		DD3B393C28318F3600142C09 /* Release Development */ = {
			isa = XCBuildConfiguration;
			buildSettings = {
				ALWAYS_SEARCH_USER_PATHS = NO;
				BUNDLE_LOADER = "$(TEST_HOST)";
				CLANG_ANALYZER_NONNULL = YES;
				CLANG_ANALYZER_NUMBER_OBJECT_CONVERSION = YES_AGGRESSIVE;
				CLANG_CXX_LANGUAGE_STANDARD = "gnu++17";
				CLANG_ENABLE_MODULES = YES;
				CLANG_ENABLE_OBJC_ARC = YES;
				CLANG_ENABLE_OBJC_WEAK = YES;
				CLANG_WARN_BLOCK_CAPTURE_AUTORELEASING = YES;
				CLANG_WARN_BOOL_CONVERSION = YES;
				CLANG_WARN_COMMA = YES;
				CLANG_WARN_CONSTANT_CONVERSION = YES;
				CLANG_WARN_DEPRECATED_OBJC_IMPLEMENTATIONS = YES;
				CLANG_WARN_DIRECT_OBJC_ISA_USAGE = YES_ERROR;
				CLANG_WARN_DOCUMENTATION_COMMENTS = YES;
				CLANG_WARN_EMPTY_BODY = YES;
				CLANG_WARN_ENUM_CONVERSION = YES;
				CLANG_WARN_INFINITE_RECURSION = YES;
				CLANG_WARN_INT_CONVERSION = YES;
				CLANG_WARN_NON_LITERAL_NULL_CONVERSION = YES;
				CLANG_WARN_OBJC_IMPLICIT_RETAIN_SELF = YES;
				CLANG_WARN_OBJC_LITERAL_CONVERSION = YES;
				CLANG_WARN_OBJC_ROOT_CLASS = YES_ERROR;
				CLANG_WARN_QUOTED_INCLUDE_IN_FRAMEWORK_HEADER = YES;
				CLANG_WARN_RANGE_LOOP_ANALYSIS = YES;
				CLANG_WARN_STRICT_PROTOTYPES = YES;
				CLANG_WARN_SUSPICIOUS_MOVE = YES;
				CLANG_WARN_UNGUARDED_AVAILABILITY = YES_AGGRESSIVE;
				CLANG_WARN_UNREACHABLE_CODE = YES;
				CLANG_WARN__DUPLICATE_METHOD_MATCH = YES;
				CODE_SIGN_STYLE = Automatic;
				COPY_PHASE_STRIP = NO;
				CURRENT_PROJECT_VERSION = 1;
				DEBUG_INFORMATION_FORMAT = "dwarf-with-dsym";
				DEVELOPMENT_TEAM = WU2A259UNF;
				ENABLE_NS_ASSERTIONS = NO;
				ENABLE_STRICT_OBJC_MSGSEND = YES;
				GCC_C_LANGUAGE_STANDARD = gnu11;
				GCC_NO_COMMON_BLOCKS = YES;
				GCC_WARN_64_TO_32_BIT_CONVERSION = YES;
				GCC_WARN_ABOUT_RETURN_TYPE = YES_ERROR;
				GCC_WARN_UNDECLARED_SELECTOR = YES;
				GCC_WARN_UNINITIALIZED_AUTOS = YES_AGGRESSIVE;
				GCC_WARN_UNUSED_FUNCTION = YES;
				GCC_WARN_UNUSED_VARIABLE = YES;
				GENERATE_INFOPLIST_FILE = YES;
				IPHONEOS_DEPLOYMENT_TARGET = 15.4;
				MARKETING_VERSION = 1.0;
				MTL_ENABLE_DEBUG_INFO = NO;
				MTL_FAST_MATH = YES;
				PRODUCT_BUNDLE_IDENTIFIER = com.zoe.UnitTests;
				PRODUCT_NAME = "$(TARGET_NAME)";
				SDKROOT = iphoneos;
				SWIFT_COMPILATION_MODE = wholemodule;
				SWIFT_EMIT_LOC_STRINGS = NO;
				SWIFT_OPTIMIZATION_LEVEL = "-O";
				SWIFT_VERSION = 5.0;
				TARGETED_DEVICE_FAMILY = "1,2";
				TEST_HOST = "$(BUILT_PRODUCTS_DIR)/DigitalMarket.app/DigitalMarket";
				VALIDATE_PRODUCT = YES;
			};
			name = "Release Development";
		};
		DD3B393D28318F3600142C09 /* Release Production */ = {
			isa = XCBuildConfiguration;
			buildSettings = {
				ALWAYS_SEARCH_USER_PATHS = NO;
				BUNDLE_LOADER = "$(TEST_HOST)";
				CLANG_ANALYZER_NONNULL = YES;
				CLANG_ANALYZER_NUMBER_OBJECT_CONVERSION = YES_AGGRESSIVE;
				CLANG_CXX_LANGUAGE_STANDARD = "gnu++17";
				CLANG_ENABLE_MODULES = YES;
				CLANG_ENABLE_OBJC_ARC = YES;
				CLANG_ENABLE_OBJC_WEAK = YES;
				CLANG_WARN_BLOCK_CAPTURE_AUTORELEASING = YES;
				CLANG_WARN_BOOL_CONVERSION = YES;
				CLANG_WARN_COMMA = YES;
				CLANG_WARN_CONSTANT_CONVERSION = YES;
				CLANG_WARN_DEPRECATED_OBJC_IMPLEMENTATIONS = YES;
				CLANG_WARN_DIRECT_OBJC_ISA_USAGE = YES_ERROR;
				CLANG_WARN_DOCUMENTATION_COMMENTS = YES;
				CLANG_WARN_EMPTY_BODY = YES;
				CLANG_WARN_ENUM_CONVERSION = YES;
				CLANG_WARN_INFINITE_RECURSION = YES;
				CLANG_WARN_INT_CONVERSION = YES;
				CLANG_WARN_NON_LITERAL_NULL_CONVERSION = YES;
				CLANG_WARN_OBJC_IMPLICIT_RETAIN_SELF = YES;
				CLANG_WARN_OBJC_LITERAL_CONVERSION = YES;
				CLANG_WARN_OBJC_ROOT_CLASS = YES_ERROR;
				CLANG_WARN_QUOTED_INCLUDE_IN_FRAMEWORK_HEADER = YES;
				CLANG_WARN_RANGE_LOOP_ANALYSIS = YES;
				CLANG_WARN_STRICT_PROTOTYPES = YES;
				CLANG_WARN_SUSPICIOUS_MOVE = YES;
				CLANG_WARN_UNGUARDED_AVAILABILITY = YES_AGGRESSIVE;
				CLANG_WARN_UNREACHABLE_CODE = YES;
				CLANG_WARN__DUPLICATE_METHOD_MATCH = YES;
				CODE_SIGN_STYLE = Automatic;
				COPY_PHASE_STRIP = NO;
				CURRENT_PROJECT_VERSION = 1;
				DEBUG_INFORMATION_FORMAT = "dwarf-with-dsym";
				DEVELOPMENT_TEAM = WU2A259UNF;
				ENABLE_NS_ASSERTIONS = NO;
				ENABLE_STRICT_OBJC_MSGSEND = YES;
				GCC_C_LANGUAGE_STANDARD = gnu11;
				GCC_NO_COMMON_BLOCKS = YES;
				GCC_WARN_64_TO_32_BIT_CONVERSION = YES;
				GCC_WARN_ABOUT_RETURN_TYPE = YES_ERROR;
				GCC_WARN_UNDECLARED_SELECTOR = YES;
				GCC_WARN_UNINITIALIZED_AUTOS = YES_AGGRESSIVE;
				GCC_WARN_UNUSED_FUNCTION = YES;
				GCC_WARN_UNUSED_VARIABLE = YES;
				GENERATE_INFOPLIST_FILE = YES;
				IPHONEOS_DEPLOYMENT_TARGET = 15.4;
				MARKETING_VERSION = 1.0;
				MTL_ENABLE_DEBUG_INFO = NO;
				MTL_FAST_MATH = YES;
				PRODUCT_BUNDLE_IDENTIFIER = com.zoe.UnitTests;
				PRODUCT_NAME = "$(TARGET_NAME)";
				SDKROOT = iphoneos;
				SWIFT_COMPILATION_MODE = wholemodule;
				SWIFT_EMIT_LOC_STRINGS = NO;
				SWIFT_OPTIMIZATION_LEVEL = "-O";
				SWIFT_VERSION = 5.0;
				TARGETED_DEVICE_FAMILY = "1,2";
				TEST_HOST = "$(BUILT_PRODUCTS_DIR)/DigitalMarket.app/DigitalMarket";
				VALIDATE_PRODUCT = YES;
			};
			name = "Release Production";
		};
		DD6580FD280B552400AAE685 /* Debug Production */ = {
			isa = XCBuildConfiguration;
			baseConfigurationReference = DD658109280B6F0B00AAE685 /* Base.xcconfig */;
			buildSettings = {
				ALWAYS_SEARCH_USER_PATHS = NO;
				CLANG_ANALYZER_NONNULL = YES;
				CLANG_ANALYZER_NUMBER_OBJECT_CONVERSION = YES_AGGRESSIVE;
				CLANG_CXX_LANGUAGE_STANDARD = "gnu++17";
				CLANG_CXX_LIBRARY = "libc++";
				CLANG_ENABLE_MODULES = YES;
				CLANG_ENABLE_OBJC_ARC = YES;
				CLANG_ENABLE_OBJC_WEAK = YES;
				CLANG_WARN_BLOCK_CAPTURE_AUTORELEASING = YES;
				CLANG_WARN_BOOL_CONVERSION = YES;
				CLANG_WARN_COMMA = YES;
				CLANG_WARN_CONSTANT_CONVERSION = YES;
				CLANG_WARN_DEPRECATED_OBJC_IMPLEMENTATIONS = YES;
				CLANG_WARN_DIRECT_OBJC_ISA_USAGE = YES_ERROR;
				CLANG_WARN_DOCUMENTATION_COMMENTS = YES;
				CLANG_WARN_EMPTY_BODY = YES;
				CLANG_WARN_ENUM_CONVERSION = YES;
				CLANG_WARN_INFINITE_RECURSION = YES;
				CLANG_WARN_INT_CONVERSION = YES;
				CLANG_WARN_NON_LITERAL_NULL_CONVERSION = YES;
				CLANG_WARN_OBJC_IMPLICIT_RETAIN_SELF = YES;
				CLANG_WARN_OBJC_LITERAL_CONVERSION = YES;
				CLANG_WARN_OBJC_ROOT_CLASS = YES_ERROR;
				CLANG_WARN_QUOTED_INCLUDE_IN_FRAMEWORK_HEADER = YES;
				CLANG_WARN_RANGE_LOOP_ANALYSIS = YES;
				CLANG_WARN_STRICT_PROTOTYPES = YES;
				CLANG_WARN_SUSPICIOUS_MOVE = YES;
				CLANG_WARN_UNGUARDED_AVAILABILITY = YES_AGGRESSIVE;
				CLANG_WARN_UNREACHABLE_CODE = YES;
				CLANG_WARN__DUPLICATE_METHOD_MATCH = YES;
				COPY_PHASE_STRIP = NO;
				DEBUG_INFORMATION_FORMAT = dwarf;
				ENABLE_STRICT_OBJC_MSGSEND = YES;
				ENABLE_TESTABILITY = YES;
				GCC_C_LANGUAGE_STANDARD = gnu11;
				GCC_DYNAMIC_NO_PIC = NO;
				GCC_NO_COMMON_BLOCKS = YES;
				GCC_OPTIMIZATION_LEVEL = 0;
				GCC_PREPROCESSOR_DEFINITIONS = (
					"DEBUG=1",
					"$(inherited)",
				);
				GCC_WARN_64_TO_32_BIT_CONVERSION = YES;
				GCC_WARN_ABOUT_RETURN_TYPE = YES_ERROR;
				GCC_WARN_UNDECLARED_SELECTOR = YES;
				GCC_WARN_UNINITIALIZED_AUTOS = YES_AGGRESSIVE;
				GCC_WARN_UNUSED_FUNCTION = YES;
				GCC_WARN_UNUSED_VARIABLE = YES;
				MTL_ENABLE_DEBUG_INFO = INCLUDE_SOURCE;
				MTL_FAST_MATH = YES;
				ONLY_ACTIVE_ARCH = YES;
				SWIFT_ACTIVE_COMPILATION_CONDITIONS = DEBUG;
				SWIFT_OPTIMIZATION_LEVEL = "-Onone";
			};
			name = "Debug Production";
		};
		DD6580FE280B552400AAE685 /* Debug Production */ = {
			isa = XCBuildConfiguration;
			baseConfigurationReference = DD658107280B60E800AAE685 /* Production.xcconfig */;
			buildSettings = {
				ASSETCATALOG_COMPILER_APPICON_NAME = AppIcon;
				ASSETCATALOG_COMPILER_GLOBAL_ACCENT_COLOR_NAME = AccentColor;
				CODE_SIGN_STYLE = Automatic;
				CURRENT_PROJECT_VERSION = 1;
				DEVELOPMENT_TEAM = WU2A259UNF;
				ENABLE_PREVIEWS = YES;
				GENERATE_INFOPLIST_FILE = YES;
				INFOPLIST_FILE = "DigitalMarket--iOS--Info.plist";
				INFOPLIST_KEY_UIApplicationSceneManifest_Generation = YES;
				INFOPLIST_KEY_UIApplicationSupportsIndirectInputEvents = YES;
				INFOPLIST_KEY_UILaunchScreen_Generation = YES;
				INFOPLIST_KEY_UISupportedInterfaceOrientations = UIInterfaceOrientationPortrait;
				INFOPLIST_KEY_UISupportedInterfaceOrientations_iPad = "UIInterfaceOrientationPortrait UIInterfaceOrientationPortraitUpsideDown UIInterfaceOrientationLandscapeLeft UIInterfaceOrientationLandscapeRight";
				INFOPLIST_KEY_UISupportedInterfaceOrientations_iPhone = "UIInterfaceOrientationPortrait UIInterfaceOrientationLandscapeLeft UIInterfaceOrientationLandscapeRight";
				INFOPLIST_KEY_UIUserInterfaceStyle = Light;
				IPHONEOS_DEPLOYMENT_TARGET = 15.0;
				LD_RUNPATH_SEARCH_PATHS = (
					"$(inherited)",
					"@executable_path/Frameworks",
				);
				MARKETING_VERSION = 1.0;
				PRODUCT_BUNDLE_IDENTIFIER = com.zoe.dam.debug.prod;
				PRODUCT_NAME = DigitalMarket;
				SDKROOT = iphoneos;
				SWIFT_EMIT_LOC_STRINGS = YES;
				SWIFT_VERSION = 5.0;
				TARGETED_DEVICE_FAMILY = "1,2";
			};
			name = "Debug Production";
		};
		DD6580FF280B552400AAE685 /* Debug Production */ = {
			isa = XCBuildConfiguration;
			baseConfigurationReference = DD658107280B60E800AAE685 /* Production.xcconfig */;
			buildSettings = {
				ASSETCATALOG_COMPILER_APPICON_NAME = AppIcon;
				ASSETCATALOG_COMPILER_GLOBAL_ACCENT_COLOR_NAME = AccentColor;
				CODE_SIGN_ENTITLEMENTS = macOS/macOS.entitlements;
				CODE_SIGN_IDENTITY = "-";
				CODE_SIGN_STYLE = Automatic;
				COMBINE_HIDPI_IMAGES = YES;
				CURRENT_PROJECT_VERSION = 1;
				DEVELOPMENT_TEAM = WU2A259UNF;
				ENABLE_HARDENED_RUNTIME = YES;
				ENABLE_PREVIEWS = YES;
				GENERATE_INFOPLIST_FILE = YES;
				INFOPLIST_KEY_NSHumanReadableCopyright = "";
				LD_RUNPATH_SEARCH_PATHS = (
					"$(inherited)",
					"@executable_path/../Frameworks",
				);
				MACOSX_DEPLOYMENT_TARGET = 12.0;
				MARKETING_VERSION = 1.0;
				PRODUCT_BUNDLE_IDENTIFIER = com.zoe.DigitalMarket;
				PRODUCT_NAME = DigitalMarket;
				SDKROOT = macosx;
				SWIFT_EMIT_LOC_STRINGS = YES;
				SWIFT_VERSION = 5.0;
			};
			name = "Debug Production";
		};
		DD658102280B552900AAE685 /* Release Production */ = {
			isa = XCBuildConfiguration;
			baseConfigurationReference = DD658109280B6F0B00AAE685 /* Base.xcconfig */;
			buildSettings = {
				ALWAYS_SEARCH_USER_PATHS = NO;
				CLANG_ANALYZER_NONNULL = YES;
				CLANG_ANALYZER_NUMBER_OBJECT_CONVERSION = YES_AGGRESSIVE;
				CLANG_CXX_LANGUAGE_STANDARD = "gnu++17";
				CLANG_CXX_LIBRARY = "libc++";
				CLANG_ENABLE_MODULES = YES;
				CLANG_ENABLE_OBJC_ARC = YES;
				CLANG_ENABLE_OBJC_WEAK = YES;
				CLANG_WARN_BLOCK_CAPTURE_AUTORELEASING = YES;
				CLANG_WARN_BOOL_CONVERSION = YES;
				CLANG_WARN_COMMA = YES;
				CLANG_WARN_CONSTANT_CONVERSION = YES;
				CLANG_WARN_DEPRECATED_OBJC_IMPLEMENTATIONS = YES;
				CLANG_WARN_DIRECT_OBJC_ISA_USAGE = YES_ERROR;
				CLANG_WARN_DOCUMENTATION_COMMENTS = YES;
				CLANG_WARN_EMPTY_BODY = YES;
				CLANG_WARN_ENUM_CONVERSION = YES;
				CLANG_WARN_INFINITE_RECURSION = YES;
				CLANG_WARN_INT_CONVERSION = YES;
				CLANG_WARN_NON_LITERAL_NULL_CONVERSION = YES;
				CLANG_WARN_OBJC_IMPLICIT_RETAIN_SELF = YES;
				CLANG_WARN_OBJC_LITERAL_CONVERSION = YES;
				CLANG_WARN_OBJC_ROOT_CLASS = YES_ERROR;
				CLANG_WARN_QUOTED_INCLUDE_IN_FRAMEWORK_HEADER = YES;
				CLANG_WARN_RANGE_LOOP_ANALYSIS = YES;
				CLANG_WARN_STRICT_PROTOTYPES = YES;
				CLANG_WARN_SUSPICIOUS_MOVE = YES;
				CLANG_WARN_UNGUARDED_AVAILABILITY = YES_AGGRESSIVE;
				CLANG_WARN_UNREACHABLE_CODE = YES;
				CLANG_WARN__DUPLICATE_METHOD_MATCH = YES;
				COPY_PHASE_STRIP = NO;
				DEBUG_INFORMATION_FORMAT = "dwarf-with-dsym";
				ENABLE_NS_ASSERTIONS = NO;
				ENABLE_STRICT_OBJC_MSGSEND = YES;
				GCC_C_LANGUAGE_STANDARD = gnu11;
				GCC_NO_COMMON_BLOCKS = YES;
				GCC_WARN_64_TO_32_BIT_CONVERSION = YES;
				GCC_WARN_ABOUT_RETURN_TYPE = YES_ERROR;
				GCC_WARN_UNDECLARED_SELECTOR = YES;
				GCC_WARN_UNINITIALIZED_AUTOS = YES_AGGRESSIVE;
				GCC_WARN_UNUSED_FUNCTION = YES;
				GCC_WARN_UNUSED_VARIABLE = YES;
				MTL_ENABLE_DEBUG_INFO = NO;
				MTL_FAST_MATH = YES;
				SWIFT_COMPILATION_MODE = wholemodule;
				SWIFT_OPTIMIZATION_LEVEL = "-O";
			};
			name = "Release Production";
		};
		DD658103280B552900AAE685 /* Release Production */ = {
			isa = XCBuildConfiguration;
			baseConfigurationReference = DD658107280B60E800AAE685 /* Production.xcconfig */;
			buildSettings = {
				ASSETCATALOG_COMPILER_APPICON_NAME = AppIcon;
				ASSETCATALOG_COMPILER_GLOBAL_ACCENT_COLOR_NAME = AccentColor;
				CODE_SIGN_STYLE = Automatic;
				CURRENT_PROJECT_VERSION = 1;
				DEVELOPMENT_TEAM = WU2A259UNF;
				ENABLE_PREVIEWS = YES;
				GENERATE_INFOPLIST_FILE = YES;
				INFOPLIST_FILE = "DigitalMarket--iOS--Info.plist";
				INFOPLIST_KEY_UIApplicationSceneManifest_Generation = YES;
				INFOPLIST_KEY_UIApplicationSupportsIndirectInputEvents = YES;
				INFOPLIST_KEY_UILaunchScreen_Generation = YES;
				INFOPLIST_KEY_UISupportedInterfaceOrientations = UIInterfaceOrientationPortrait;
				INFOPLIST_KEY_UISupportedInterfaceOrientations_iPad = "UIInterfaceOrientationPortrait UIInterfaceOrientationPortraitUpsideDown UIInterfaceOrientationLandscapeLeft UIInterfaceOrientationLandscapeRight";
				INFOPLIST_KEY_UISupportedInterfaceOrientations_iPhone = "UIInterfaceOrientationPortrait UIInterfaceOrientationLandscapeLeft UIInterfaceOrientationLandscapeRight";
				INFOPLIST_KEY_UIUserInterfaceStyle = Light;
				IPHONEOS_DEPLOYMENT_TARGET = 15.0;
				LD_RUNPATH_SEARCH_PATHS = (
					"$(inherited)",
					"@executable_path/Frameworks",
				);
				MARKETING_VERSION = 1.0;
				PRODUCT_BUNDLE_IDENTIFIER = com.zoe.dam.release.prod;
				PRODUCT_NAME = DigitalMarket;
				SDKROOT = iphoneos;
				SWIFT_EMIT_LOC_STRINGS = YES;
				SWIFT_VERSION = 5.0;
				TARGETED_DEVICE_FAMILY = "1,2";
				VALIDATE_PRODUCT = YES;
			};
			name = "Release Production";
		};
		DD658104280B552900AAE685 /* Release Production */ = {
			isa = XCBuildConfiguration;
			baseConfigurationReference = DD658107280B60E800AAE685 /* Production.xcconfig */;
			buildSettings = {
				ASSETCATALOG_COMPILER_APPICON_NAME = AppIcon;
				ASSETCATALOG_COMPILER_GLOBAL_ACCENT_COLOR_NAME = AccentColor;
				CODE_SIGN_ENTITLEMENTS = macOS/macOS.entitlements;
				CODE_SIGN_IDENTITY = "-";
				CODE_SIGN_STYLE = Automatic;
				COMBINE_HIDPI_IMAGES = YES;
				CURRENT_PROJECT_VERSION = 1;
				DEVELOPMENT_TEAM = WU2A259UNF;
				ENABLE_HARDENED_RUNTIME = YES;
				ENABLE_PREVIEWS = YES;
				GENERATE_INFOPLIST_FILE = YES;
				INFOPLIST_KEY_NSHumanReadableCopyright = "";
				LD_RUNPATH_SEARCH_PATHS = (
					"$(inherited)",
					"@executable_path/../Frameworks",
				);
				MACOSX_DEPLOYMENT_TARGET = 12.0;
				MARKETING_VERSION = 1.0;
				PRODUCT_BUNDLE_IDENTIFIER = com.zoe.DigitalMarket;
				PRODUCT_NAME = DigitalMarket;
				SDKROOT = macosx;
				SWIFT_EMIT_LOC_STRINGS = YES;
				SWIFT_VERSION = 5.0;
			};
			name = "Release Production";
		};
		DDF0243428347EBF00C4F49D /* Debug Development */ = {
			isa = XCBuildConfiguration;
			buildSettings = {
				ALWAYS_SEARCH_USER_PATHS = NO;
				CLANG_ANALYZER_NONNULL = YES;
				CLANG_ANALYZER_NUMBER_OBJECT_CONVERSION = YES_AGGRESSIVE;
				CLANG_CXX_LANGUAGE_STANDARD = "gnu++17";
				CLANG_ENABLE_MODULES = YES;
				CLANG_ENABLE_OBJC_ARC = YES;
				CLANG_ENABLE_OBJC_WEAK = YES;
				CLANG_WARN_BLOCK_CAPTURE_AUTORELEASING = YES;
				CLANG_WARN_BOOL_CONVERSION = YES;
				CLANG_WARN_COMMA = YES;
				CLANG_WARN_CONSTANT_CONVERSION = YES;
				CLANG_WARN_DEPRECATED_OBJC_IMPLEMENTATIONS = YES;
				CLANG_WARN_DIRECT_OBJC_ISA_USAGE = YES_ERROR;
				CLANG_WARN_DOCUMENTATION_COMMENTS = YES;
				CLANG_WARN_EMPTY_BODY = YES;
				CLANG_WARN_ENUM_CONVERSION = YES;
				CLANG_WARN_INFINITE_RECURSION = YES;
				CLANG_WARN_INT_CONVERSION = YES;
				CLANG_WARN_NON_LITERAL_NULL_CONVERSION = YES;
				CLANG_WARN_OBJC_IMPLICIT_RETAIN_SELF = YES;
				CLANG_WARN_OBJC_LITERAL_CONVERSION = YES;
				CLANG_WARN_OBJC_ROOT_CLASS = YES_ERROR;
				CLANG_WARN_QUOTED_INCLUDE_IN_FRAMEWORK_HEADER = YES;
				CLANG_WARN_RANGE_LOOP_ANALYSIS = YES;
				CLANG_WARN_STRICT_PROTOTYPES = YES;
				CLANG_WARN_SUSPICIOUS_MOVE = YES;
				CLANG_WARN_UNGUARDED_AVAILABILITY = YES_AGGRESSIVE;
				CLANG_WARN_UNREACHABLE_CODE = YES;
				CLANG_WARN__DUPLICATE_METHOD_MATCH = YES;
				CODE_SIGN_STYLE = Automatic;
				COPY_PHASE_STRIP = NO;
				CURRENT_PROJECT_VERSION = 1;
				DEBUG_INFORMATION_FORMAT = dwarf;
				DEVELOPMENT_TEAM = WU2A259UNF;
				ENABLE_STRICT_OBJC_MSGSEND = YES;
				ENABLE_TESTABILITY = YES;
				GCC_C_LANGUAGE_STANDARD = gnu11;
				GCC_DYNAMIC_NO_PIC = NO;
				GCC_NO_COMMON_BLOCKS = YES;
				GCC_OPTIMIZATION_LEVEL = 0;
				GCC_PREPROCESSOR_DEFINITIONS = (
					"DEBUG=1",
					"$(inherited)",
				);
				GCC_WARN_64_TO_32_BIT_CONVERSION = YES;
				GCC_WARN_ABOUT_RETURN_TYPE = YES_ERROR;
				GCC_WARN_UNDECLARED_SELECTOR = YES;
				GCC_WARN_UNINITIALIZED_AUTOS = YES_AGGRESSIVE;
				GCC_WARN_UNUSED_FUNCTION = YES;
				GCC_WARN_UNUSED_VARIABLE = YES;
				GENERATE_INFOPLIST_FILE = YES;
				IPHONEOS_DEPLOYMENT_TARGET = 15.4;
				MARKETING_VERSION = 1.0;
				MTL_ENABLE_DEBUG_INFO = INCLUDE_SOURCE;
				MTL_FAST_MATH = YES;
				ONLY_ACTIVE_ARCH = YES;
				PRODUCT_BUNDLE_IDENTIFIER = com.zoe.DigitalMarketUITests;
				PRODUCT_NAME = "$(TARGET_NAME)";
				SDKROOT = iphoneos;
				SWIFT_ACTIVE_COMPILATION_CONDITIONS = DEBUG;
				SWIFT_EMIT_LOC_STRINGS = NO;
				SWIFT_OPTIMIZATION_LEVEL = "-Onone";
				SWIFT_VERSION = 5.0;
				TARGETED_DEVICE_FAMILY = "1,2";
				TEST_TARGET_NAME = "DigitalMarket (iOS)";
			};
			name = "Debug Development";
		};
		DDF0243528347EBF00C4F49D /* Debug Production */ = {
			isa = XCBuildConfiguration;
			buildSettings = {
				ALWAYS_SEARCH_USER_PATHS = NO;
				CLANG_ANALYZER_NONNULL = YES;
				CLANG_ANALYZER_NUMBER_OBJECT_CONVERSION = YES_AGGRESSIVE;
				CLANG_CXX_LANGUAGE_STANDARD = "gnu++17";
				CLANG_ENABLE_MODULES = YES;
				CLANG_ENABLE_OBJC_ARC = YES;
				CLANG_ENABLE_OBJC_WEAK = YES;
				CLANG_WARN_BLOCK_CAPTURE_AUTORELEASING = YES;
				CLANG_WARN_BOOL_CONVERSION = YES;
				CLANG_WARN_COMMA = YES;
				CLANG_WARN_CONSTANT_CONVERSION = YES;
				CLANG_WARN_DEPRECATED_OBJC_IMPLEMENTATIONS = YES;
				CLANG_WARN_DIRECT_OBJC_ISA_USAGE = YES_ERROR;
				CLANG_WARN_DOCUMENTATION_COMMENTS = YES;
				CLANG_WARN_EMPTY_BODY = YES;
				CLANG_WARN_ENUM_CONVERSION = YES;
				CLANG_WARN_INFINITE_RECURSION = YES;
				CLANG_WARN_INT_CONVERSION = YES;
				CLANG_WARN_NON_LITERAL_NULL_CONVERSION = YES;
				CLANG_WARN_OBJC_IMPLICIT_RETAIN_SELF = YES;
				CLANG_WARN_OBJC_LITERAL_CONVERSION = YES;
				CLANG_WARN_OBJC_ROOT_CLASS = YES_ERROR;
				CLANG_WARN_QUOTED_INCLUDE_IN_FRAMEWORK_HEADER = YES;
				CLANG_WARN_RANGE_LOOP_ANALYSIS = YES;
				CLANG_WARN_STRICT_PROTOTYPES = YES;
				CLANG_WARN_SUSPICIOUS_MOVE = YES;
				CLANG_WARN_UNGUARDED_AVAILABILITY = YES_AGGRESSIVE;
				CLANG_WARN_UNREACHABLE_CODE = YES;
				CLANG_WARN__DUPLICATE_METHOD_MATCH = YES;
				CODE_SIGN_STYLE = Automatic;
				COPY_PHASE_STRIP = NO;
				CURRENT_PROJECT_VERSION = 1;
				DEBUG_INFORMATION_FORMAT = dwarf;
				DEVELOPMENT_TEAM = WU2A259UNF;
				ENABLE_STRICT_OBJC_MSGSEND = YES;
				ENABLE_TESTABILITY = YES;
				GCC_C_LANGUAGE_STANDARD = gnu11;
				GCC_DYNAMIC_NO_PIC = NO;
				GCC_NO_COMMON_BLOCKS = YES;
				GCC_OPTIMIZATION_LEVEL = 0;
				GCC_PREPROCESSOR_DEFINITIONS = (
					"DEBUG=1",
					"$(inherited)",
				);
				GCC_WARN_64_TO_32_BIT_CONVERSION = YES;
				GCC_WARN_ABOUT_RETURN_TYPE = YES_ERROR;
				GCC_WARN_UNDECLARED_SELECTOR = YES;
				GCC_WARN_UNINITIALIZED_AUTOS = YES_AGGRESSIVE;
				GCC_WARN_UNUSED_FUNCTION = YES;
				GCC_WARN_UNUSED_VARIABLE = YES;
				GENERATE_INFOPLIST_FILE = YES;
				IPHONEOS_DEPLOYMENT_TARGET = 15.4;
				MARKETING_VERSION = 1.0;
				MTL_ENABLE_DEBUG_INFO = INCLUDE_SOURCE;
				MTL_FAST_MATH = YES;
				ONLY_ACTIVE_ARCH = YES;
				PRODUCT_BUNDLE_IDENTIFIER = com.zoe.DigitalMarketUITests;
				PRODUCT_NAME = "$(TARGET_NAME)";
				SDKROOT = iphoneos;
				SWIFT_ACTIVE_COMPILATION_CONDITIONS = DEBUG;
				SWIFT_EMIT_LOC_STRINGS = NO;
				SWIFT_OPTIMIZATION_LEVEL = "-Onone";
				SWIFT_VERSION = 5.0;
				TARGETED_DEVICE_FAMILY = "1,2";
				TEST_TARGET_NAME = "DigitalMarket (iOS)";
			};
			name = "Debug Production";
		};
		DDF0243628347EBF00C4F49D /* Release Development */ = {
			isa = XCBuildConfiguration;
			buildSettings = {
				ALWAYS_SEARCH_USER_PATHS = NO;
				CLANG_ANALYZER_NONNULL = YES;
				CLANG_ANALYZER_NUMBER_OBJECT_CONVERSION = YES_AGGRESSIVE;
				CLANG_CXX_LANGUAGE_STANDARD = "gnu++17";
				CLANG_ENABLE_MODULES = YES;
				CLANG_ENABLE_OBJC_ARC = YES;
				CLANG_ENABLE_OBJC_WEAK = YES;
				CLANG_WARN_BLOCK_CAPTURE_AUTORELEASING = YES;
				CLANG_WARN_BOOL_CONVERSION = YES;
				CLANG_WARN_COMMA = YES;
				CLANG_WARN_CONSTANT_CONVERSION = YES;
				CLANG_WARN_DEPRECATED_OBJC_IMPLEMENTATIONS = YES;
				CLANG_WARN_DIRECT_OBJC_ISA_USAGE = YES_ERROR;
				CLANG_WARN_DOCUMENTATION_COMMENTS = YES;
				CLANG_WARN_EMPTY_BODY = YES;
				CLANG_WARN_ENUM_CONVERSION = YES;
				CLANG_WARN_INFINITE_RECURSION = YES;
				CLANG_WARN_INT_CONVERSION = YES;
				CLANG_WARN_NON_LITERAL_NULL_CONVERSION = YES;
				CLANG_WARN_OBJC_IMPLICIT_RETAIN_SELF = YES;
				CLANG_WARN_OBJC_LITERAL_CONVERSION = YES;
				CLANG_WARN_OBJC_ROOT_CLASS = YES_ERROR;
				CLANG_WARN_QUOTED_INCLUDE_IN_FRAMEWORK_HEADER = YES;
				CLANG_WARN_RANGE_LOOP_ANALYSIS = YES;
				CLANG_WARN_STRICT_PROTOTYPES = YES;
				CLANG_WARN_SUSPICIOUS_MOVE = YES;
				CLANG_WARN_UNGUARDED_AVAILABILITY = YES_AGGRESSIVE;
				CLANG_WARN_UNREACHABLE_CODE = YES;
				CLANG_WARN__DUPLICATE_METHOD_MATCH = YES;
				CODE_SIGN_STYLE = Automatic;
				COPY_PHASE_STRIP = NO;
				CURRENT_PROJECT_VERSION = 1;
				DEBUG_INFORMATION_FORMAT = "dwarf-with-dsym";
				DEVELOPMENT_TEAM = WU2A259UNF;
				ENABLE_NS_ASSERTIONS = NO;
				ENABLE_STRICT_OBJC_MSGSEND = YES;
				GCC_C_LANGUAGE_STANDARD = gnu11;
				GCC_NO_COMMON_BLOCKS = YES;
				GCC_WARN_64_TO_32_BIT_CONVERSION = YES;
				GCC_WARN_ABOUT_RETURN_TYPE = YES_ERROR;
				GCC_WARN_UNDECLARED_SELECTOR = YES;
				GCC_WARN_UNINITIALIZED_AUTOS = YES_AGGRESSIVE;
				GCC_WARN_UNUSED_FUNCTION = YES;
				GCC_WARN_UNUSED_VARIABLE = YES;
				GENERATE_INFOPLIST_FILE = YES;
				IPHONEOS_DEPLOYMENT_TARGET = 15.4;
				MARKETING_VERSION = 1.0;
				MTL_ENABLE_DEBUG_INFO = NO;
				MTL_FAST_MATH = YES;
				PRODUCT_BUNDLE_IDENTIFIER = com.zoe.DigitalMarketUITests;
				PRODUCT_NAME = "$(TARGET_NAME)";
				SDKROOT = iphoneos;
				SWIFT_COMPILATION_MODE = wholemodule;
				SWIFT_EMIT_LOC_STRINGS = NO;
				SWIFT_OPTIMIZATION_LEVEL = "-O";
				SWIFT_VERSION = 5.0;
				TARGETED_DEVICE_FAMILY = "1,2";
				TEST_TARGET_NAME = "DigitalMarket (iOS)";
				VALIDATE_PRODUCT = YES;
			};
			name = "Release Development";
		};
		DDF0243728347EBF00C4F49D /* Release Production */ = {
			isa = XCBuildConfiguration;
			buildSettings = {
				ALWAYS_SEARCH_USER_PATHS = NO;
				CLANG_ANALYZER_NONNULL = YES;
				CLANG_ANALYZER_NUMBER_OBJECT_CONVERSION = YES_AGGRESSIVE;
				CLANG_CXX_LANGUAGE_STANDARD = "gnu++17";
				CLANG_ENABLE_MODULES = YES;
				CLANG_ENABLE_OBJC_ARC = YES;
				CLANG_ENABLE_OBJC_WEAK = YES;
				CLANG_WARN_BLOCK_CAPTURE_AUTORELEASING = YES;
				CLANG_WARN_BOOL_CONVERSION = YES;
				CLANG_WARN_COMMA = YES;
				CLANG_WARN_CONSTANT_CONVERSION = YES;
				CLANG_WARN_DEPRECATED_OBJC_IMPLEMENTATIONS = YES;
				CLANG_WARN_DIRECT_OBJC_ISA_USAGE = YES_ERROR;
				CLANG_WARN_DOCUMENTATION_COMMENTS = YES;
				CLANG_WARN_EMPTY_BODY = YES;
				CLANG_WARN_ENUM_CONVERSION = YES;
				CLANG_WARN_INFINITE_RECURSION = YES;
				CLANG_WARN_INT_CONVERSION = YES;
				CLANG_WARN_NON_LITERAL_NULL_CONVERSION = YES;
				CLANG_WARN_OBJC_IMPLICIT_RETAIN_SELF = YES;
				CLANG_WARN_OBJC_LITERAL_CONVERSION = YES;
				CLANG_WARN_OBJC_ROOT_CLASS = YES_ERROR;
				CLANG_WARN_QUOTED_INCLUDE_IN_FRAMEWORK_HEADER = YES;
				CLANG_WARN_RANGE_LOOP_ANALYSIS = YES;
				CLANG_WARN_STRICT_PROTOTYPES = YES;
				CLANG_WARN_SUSPICIOUS_MOVE = YES;
				CLANG_WARN_UNGUARDED_AVAILABILITY = YES_AGGRESSIVE;
				CLANG_WARN_UNREACHABLE_CODE = YES;
				CLANG_WARN__DUPLICATE_METHOD_MATCH = YES;
				CODE_SIGN_STYLE = Automatic;
				COPY_PHASE_STRIP = NO;
				CURRENT_PROJECT_VERSION = 1;
				DEBUG_INFORMATION_FORMAT = "dwarf-with-dsym";
				DEVELOPMENT_TEAM = WU2A259UNF;
				ENABLE_NS_ASSERTIONS = NO;
				ENABLE_STRICT_OBJC_MSGSEND = YES;
				GCC_C_LANGUAGE_STANDARD = gnu11;
				GCC_NO_COMMON_BLOCKS = YES;
				GCC_WARN_64_TO_32_BIT_CONVERSION = YES;
				GCC_WARN_ABOUT_RETURN_TYPE = YES_ERROR;
				GCC_WARN_UNDECLARED_SELECTOR = YES;
				GCC_WARN_UNINITIALIZED_AUTOS = YES_AGGRESSIVE;
				GCC_WARN_UNUSED_FUNCTION = YES;
				GCC_WARN_UNUSED_VARIABLE = YES;
				GENERATE_INFOPLIST_FILE = YES;
				IPHONEOS_DEPLOYMENT_TARGET = 15.4;
				MARKETING_VERSION = 1.0;
				MTL_ENABLE_DEBUG_INFO = NO;
				MTL_FAST_MATH = YES;
				PRODUCT_BUNDLE_IDENTIFIER = com.zoe.DigitalMarketUITests;
				PRODUCT_NAME = "$(TARGET_NAME)";
				SDKROOT = iphoneos;
				SWIFT_COMPILATION_MODE = wholemodule;
				SWIFT_EMIT_LOC_STRINGS = NO;
				SWIFT_OPTIMIZATION_LEVEL = "-O";
				SWIFT_VERSION = 5.0;
				TARGETED_DEVICE_FAMILY = "1,2";
				TEST_TARGET_NAME = "DigitalMarket (iOS)";
				VALIDATE_PRODUCT = YES;
			};
			name = "Release Production";
		};
/* End XCBuildConfiguration section */

/* Begin XCConfigurationList section */
		DD35E3D127FBC03200181D20 /* Build configuration list for PBXProject "DigitalMarket" */ = {
			isa = XCConfigurationList;
			buildConfigurations = (
				DD35E40127FBC03300181D20 /* Debug Development */,
				DD6580FD280B552400AAE685 /* Debug Production */,
				DD35E40227FBC03300181D20 /* Release Development */,
				DD658102280B552900AAE685 /* Release Production */,
			);
			defaultConfigurationIsVisible = 0;
			defaultConfigurationName = "Release Development";
		};
		DD35E40327FBC03300181D20 /* Build configuration list for PBXNativeTarget "DigitalMarket (iOS)" */ = {
			isa = XCConfigurationList;
			buildConfigurations = (
				DD35E40427FBC03300181D20 /* Debug Development */,
				DD6580FE280B552400AAE685 /* Debug Production */,
				DD35E40527FBC03300181D20 /* Release Development */,
				DD658103280B552900AAE685 /* Release Production */,
			);
			defaultConfigurationIsVisible = 0;
			defaultConfigurationName = "Release Development";
		};
		DD35E40627FBC03300181D20 /* Build configuration list for PBXNativeTarget "DigitalMarket (macOS)" */ = {
			isa = XCConfigurationList;
			buildConfigurations = (
				DD35E40727FBC03300181D20 /* Debug Development */,
				DD6580FF280B552400AAE685 /* Debug Production */,
				DD35E40827FBC03300181D20 /* Release Development */,
				DD658104280B552900AAE685 /* Release Production */,
			);
			defaultConfigurationIsVisible = 0;
			defaultConfigurationName = "Release Development";
		};
		DD3B393928318F3600142C09 /* Build configuration list for PBXNativeTarget "UnitTests" */ = {
			isa = XCConfigurationList;
			buildConfigurations = (
				DD3B393A28318F3600142C09 /* Debug Development */,
				DD3B393B28318F3600142C09 /* Debug Production */,
				DD3B393C28318F3600142C09 /* Release Development */,
				DD3B393D28318F3600142C09 /* Release Production */,
			);
			defaultConfigurationIsVisible = 0;
			defaultConfigurationName = "Release Development";
		};
		DDF0243328347EBF00C4F49D /* Build configuration list for PBXNativeTarget "DigitalMarketUITests" */ = {
			isa = XCConfigurationList;
			buildConfigurations = (
				DDF0243428347EBF00C4F49D /* Debug Development */,
				DDF0243528347EBF00C4F49D /* Debug Production */,
				DDF0243628347EBF00C4F49D /* Release Development */,
				DDF0243728347EBF00C4F49D /* Release Production */,
			);
			defaultConfigurationIsVisible = 0;
			defaultConfigurationName = "Release Development";
		};
/* End XCConfigurationList section */
	};
	rootObject = DD35E3CE27FBC03200181D20 /* Project object */;
}
